// !$*UTF8*$!
{
	archiveVersion = 1;
	classes = {
	};
	objectVersion = 56;
	objects = {

/* Begin PBXBuildFile section */
		069D174038784E019EFEA489 /* ContactSheetService.swift in Sources */ = {isa = PBXBuildFile; fileRef = 4789E07AA11E4A87B88B68F3 /* ContactSheetService.swift */; };
		16DDFAAB68A755A85E023264 /* LibRawDecoder.swift in Sources */ = {isa = PBXBuildFile; fileRef = 3306606A090F08DB9738BB61 /* LibRawDecoder.swift */; };
		1AFAF8F0102C4E9CB0A41550 /* MetadataEditorView.swift in Sources */ = {isa = PBXBuildFile; fileRef = 62BB3C9EADBC4817914C49F2 /* MetadataEditorView.swift */; };
		1F05414884699B73642AF15D /* UpdateView.swift in Sources */ = {isa = PBXBuildFile; fileRef = 94AD42C5A52672C7A1DE29F6 /* UpdateView.swift */; };
		2812FB343C1A4B86BA87ADCF /* ContactSheetView.swift in Sources */ = {isa = PBXBuildFile; fileRef = A24F2FA4B3F2468FA6426F35 /* ContactSheetView.swift */; };
		2AFCCDB6F3124685F4658A9E /* StatsDashboardView.swift in Sources */ = {isa = PBXBuildFile; fileRef = A3CF055E61383353C2CCA322 /* StatsDashboardView.swift */; };
		3CCCEDCEF523FCF37EDF6E3A /* TimelineView.swift in Sources */ = {isa = PBXBuildFile; fileRef = FE4B8111B82E42D81DC67D2E /* TimelineView.swift */; };
		49509F6E57E24C42A069B239 /* FilenameMatchingService.swift in Sources */ = {isa = PBXBuildFile; fileRef = B2A12130E1BE4A57BC7F1932 /* FilenameMatchingService.swift */; };
		4BFF8CBFEC087D25630A96C0 /* NIMAAesthetic.mlpackage in Resources */ = {isa = PBXBuildFile; fileRef = 81F5C27DF3F5D27545AA8F87 /* NIMAAesthetic.mlpackage */; };
		4BFF8CC000001001001010A0 /* MobileCLIPImage.mlpackage in Resources */ = {isa = PBXBuildFile; fileRef = 4BFF8CC000002001001010A0 /* MobileCLIPImage.mlpackage */; };
		4BFF8CC000001002001010A0 /* MobileCLIPText.mlpackage in Resources */ = {isa = PBXBuildFile; fileRef = 4BFF8CC000002002001010A0 /* MobileCLIPText.mlpackage */; };
		60033346D5E04D0AA2513D40 /* AISimilarityService.swift in Sources */ = {isa = PBXBuildFile; fileRef = F0AD92142A284546BD2E0466 /* AISimilarityService.swift */; };
		61FA4B8CA5F03745413B32EC /* UpdateService.swift in Sources */ = {isa = PBXBuildFile; fileRef = 832E4A569DDF734271ED6268 /* UpdateService.swift */; };
		6BB1A7FBB16933A68ECD3C22 /* MemoryCardBackupService.swift in Sources */ = {isa = PBXBuildFile; fileRef = C74A91831108ED991CD31ADE /* MemoryCardBackupService.swift */; };
		73661F58D4124E00ACAA3CC6 /* JPGReturnMatchingService.swift in Sources */ = {isa = PBXBuildFile; fileRef = F177AFEF49654E22BDB469B3 /* JPGReturnMatchingService.swift */; };
		80D5EC1226D34B2F86E1DDBF /* RAWConversionService.swift in Sources */ = {isa = PBXBuildFile; fileRef = C1432F55F1D147C6BD5D6B21 /* RAWConversionService.swift */; };
		82BD916A16474BDFB1437B22 /* AdvancedClassificationService.swift in Sources */ = {isa = PBXBuildFile; fileRef = 0F49722BE76942B09BE50E23 /* AdvancedClassificationService.swift */; };
		89FA514B7D900AA27EBE8B0B /* MemoryCardBackupView.swift in Sources */ = {isa = PBXBuildFile; fileRef = 915A24B2FA4BE98570A5A738 /* MemoryCardBackupView.swift */; };
		901A3228D9323CDAAA68F85F /* PerspectiveCorrectionService.swift in Sources */ = {isa = PBXBuildFile; fileRef = 1F28915B9DB29857371992AB /* PerspectiveCorrectionService.swift */; };
		939BDC2C189B4A2F8DBCE187 /* MatchingView.swift in Sources */ = {isa = PBXBuildFile; fileRef = 5997C658F4814B05A202D514 /* MatchingView.swift */; };
		A10001 /* PhotoRawManagerApp.swift in Sources */ = {isa = PBXBuildFile; fileRef = B10001 /* PhotoRawManagerApp.swift */; };
		A10002 /* ContentView.swift in Sources */ = {isa = PBXBuildFile; fileRef = B10002 /* ContentView.swift */; };
		A10003 /* PhotoItem.swift in Sources */ = {isa = PBXBuildFile; fileRef = B10003 /* PhotoItem.swift */; };
		A10004 /* PhotoStore.swift in Sources */ = {isa = PBXBuildFile; fileRef = B10004 /* PhotoStore.swift */; };
		NAV10001 /* NavigationCore.swift in Sources */ = {isa = PBXBuildFile; fileRef = NAV10002 /* NavigationCore.swift */; };
		A10005 /* FileMatchingService.swift in Sources */ = {isa = PBXBuildFile; fileRef = B10005 /* FileMatchingService.swift */; };
		A10006 /* ExifService.swift in Sources */ = {isa = PBXBuildFile; fileRef = B10006 /* ExifService.swift */; };
		A10007 /* FileCopyService.swift in Sources */ = {isa = PBXBuildFile; fileRef = B10007 /* FileCopyService.swift */; };
		A10008 /* ThumbnailGridView.swift in Sources */ = {isa = PBXBuildFile; fileRef = B10008 /* ThumbnailGridView.swift */; };
		A10009 /* PhotoPreviewView.swift in Sources */ = {isa = PBXBuildFile; fileRef = B10009 /* PhotoPreviewView.swift */; };
		PDS10001 /* PreviewDecodeScheduler.swift in Sources */ = {isa = PBXBuildFile; fileRef = PDS10002 /* PreviewDecodeScheduler.swift */; };
		PLP10001 /* PreviewLoadingPolicy.swift in Sources */ = {isa = PBXBuildFile; fileRef = PLP10002 /* PreviewLoadingPolicy.swift */; };
		PPL10001 /* PreviewPipeline.swift in Sources */ = {isa = PBXBuildFile; fileRef = PPL10002 /* PreviewPipeline.swift */; };
		A10010 /* StarRatingView.swift in Sources */ = {isa = PBXBuildFile; fileRef = B10010 /* StarRatingView.swift */; };
		A10011 /* ExifInfoView.swift in Sources */ = {isa = PBXBuildFile; fileRef = B10011 /* ExifInfoView.swift */; };
		A10012 /* ExportView.swift in Sources */ = {isa = PBXBuildFile; fileRef = B10012 /* ExportView.swift */; };
		A10013 /* Assets.xcassets in Resources */ = {isa = PBXBuildFile; fileRef = B10013 /* Assets.xcassets */; };
		A10014 /* ImageAnalysisService.swift in Sources */ = {isa = PBXBuildFile; fileRef = B10014 /* ImageAnalysisService.swift */; };
		A10015 /* ImageCorrectionService.swift in Sources */ = {isa = PBXBuildFile; fileRef = B10015 /* ImageCorrectionService.swift */; };
		A10017 /* AIAnalysisView.swift in Sources */ = {isa = PBXBuildFile; fileRef = B10017 /* AIAnalysisView.swift */; };
		A10018 /* SubscriptionManager.swift in Sources */ = {isa = PBXBuildFile; fileRef = B10018 /* SubscriptionManager.swift */; };
		A10019 /* PaywallView.swift in Sources */ = {isa = PBXBuildFile; fileRef = B10019 /* PaywallView.swift */; };
		A10020 /* ShortcutHelpView.swift in Sources */ = {isa = PBXBuildFile; fileRef = B10020 /* ShortcutHelpView.swift */; };
		A10021 /* HistogramView.swift in Sources */ = {isa = PBXBuildFile; fileRef = B10021 /* HistogramView.swift */; };
		A10022 /* CompareView.swift in Sources */ = {isa = PBXBuildFile; fileRef = B10022 /* CompareView.swift */; };
		A10023 /* SlideshowView.swift in Sources */ = {isa = PBXBuildFile; fileRef = B10023 /* SlideshowView.swift */; };
		A10024 /* TouchBarProvider.swift in Sources */ = {isa = PBXBuildFile; fileRef = B10024 /* TouchBarProvider.swift */; };
		A10025 /* FolderWatcherService.swift in Sources */ = {isa = PBXBuildFile; fileRef = B10025 /* FolderWatcherService.swift */; };
		A10026 /* AppTheme.swift in Sources */ = {isa = PBXBuildFile; fileRef = B10026 /* AppTheme.swift */; };
		A10027 /* FilmstripView.swift in Sources */ = {isa = PBXBuildFile; fileRef = B10027 /* FilmstripView.swift */; };
		A10028 /* BatchRenameView.swift in Sources */ = {isa = PBXBuildFile; fileRef = B10028 /* BatchRenameView.swift */; };
		A10029 /* MapView.swift in Sources */ = {isa = PBXBuildFile; fileRef = B10029 /* MapView.swift */; };
		A10030 /* FaceGroupingService.swift in Sources */ = {isa = PBXBuildFile; fileRef = B10030 /* FaceGroupingService.swift */; };
		A10032 /* GoogleDriveUploadView.swift in Sources */ = {isa = PBXBuildFile; fileRef = B10032 /* GoogleDriveUploadView.swift */; };
		A10033 /* AboutView.swift in Sources */ = {isa = PBXBuildFile; fileRef = B10033 /* AboutView.swift */; };
		A10056 /* NSThumbnailCollectionView.swift in Sources */ = {isa = PBXBuildFile; fileRef = B10056 /* NSThumbnailCollectionView.swift */; };
		AC814BFDBB2077853A9E8A48 /* VideoMarkerService.swift in Sources */ = {isa = PBXBuildFile; fileRef = E6484FA4B4C184B8BDE53E19 /* VideoMarkerService.swift */; };
		AE10001 /* AIEnhanceService.swift in Sources */ = {isa = PBXBuildFile; fileRef = AE10002 /* AIEnhanceService.swift */; };
		AF10001 /* AdaFaceService.swift in Sources */ = {isa = PBXBuildFile; fileRef = AF10002 /* AdaFaceService.swift */; };
		AF10003 /* AdaFaceR18.mlpackage in Resources */ = {isa = PBXBuildFile; fileRef = AF10004 /* AdaFaceR18.mlpackage */; };
		AI20001 /* APIUsageTracker.swift in Sources */ = {isa = PBXBuildFile; fileRef = AI20002 /* APIUsageTracker.swift */; };
		AI20003 /* ClaudeVisionService.swift in Sources */ = {isa = PBXBuildFile; fileRef = AI20004 /* ClaudeVisionService.swift */; };
		AI20005 /* GeminiService.swift in Sources */ = {isa = PBXBuildFile; fileRef = AI20006 /* GeminiService.swift */; };
		B20034 /* GSelectService.swift in Sources */ = {isa = PBXBuildFile; fileRef = A20034 /* GSelectService.swift */; };
		B20035 /* GSelectSetupView.swift in Sources */ = {isa = PBXBuildFile; fileRef = A20035 /* GSelectSetupView.swift */; };
		B20036 /* GSelectQRView.swift in Sources */ = {isa = PBXBuildFile; fileRef = A20036 /* GSelectQRView.swift */; };
		B20037 /* Logger.swift in Sources */ = {isa = PBXBuildFile; fileRef = A20037 /* Logger.swift */; };
		B20038 /* KeychainService.swift in Sources */ = {isa = PBXBuildFile; fileRef = A20038 /* KeychainService.swift */; };
		B20039 /* PickshotFileService.swift in Sources */ = {isa = PBXBuildFile; fileRef = A20039 /* PickshotFileService.swift */; };
		B20042 /* PerformanceMonitor.swift in Sources */ = {isa = PBXBuildFile; fileRef = A20042 /* PerformanceMonitor.swift */; };
		BDS30001 /* BurstDetectionService.swift in Sources */ = {isa = PBXBuildFile; fileRef = BDS30002 /* BurstDetectionService.swift */; };
		BP10001 /* BatchProcessService.swift in Sources */ = {isa = PBXBuildFile; fileRef = BP10002 /* BatchProcessService.swift */; };
		BP10003 /* BatchProcessView.swift in Sources */ = {isa = PBXBuildFile; fileRef = BP10004 /* BatchProcessView.swift */; };
		BPD30001 /* BurstPickerDialog.swift in Sources */ = {isa = PBXBuildFile; fileRef = BPD30002 /* BurstPickerDialog.swift */; };
		BPE30001 /* bpe_simple_vocab_16e6.txt.gz in Resources */ = {isa = PBXBuildFile; fileRef = BPE30002 /* bpe_simple_vocab_16e6.txt.gz */; };
		BPK30001 /* BurstPickerService.swift in Sources */ = {isa = PBXBuildFile; fileRef = BPK30002 /* BurstPickerService.swift */; };
		CAMCTRL10001 /* CameraController.swift in Sources */ = {isa = PBXBuildFile; fileRef = CAMCTRL10002 /* CameraController.swift */; };
		CANONADPT10001 /* CanonCameraAdapter.swift in Sources */ = {isa = PBXBuildFile; fileRef = CANONADPT10002 /* CanonCameraAdapter.swift */; };
		CFG10001 /* AppConfig.swift in Sources */ = {isa = PBXBuildFile; fileRef = CFG10002 /* AppConfig.swift */; };
		CL20001 /* LocalOAuthServer.swift in Sources */ = {isa = PBXBuildFile; fileRef = CL20002 /* LocalOAuthServer.swift */; };
		CL20003 /* GoogleDriveService.swift in Sources */ = {isa = PBXBuildFile; fileRef = CL20004 /* GoogleDriveService.swift */; };
		CLIP10002 /* ClippingOverlayRenderer.swift in Sources */ = {isa = PBXBuildFile; fileRef = CLIP10001 /* ClippingOverlayRenderer.swift */; };
		CLIP10004 /* ClippingOverlayShader.metal in Sources */ = {isa = PBXBuildFile; fileRef = CLIP10003 /* ClippingOverlayShader.metal */; };
		CPG10002 /* CacheProgressGauge.swift in Sources */ = {isa = PBXBuildFile; fileRef = CPG10001 /* CacheProgressGauge.swift */; };
		CPO10001 /* ClientPenOverlayView.swift in Sources */ = {isa = PBXBuildFile; fileRef = CPO10002 /* ClientPenOverlayView.swift */; };
		CPS10001 /* ClientProxySetupView.swift in Sources */ = {isa = PBXBuildFile; fileRef = CPS10002 /* ClientProxySetupView.swift */; };
		CR10001 /* CropView.swift in Sources */ = {isa = PBXBuildFile; fileRef = CR10002 /* CropView.swift */; };
		CS10001 /* ClientSelectService.swift in Sources */ = {isa = PBXBuildFile; fileRef = CS10003 /* ClientSelectService.swift */; };
		CS10002 /* ClientSelectSetupView.swift in Sources */ = {isa = PBXBuildFile; fileRef = CS10004 /* ClientSelectSetupView.swift */; };
		CSL10001 /* ClientSessionListView.swift in Sources */ = {isa = PBXBuildFile; fileRef = CSL10002 /* ClientSessionListView.swift */; };
		CTK30001 /* CLIPTokenizer.swift in Sources */ = {isa = PBXBuildFile; fileRef = CTK30002 /* CLIPTokenizer.swift */; };
		CV10001 /* ContentView+Toolbar.swift in Sources */ = {isa = PBXBuildFile; fileRef = CV10002 /* ContentView+Toolbar.swift */; };
		CV10003 /* ContentView+FolderBrowser.swift in Sources */ = {isa = PBXBuildFile; fileRef = CV10004 /* ContentView+FolderBrowser.swift */; };
		CV20001 /* MultiPreviewGrid.swift in Sources */ = {isa = PBXBuildFile; fileRef = CV20002 /* MultiPreviewGrid.swift */; };
		CV20003 /* DualViewerContent.swift in Sources */ = {isa = PBXBuildFile; fileRef = CV20004 /* DualViewerContent.swift */; };
		CV20005 /* CustomPromptView.swift in Sources */ = {isa = PBXBuildFile; fileRef = CV20006 /* CustomPromptView.swift */; };
		DC10002 /* DiskThumbnailCache.swift in Sources */ = {isa = PBXBuildFile; fileRef = DC10001 /* DiskThumbnailCache.swift */; };
		DEV10002 /* DevelopSettings.swift in Sources */ = {isa = PBXBuildFile; fileRef = DEV10001 /* DevelopSettings.swift */; };
		DEV10004 /* DevelopStore.swift in Sources */ = {isa = PBXBuildFile; fileRef = DEV10003 /* DevelopStore.swift */; };
		DEV10006 /* DevelopPipeline.swift in Sources */ = {isa = PBXBuildFile; fileRef = DEV10005 /* DevelopPipeline.swift */; };
		DEV20002 /* FloatingAdjustmentPill.swift in Sources */ = {isa = PBXBuildFile; fileRef = DEV20001 /* FloatingAdjustmentPill.swift */; };
		DEV20004 /* DoubleClickResetSlider.swift in Sources */ = {isa = PBXBuildFile; fileRef = DEV20003 /* DoubleClickResetSlider.swift */; };
		DEV30002 /* CurveEditorView.swift in Sources */ = {isa = PBXBuildFile; fileRef = DEV30001 /* CurveEditorView.swift */; };
		DEV40002 /* InlineCropOverlay.swift in Sources */ = {isa = PBXBuildFile; fileRef = DEV40001 /* InlineCropOverlay.swift */; };
		DEV50002 /* PresetPanelView.swift in Sources */ = {isa = PBXBuildFile; fileRef = DEV50001 /* PresetPanelView.swift */; };
		DEV60002 /* KeyBindingStore.swift in Sources */ = {isa = PBXBuildFile; fileRef = DEV60001 /* KeyBindingStore.swift */; };
		DEV70002 /* AdjustmentPanelState.swift in Sources */ = {isa = PBXBuildFile; fileRef = DEV70001 /* AdjustmentPanelState.swift */; };
		DFDB300628BA9BC0A84AF0E8 /* SmartSelectView.swift in Sources */ = {isa = PBXBuildFile; fileRef = 52C34EB4DBCFE9DC1FB1EDC3 /* SmartSelectView.swift */; };
		EIX30001 /* EmbeddingIndex.swift in Sources */ = {isa = PBXBuildFile; fileRef = EIX30002 /* EmbeddingIndex.swift */; };
		F19D162931397BFFC34F93FC /* AutoCullView.swift in Sources */ = {isa = PBXBuildFile; fileRef = 4E8C8DC3227F94E990E2676A /* AutoCullView.swift */; };
		F51432D703E705F9D22F165C /* NIMAService.swift in Sources */ = {isa = PBXBuildFile; fileRef = 18B9AD88F78788103034A9CD /* NIMAService.swift */; };
		F92FB64D28A4E00ABB31BAEC /* SmartSelectService.swift in Sources */ = {isa = PBXBuildFile; fileRef = DB0149CC8D993C1D6A7E1943 /* SmartSelectService.swift */; };
		FC10001 /* FaceCompareView.swift in Sources */ = {isa = PBXBuildFile; fileRef = FC10002 /* FaceCompareView.swift */; };
		FCR10001 /* FileConflictResolver.swift in Sources */ = {isa = PBXBuildFile; fileRef = FCR10002 /* FileConflictResolver.swift */; };
		FES30001 /* FaceEmbeddingService.swift in Sources */ = {isa = PBXBuildFile; fileRef = FES30002 /* FaceEmbeddingService.swift */; };
		FPK10001 /* FocusPeakingOverlay.swift in Sources */ = {isa = PBXBuildFile; fileRef = FPK10002 /* FocusPeakingOverlay.swift */; };
		HW10001 /* HWJPEGDecoder.swift in Sources */ = {isa = PBXBuildFile; fileRef = HW10002 /* HWJPEGDecoder.swift */; };
		HW10003 /* MetalImageProcessor.swift in Sources */ = {isa = PBXBuildFile; fileRef = HW10004 /* MetalImageProcessor.swift */; };
		HW10005 /* ParallelFFD8Scanner.swift in Sources */ = {isa = PBXBuildFile; fileRef = HW10006 /* ParallelFFD8Scanner.swift */; };
		HW10007 /* AggressiveImageCache.swift in Sources */ = {isa = PBXBuildFile; fileRef = HW10008 /* AggressiveImageCache.swift */; };
		IES30001 /* ImageEmbeddingService.swift in Sources */ = {isa = PBXBuildFile; fileRef = IES30002 /* ImageEmbeddingService.swift */; };
		KWT10001 /* KeywordTaggingService.swift in Sources */ = {isa = PBXBuildFile; fileRef = KWT10002 /* KeywordTaggingService.swift */; };
		L10001 /* Localizable.xcstrings in Resources */ = {isa = PBXBuildFile; fileRef = L10002 /* Localizable.xcstrings */; };
		LUT10001 /* LUTService.swift in Sources */ = {isa = PBXBuildFile; fileRef = LUT10002 /* LUTService.swift */; };
		MFXU10002 /* MetalFXUpscaler.swift in Sources */ = {isa = PBXBuildFile; fileRef = MFXU10001 /* MetalFXUpscaler.swift */; };
		MG10001 /* MemoryGuardService.swift in Sources */ = {isa = PBXBuildFile; fileRef = MG10002 /* MemoryGuardService.swift */; };
		MLH10002 /* MemoryLeakHUD.swift in Sources */ = {isa = PBXBuildFile; fileRef = MLH10001 /* MemoryLeakHUD.swift */; };
		MLT10002 /* MemoryLeakTracker.swift in Sources */ = {isa = PBXBuildFile; fileRef = MLT10001 /* MemoryLeakTracker.swift */; };
		NIKONADPT10001 /* NikonCameraAdapter.swift in Sources */ = {isa = PBXBuildFile; fileRef = NIKONADPT10002 /* NikonCameraAdapter.swift */; };
		NP10001 /* NavigationPerformanceMonitor.swift in Sources */ = {isa = PBXBuildFile; fileRef = NP10002 /* NavigationPerformanceMonitor.swift */; };
		NP10003 /* NavigationPerformanceHUD.swift in Sources */ = {isa = PBXBuildFile; fileRef = NP10004 /* NavigationPerformanceHUD.swift */; };
		DH10001 /* DebugHUD.swift in Sources */ = {isa = PBXBuildFile; fileRef = DH10002 /* DebugHUD.swift */; };
		NR10001 /* NASOptimizedReader.swift in Sources */ = {isa = PBXBuildFile; fileRef = NR10002 /* NASOptimizedReader.swift */; };
		NSCV10002 /* NSCropView.swift in Sources */ = {isa = PBXBuildFile; fileRef = NSCV10001 /* NSCropView.swift */; };
		NTLV10002 /* NativeTableListView.swift in Sources */ = {isa = PBXBuildFile; fileRef = NTLV10001 /* NativeTableListView.swift */; };
		NTLV20002 /* NativeTableListView+Coordinator.swift in Sources */ = {isa = PBXBuildFile; fileRef = NTLV20001 /* NativeTableListView+Coordinator.swift */; };
		PB20001 /* BackupProgressBar.swift in Sources */ = {isa = PBXBuildFile; fileRef = PB20002 /* BackupProgressBar.swift */; };
		PB20003 /* ExportProgressBar.swift in Sources */ = {isa = PBXBuildFile; fileRef = PB20004 /* ExportProgressBar.swift */; };
		PB20005 /* ClientUploadProgressBar.swift in Sources */ = {isa = PBXBuildFile; fileRef = PB20006 /* ClientUploadProgressBar.swift */; };
		PB20007 /* FileMoveProgressBar.swift in Sources */ = {isa = PBXBuildFile; fileRef = PB20008 /* FileMoveProgressBar.swift */; };
		PB20009 /* AIClassifyProgressBar.swift in Sources */ = {isa = PBXBuildFile; fileRef = PB20010 /* AIClassifyProgressBar.swift */; };
		PB20011 /* VisionAnalysisProgressPanel.swift in Sources */ = {isa = PBXBuildFile; fileRef = PB20012 /* VisionAnalysisProgressPanel.swift */; };
		PBTRV10001 /* TransferProgressView.swift in Sources */ = {isa = PBXBuildFile; fileRef = PBTRV10002 /* TransferProgressView.swift */; };
		PS10001 /* PictureStyleService.swift in Sources */ = {isa = PBXBuildFile; fileRef = PS10002 /* PictureStyleService.swift */; };
		PS10003 /* PictureStylePreviewView.swift in Sources */ = {isa = PBXBuildFile; fileRef = PS10004 /* PictureStylePreviewView.swift */; };
		PSA20001 /* PhotoStore+Analysis.swift in Sources */ = {isa = PBXBuildFile; fileRef = PSA20002 /* PhotoStore+Analysis.swift */; };
		PSC20001 /* PhotoStore+Collections.swift in Sources */ = {isa = PBXBuildFile; fileRef = PSC20002 /* PhotoStore+Collections.swift */; };
		PSE20001 /* PhotoStore+Exif.swift in Sources */ = {isa = PBXBuildFile; fileRef = PSE20002 /* PhotoStore+Exif.swift */; };
		PSF20001 /* PhotoStore+Folder.swift in Sources */ = {isa = PBXBuildFile; fileRef = PSF20002 /* PhotoStore+Folder.swift */; };
		PSM20001 /* PhotoStore+Move.swift in Sources */ = {isa = PBXBuildFile; fileRef = PSM20002 /* PhotoStore+Move.swift */; };
		PSR20001 /* PhotoStore+Rating.swift in Sources */ = {isa = PBXBuildFile; fileRef = PSR20002 /* PhotoStore+Rating.swift */; };
		PSROT10002 /* PhotoStore+Rotation.swift in Sources */ = {isa = PBXBuildFile; fileRef = PSROT10001 /* PhotoStore+Rotation.swift */; };
		PSS20001 /* PhotoStore+Selection.swift in Sources */ = {isa = PBXBuildFile; fileRef = PSS20002 /* PhotoStore+Selection.swift */; };
		PSU20001 /* PhotoStore+UI.swift in Sources */ = {isa = PBXBuildFile; fileRef = PSU20002 /* PhotoStore+UI.swift */; };
		PTD30001 /* PreferenceTrainingDialog.swift in Sources */ = {isa = PBXBuildFile; fileRef = PTD30002 /* PreferenceTrainingDialog.swift */; };
		ROT10002 /* RotationService.swift in Sources */ = {isa = PBXBuildFile; fileRef = ROT10001 /* RotationService.swift */; };
		SBS10001 /* SandboxBookmarkService.swift in Sources */ = {isa = PBXBuildFile; fileRef = SBS10002 /* SandboxBookmarkService.swift */; };
		SC10001 /* SmartCropService.swift in Sources */ = {isa = PBXBuildFile; fileRef = SC10002 /* SmartCropService.swift */; };
		SE20001 /* SettingsView.swift in Sources */ = {isa = PBXBuildFile; fileRef = SE20002 /* SettingsView.swift */; };
		SE20003 /* GeneralSettingsTab.swift in Sources */ = {isa = PBXBuildFile; fileRef = SE20004 /* GeneralSettingsTab.swift */; };
		SE20005 /* PreviewSettingsTab.swift in Sources */ = {isa = PBXBuildFile; fileRef = SE20006 /* PreviewSettingsTab.swift */; };
		SE20007 /* ExportSettingsTab.swift in Sources */ = {isa = PBXBuildFile; fileRef = SE20008 /* ExportSettingsTab.swift */; };
		SE20009 /* AIEngineSettingsTab.swift in Sources */ = {isa = PBXBuildFile; fileRef = SE20010 /* AIEngineSettingsTab.swift */; };
		SE20011 /* PerformanceSettingsTab.swift in Sources */ = {isa = PBXBuildFile; fileRef = SE20012 /* PerformanceSettingsTab.swift */; };
		SE20013 /* ShortcutsSettingsTab.swift in Sources */ = {isa = PBXBuildFile; fileRef = SE20014 /* ShortcutsSettingsTab.swift */; };
		SE20015 /* CacheSettingsTab.swift in Sources */ = {isa = PBXBuildFile; fileRef = SE20016 /* CacheSettingsTab.swift */; };
		SE20017 /* PerformanceOptimizeTab.swift in Sources */ = {isa = PBXBuildFile; fileRef = SE20018 /* PerformanceOptimizeTab.swift */; };
		SES30001 /* SelectionEventStore.swift in Sources */ = {isa = PBXBuildFile; fileRef = SES30002 /* SelectionEventStore.swift */; };
		SMC10001 /* SmartCullService.swift in Sources */ = {isa = PBXBuildFile; fileRef = SMC10002 /* SmartCullService.swift */; };
		SMC10003 /* SmartCullView.swift in Sources */ = {isa = PBXBuildFile; fileRef = SMC10004 /* SmartCullView.swift */; };
		SONYADPT10001 /* SonyCameraAdapter.swift in Sources */ = {isa = PBXBuildFile; fileRef = SONYADPT10002 /* SonyCameraAdapter.swift */; };
		SSP10001 /* SystemSpec.swift in Sources */ = {isa = PBXBuildFile; fileRef = SSP10002 /* SystemSpec.swift */; };
		SSS30001 /* SemanticSearchService.swift in Sources */ = {isa = PBXBuildFile; fileRef = SSS30002 /* SemanticSearchService.swift */; };
		STL10001 /* StyleLearner.swift in Sources */ = {isa = PBXBuildFile; fileRef = STL10002 /* StyleLearner.swift */; };
		SV20001 /* APIUsageViews.swift in Sources */ = {isa = PBXBuildFile; fileRef = SV20002 /* APIUsageViews.swift */; };
		SV20003 /* AnalysisOptionsView.swift in Sources */ = {isa = PBXBuildFile; fileRef = SV20004 /* AnalysisOptionsView.swift */; };
		SV20005 /* SelectionInfoBadge.swift in Sources */ = {isa = PBXBuildFile; fileRef = SV20006 /* SelectionInfoBadge.swift */; };
		SV20007 /* DragHandle.swift in Sources */ = {isa = PBXBuildFile; fileRef = SV20008 /* DragHandle.swift */; };
		SV20009 /* KeyEventHandling.swift in Sources */ = {isa = PBXBuildFile; fileRef = SV20010 /* KeyEventHandling.swift */; };
		SV20011 /* DisabledGuide.swift in Sources */ = {isa = PBXBuildFile; fileRef = SV20012 /* DisabledGuide.swift */; };
		SV20013 /* StartupView.swift in Sources */ = {isa = PBXBuildFile; fileRef = SV20014 /* StartupView.swift */; };
		SV20015 /* FileSyncPopupView.swift in Sources */ = {isa = PBXBuildFile; fileRef = SV20016 /* FileSyncPopupView.swift */; };
		SV20017 /* RawMatchResultView.swift in Sources */ = {isa = PBXBuildFile; fileRef = SV20018 /* RawMatchResultView.swift */; };
		SV20019 /* FullscreenView.swift in Sources */ = {isa = PBXBuildFile; fileRef = SV20020 /* FullscreenView.swift */; };
		SV20021 /* PickshotImportResultSheet.swift in Sources */ = {isa = PBXBuildFile; fileRef = SV20022 /* PickshotImportResultSheet.swift */; };
		SWP10002 /* CacheSweeper.swift in Sources */ = {isa = PBXBuildFile; fileRef = SWP10001 /* CacheSweeper.swift */; };
		TES30001 /* TextEncoderService.swift in Sources */ = {isa = PBXBuildFile; fileRef = TES30002 /* TextEncoderService.swift */; };
		TET10001 /* TetherService.swift in Sources */ = {isa = PBXBuildFile; fileRef = TET10002 /* TetherService.swift */; };
		TETCMSN10001 /* TetherComingSoonView.swift in Sources */ = {isa = PBXBuildFile; fileRef = TETCMSN10002 /* TetherComingSoonView.swift */; };
		TETCOORD10001 /* TetherCoordinator.swift in Sources */ = {isa = PBXBuildFile; fileRef = TETCOORD10002 /* TetherCoordinator.swift */; };
		TETV10001 /* TetherView.swift in Sources */ = {isa = PBXBuildFile; fileRef = TETV10002 /* TetherView.swift */; };
		TKS10001 /* TesterKeyService.swift in Sources */ = {isa = PBXBuildFile; fileRef = TKS10002 /* TesterKeyService.swift */; };
		UG10001 /* UprightGuideView.swift in Sources */ = {isa = PBXBuildFile; fileRef = UG10002 /* UprightGuideView.swift */; };
		UPP30001 /* UserPreferenceProfile.swift in Sources */ = {isa = PBXBuildFile; fileRef = UPP30002 /* UserPreferenceProfile.swift */; };
		VPM10001 /* VideoPlayerManager.swift in Sources */ = {isa = PBXBuildFile; fileRef = VPM10002 /* VideoPlayerManager.swift */; };
		VPV10001 /* VideoPlayerView.swift in Sources */ = {isa = PBXBuildFile; fileRef = VPV10002 /* VideoPlayerView.swift */; };
		VSCV30001 /* VisualSearchCropView.swift in Sources */ = {isa = PBXBuildFile; fileRef = VSCV30002 /* VisualSearchCropView.swift */; };
		VSCW30001 /* VisualSearchCropWindow.swift in Sources */ = {isa = PBXBuildFile; fileRef = VSCW30002 /* VisualSearchCropWindow.swift */; };
		VSHD30001 /* VisualSearchHUD.swift in Sources */ = {isa = PBXBuildFile; fileRef = VSHD30002 /* VisualSearchHUD.swift */; };
		VSS30001 /* VisualSearchService.swift in Sources */ = {isa = PBXBuildFile; fileRef = VSS30002 /* VisualSearchService.swift */; };
		WMP10001 /* WatermarkPreviewView.swift in Sources */ = {isa = PBXBuildFile; fileRef = WMP10002 /* WatermarkPreviewView.swift */; };
		XMP10001 /* XMPService.swift in Sources */ = {isa = PBXBuildFile; fileRef = XMP10002 /* XMPService.swift */; };
		ZEB10001 /* ZebraWarningOverlay.swift in Sources */ = {isa = PBXBuildFile; fileRef = ZEB10002 /* ZebraWarningOverlay.swift */; };
/* End PBXBuildFile section */

/* Begin PBXFileReference section */
		0F49722BE76942B09BE50E23 /* AdvancedClassificationService.swift */ = {isa = PBXFileReference; lastKnownFileType = sourcecode.swift; path = AdvancedClassificationService.swift; sourceTree = "<group>"; };
		18B9AD88F78788103034A9CD /* NIMAService.swift */ = {isa = PBXFileReference; lastKnownFileType = sourcecode.swift; path = NIMAService.swift; sourceTree = "<group>"; };
		1F28915B9DB29857371992AB /* PerspectiveCorrectionService.swift */ = {isa = PBXFileReference; lastKnownFileType = sourcecode.swift; path = PerspectiveCorrectionService.swift; sourceTree = "<group>"; };
		3306606A090F08DB9738BB61 /* LibRawDecoder.swift */ = {isa = PBXFileReference; includeInIndex = 1; lastKnownFileType = sourcecode.swift; path = LibRawDecoder.swift; sourceTree = "<group>"; };
		355C7F48E6B8ADC5DE0EE0E6 /* PickShot-Bridging-Header.h */ = {isa = PBXFileReference; includeInIndex = 1; lastKnownFileType = sourcecode.c.h; path = "PickShot-Bridging-Header.h"; sourceTree = "<group>"; };
		4789E07AA11E4A87B88B68F3 /* ContactSheetService.swift */ = {isa = PBXFileReference; lastKnownFileType = sourcecode.swift; path = ContactSheetService.swift; sourceTree = "<group>"; };
		4BFF8CC000002001001010A0 /* MobileCLIPImage.mlpackage */ = {isa = PBXFileReference; lastKnownFileType = folder.mlpackage; path = MobileCLIPImage.mlpackage; sourceTree = "<group>"; };
		4BFF8CC000002002001010A0 /* MobileCLIPText.mlpackage */ = {isa = PBXFileReference; lastKnownFileType = folder.mlpackage; path = MobileCLIPText.mlpackage; sourceTree = "<group>"; };
		4E8C8DC3227F94E990E2676A /* AutoCullView.swift */ = {isa = PBXFileReference; lastKnownFileType = sourcecode.swift; path = AutoCullView.swift; sourceTree = "<group>"; };
		52C34EB4DBCFE9DC1FB1EDC3 /* SmartSelectView.swift */ = {isa = PBXFileReference; lastKnownFileType = sourcecode.swift; path = SmartSelectView.swift; sourceTree = "<group>"; };
		5997C658F4814B05A202D514 /* MatchingView.swift */ = {isa = PBXFileReference; lastKnownFileType = sourcecode.swift; path = MatchingView.swift; sourceTree = "<group>"; };
		62BB3C9EADBC4817914C49F2 /* MetadataEditorView.swift */ = {isa = PBXFileReference; lastKnownFileType = sourcecode.swift; path = MetadataEditorView.swift; sourceTree = "<group>"; };
		81F5C27DF3F5D27545AA8F87 /* NIMAAesthetic.mlpackage */ = {isa = PBXFileReference; lastKnownFileType = folder.mlpackage; path = NIMAAesthetic.mlpackage; sourceTree = "<group>"; };
		832E4A569DDF734271ED6268 /* UpdateService.swift */ = {isa = PBXFileReference; lastKnownFileType = sourcecode.swift; name = UpdateService.swift; path = PhotoRawManager/Services/UpdateService.swift; sourceTree = SOURCE_ROOT; };
		915A24B2FA4BE98570A5A738 /* MemoryCardBackupView.swift */ = {isa = PBXFileReference; lastKnownFileType = sourcecode.swift; path = MemoryCardBackupView.swift; sourceTree = "<group>"; };
		94AD42C5A52672C7A1DE29F6 /* UpdateView.swift */ = {isa = PBXFileReference; lastKnownFileType = sourcecode.swift; name = UpdateView.swift; path = PhotoRawManager/Views/UpdateView.swift; sourceTree = SOURCE_ROOT; };
		A20034 /* GSelectService.swift */ = {isa = PBXFileReference; lastKnownFileType = sourcecode.swift; path = GSelectService.swift; sourceTree = "<group>"; };
		A20035 /* GSelectSetupView.swift */ = {isa = PBXFileReference; lastKnownFileType = sourcecode.swift; path = GSelectSetupView.swift; sourceTree = "<group>"; };
		A20036 /* GSelectQRView.swift */ = {isa = PBXFileReference; lastKnownFileType = sourcecode.swift; path = GSelectQRView.swift; sourceTree = "<group>"; };
		A20037 /* Logger.swift */ = {isa = PBXFileReference; lastKnownFileType = sourcecode.swift; path = Logger.swift; sourceTree = "<group>"; };
		A20038 /* KeychainService.swift */ = {isa = PBXFileReference; lastKnownFileType = sourcecode.swift; path = KeychainService.swift; sourceTree = "<group>"; };
		A20039 /* PickshotFileService.swift */ = {isa = PBXFileReference; lastKnownFileType = sourcecode.swift; path = PickshotFileService.swift; sourceTree = "<group>"; };
		A20042 /* PerformanceMonitor.swift */ = {isa = PBXFileReference; lastKnownFileType = sourcecode.swift; name = PerformanceMonitor.swift; path = PhotoRawManager/Services/PerformanceMonitor.swift; sourceTree = SOURCE_ROOT; };
		A24F2FA4B3F2468FA6426F35 /* ContactSheetView.swift */ = {isa = PBXFileReference; lastKnownFileType = sourcecode.swift; path = ContactSheetView.swift; sourceTree = "<group>"; };
		A3CF055E61383353C2CCA322 /* StatsDashboardView.swift */ = {isa = PBXFileReference; lastKnownFileType = sourcecode.swift; path = StatsDashboardView.swift; sourceTree = "<group>"; };
		AE10002 /* AIEnhanceService.swift */ = {isa = PBXFileReference; lastKnownFileType = sourcecode.swift; path = AIEnhanceService.swift; sourceTree = "<group>"; };
		AF10002 /* AdaFaceService.swift */ = {isa = PBXFileReference; lastKnownFileType = sourcecode.swift; path = AdaFaceService.swift; sourceTree = "<group>"; };
		AF10004 /* AdaFaceR18.mlpackage */ = {isa = PBXFileReference; lastKnownFileType = folder.mlpackage; path = AdaFaceR18.mlpackage; sourceTree = "<group>"; };
		AI20002 /* APIUsageTracker.swift */ = {isa = PBXFileReference; lastKnownFileType = sourcecode.swift; path = APIUsageTracker.swift; sourceTree = "<group>"; };
		AI20004 /* ClaudeVisionService.swift */ = {isa = PBXFileReference; lastKnownFileType = sourcecode.swift; path = ClaudeVisionService.swift; sourceTree = "<group>"; };
		AI20006 /* GeminiService.swift */ = {isa = PBXFileReference; lastKnownFileType = sourcecode.swift; path = GeminiService.swift; sourceTree = "<group>"; };
		B10000 /* PickShot.app */ = {isa = PBXFileReference; explicitFileType = wrapper.application; includeInIndex = 0; path = PickShot.app; sourceTree = BUILT_PRODUCTS_DIR; };
		B10001 /* PhotoRawManagerApp.swift */ = {isa = PBXFileReference; lastKnownFileType = sourcecode.swift; path = PhotoRawManagerApp.swift; sourceTree = "<group>"; };
		B10002 /* ContentView.swift */ = {isa = PBXFileReference; lastKnownFileType = sourcecode.swift; path = ContentView.swift; sourceTree = "<group>"; };
		B10003 /* PhotoItem.swift */ = {isa = PBXFileReference; lastKnownFileType = sourcecode.swift; path = PhotoItem.swift; sourceTree = "<group>"; };
		B10004 /* PhotoStore.swift */ = {isa = PBXFileReference; lastKnownFileType = sourcecode.swift; path = PhotoStore.swift; sourceTree = "<group>"; };
		NAV10002 /* NavigationCore.swift */ = {isa = PBXFileReference; lastKnownFileType = sourcecode.swift; path = NavigationCore.swift; sourceTree = "<group>"; };
		B10005 /* FileMatchingService.swift */ = {isa = PBXFileReference; lastKnownFileType = sourcecode.swift; path = FileMatchingService.swift; sourceTree = "<group>"; };
		B10006 /* ExifService.swift */ = {isa = PBXFileReference; lastKnownFileType = sourcecode.swift; path = ExifService.swift; sourceTree = "<group>"; };
		B10007 /* FileCopyService.swift */ = {isa = PBXFileReference; lastKnownFileType = sourcecode.swift; path = FileCopyService.swift; sourceTree = "<group>"; };
		B10008 /* ThumbnailGridView.swift */ = {isa = PBXFileReference; lastKnownFileType = sourcecode.swift; path = ThumbnailGridView.swift; sourceTree = "<group>"; };
		B10009 /* PhotoPreviewView.swift */ = {isa = PBXFileReference; lastKnownFileType = sourcecode.swift; path = PhotoPreviewView.swift; sourceTree = "<group>"; };
		PDS10002 /* PreviewDecodeScheduler.swift */ = {isa = PBXFileReference; lastKnownFileType = sourcecode.swift; path = PreviewDecodeScheduler.swift; sourceTree = "<group>"; };
		PLP10002 /* PreviewLoadingPolicy.swift */ = {isa = PBXFileReference; lastKnownFileType = sourcecode.swift; path = PreviewLoadingPolicy.swift; sourceTree = "<group>"; };
		PPL10002 /* PreviewPipeline.swift */ = {isa = PBXFileReference; lastKnownFileType = sourcecode.swift; path = PreviewPipeline.swift; sourceTree = "<group>"; };
		B10010 /* StarRatingView.swift */ = {isa = PBXFileReference; lastKnownFileType = sourcecode.swift; path = StarRatingView.swift; sourceTree = "<group>"; };
		B10011 /* ExifInfoView.swift */ = {isa = PBXFileReference; lastKnownFileType = sourcecode.swift; path = ExifInfoView.swift; sourceTree = "<group>"; };
		B10012 /* ExportView.swift */ = {isa = PBXFileReference; lastKnownFileType = sourcecode.swift; path = ExportView.swift; sourceTree = "<group>"; };
		B10013 /* Assets.xcassets */ = {isa = PBXFileReference; lastKnownFileType = folder.assetcatalog; path = Assets.xcassets; sourceTree = "<group>"; };
		B10014 /* ImageAnalysisService.swift */ = {isa = PBXFileReference; lastKnownFileType = sourcecode.swift; path = ImageAnalysisService.swift; sourceTree = "<group>"; };
		B10015 /* ImageCorrectionService.swift */ = {isa = PBXFileReference; lastKnownFileType = sourcecode.swift; path = ImageCorrectionService.swift; sourceTree = "<group>"; };
		B10017 /* AIAnalysisView.swift */ = {isa = PBXFileReference; lastKnownFileType = sourcecode.swift; path = AIAnalysisView.swift; sourceTree = "<group>"; };
		B10018 /* SubscriptionManager.swift */ = {isa = PBXFileReference; lastKnownFileType = sourcecode.swift; path = SubscriptionManager.swift; sourceTree = "<group>"; };
		B10019 /* PaywallView.swift */ = {isa = PBXFileReference; lastKnownFileType = sourcecode.swift; path = PaywallView.swift; sourceTree = "<group>"; };
		B10020 /* ShortcutHelpView.swift */ = {isa = PBXFileReference; lastKnownFileType = sourcecode.swift; path = ShortcutHelpView.swift; sourceTree = "<group>"; };
		B10021 /* HistogramView.swift */ = {isa = PBXFileReference; lastKnownFileType = sourcecode.swift; path = HistogramView.swift; sourceTree = "<group>"; };
		B10022 /* CompareView.swift */ = {isa = PBXFileReference; lastKnownFileType = sourcecode.swift; path = CompareView.swift; sourceTree = "<group>"; };
		B10023 /* SlideshowView.swift */ = {isa = PBXFileReference; lastKnownFileType = sourcecode.swift; path = SlideshowView.swift; sourceTree = "<group>"; };
		B10024 /* TouchBarProvider.swift */ = {isa = PBXFileReference; lastKnownFileType = sourcecode.swift; path = TouchBarProvider.swift; sourceTree = "<group>"; };
		B10025 /* FolderWatcherService.swift */ = {isa = PBXFileReference; lastKnownFileType = sourcecode.swift; path = FolderWatcherService.swift; sourceTree = "<group>"; };
		B10026 /* AppTheme.swift */ = {isa = PBXFileReference; lastKnownFileType = sourcecode.swift; path = AppTheme.swift; sourceTree = "<group>"; };
		B10027 /* FilmstripView.swift */ = {isa = PBXFileReference; lastKnownFileType = sourcecode.swift; path = FilmstripView.swift; sourceTree = "<group>"; };
		B10028 /* BatchRenameView.swift */ = {isa = PBXFileReference; lastKnownFileType = sourcecode.swift; path = BatchRenameView.swift; sourceTree = "<group>"; };
		B10029 /* MapView.swift */ = {isa = PBXFileReference; lastKnownFileType = sourcecode.swift; path = MapView.swift; sourceTree = "<group>"; };
		B10030 /* FaceGroupingService.swift */ = {isa = PBXFileReference; lastKnownFileType = sourcecode.swift; path = FaceGroupingService.swift; sourceTree = "<group>"; };
		B10032 /* GoogleDriveUploadView.swift */ = {isa = PBXFileReference; lastKnownFileType = sourcecode.swift; path = GoogleDriveUploadView.swift; sourceTree = "<group>"; };
		B10033 /* AboutView.swift */ = {isa = PBXFileReference; lastKnownFileType = sourcecode.swift; path = AboutView.swift; sourceTree = "<group>"; };
		B10056 /* NSThumbnailCollectionView.swift */ = {isa = PBXFileReference; lastKnownFileType = sourcecode.swift; path = NSThumbnailCollectionView.swift; sourceTree = "<group>"; };
		B2A12130E1BE4A57BC7F1932 /* FilenameMatchingService.swift */ = {isa = PBXFileReference; lastKnownFileType = sourcecode.swift; path = FilenameMatchingService.swift; sourceTree = "<group>"; };
		BDS30002 /* BurstDetectionService.swift */ = {isa = PBXFileReference; lastKnownFileType = sourcecode.swift; path = BurstDetectionService.swift; sourceTree = "<group>"; };
		BP10002 /* BatchProcessService.swift */ = {isa = PBXFileReference; lastKnownFileType = sourcecode.swift; path = BatchProcessService.swift; sourceTree = "<group>"; };
		BP10004 /* BatchProcessView.swift */ = {isa = PBXFileReference; lastKnownFileType = sourcecode.swift; path = BatchProcessView.swift; sourceTree = "<group>"; };
		BPD30002 /* BurstPickerDialog.swift */ = {isa = PBXFileReference; lastKnownFileType = sourcecode.swift; path = BurstPickerDialog.swift; sourceTree = "<group>"; };
		BPE30002 /* bpe_simple_vocab_16e6.txt.gz */ = {isa = PBXFileReference; lastKnownFileType = file.txt.gz; name = bpe_simple_vocab_16e6.txt.gz; path = PhotoRawManager/Resources/bpe_simple_vocab_16e6.txt.gz; sourceTree = "<group>"; };
		BPK30002 /* BurstPickerService.swift */ = {isa = PBXFileReference; lastKnownFileType = sourcecode.swift; path = BurstPickerService.swift; sourceTree = "<group>"; };
		C1432F55F1D147C6BD5D6B21 /* RAWConversionService.swift */ = {isa = PBXFileReference; lastKnownFileType = sourcecode.swift; path = RAWConversionService.swift; sourceTree = "<group>"; };
		C74A91831108ED991CD31ADE /* MemoryCardBackupService.swift */ = {isa = PBXFileReference; lastKnownFileType = sourcecode.swift; path = MemoryCardBackupService.swift; sourceTree = "<group>"; };
		CAMCTRL10002 /* CameraController.swift */ = {isa = PBXFileReference; lastKnownFileType = sourcecode.swift; path = CameraController.swift; sourceTree = "<group>"; };
		CANONADPT10002 /* CanonCameraAdapter.swift */ = {isa = PBXFileReference; lastKnownFileType = sourcecode.swift; path = CanonCameraAdapter.swift; sourceTree = "<group>"; };
		CFG10002 /* AppConfig.swift */ = {isa = PBXFileReference; lastKnownFileType = sourcecode.swift; path = AppConfig.swift; sourceTree = "<group>"; };
		CL20002 /* LocalOAuthServer.swift */ = {isa = PBXFileReference; lastKnownFileType = sourcecode.swift; path = LocalOAuthServer.swift; sourceTree = "<group>"; };
		CL20004 /* GoogleDriveService.swift */ = {isa = PBXFileReference; lastKnownFileType = sourcecode.swift; path = GoogleDriveService.swift; sourceTree = "<group>"; };
		CLIP10001 /* ClippingOverlayRenderer.swift */ = {isa = PBXFileReference; lastKnownFileType = sourcecode.swift; path = ClippingOverlayRenderer.swift; sourceTree = "<group>"; };
		CLIP10003 /* ClippingOverlayShader.metal */ = {isa = PBXFileReference; lastKnownFileType = sourcecode.metal; path = ClippingOverlayShader.metal; sourceTree = "<group>"; };
		CPG10001 /* CacheProgressGauge.swift */ = {isa = PBXFileReference; lastKnownFileType = sourcecode.swift; path = CacheProgressGauge.swift; sourceTree = "<group>"; };
		CPO10002 /* ClientPenOverlayView.swift */ = {isa = PBXFileReference; lastKnownFileType = sourcecode.swift; name = ClientPenOverlayView.swift; path = PhotoRawManager/Views/ClientPenOverlayView.swift; sourceTree = SOURCE_ROOT; };
		CPS10002 /* ClientProxySetupView.swift */ = {isa = PBXFileReference; lastKnownFileType = sourcecode.swift; name = ClientProxySetupView.swift; path = PhotoRawManager/Views/ClientProxySetupView.swift; sourceTree = SOURCE_ROOT; };
		CR10002 /* CropView.swift */ = {isa = PBXFileReference; lastKnownFileType = sourcecode.swift; path = CropView.swift; sourceTree = "<group>"; };
		CS10003 /* ClientSelectService.swift */ = {isa = PBXFileReference; lastKnownFileType = sourcecode.swift; path = ClientSelectService.swift; sourceTree = "<group>"; };
		CS10004 /* ClientSelectSetupView.swift */ = {isa = PBXFileReference; lastKnownFileType = sourcecode.swift; path = ClientSelectSetupView.swift; sourceTree = "<group>"; };
		CSL10002 /* ClientSessionListView.swift */ = {isa = PBXFileReference; lastKnownFileType = sourcecode.swift; name = ClientSessionListView.swift; path = PhotoRawManager/Views/ClientSessionListView.swift; sourceTree = SOURCE_ROOT; };
		CTK30002 /* CLIPTokenizer.swift */ = {isa = PBXFileReference; lastKnownFileType = sourcecode.swift; path = CLIPTokenizer.swift; sourceTree = "<group>"; };
		CV10002 /* ContentView+Toolbar.swift */ = {isa = PBXFileReference; lastKnownFileType = sourcecode.swift; path = "ContentView+Toolbar.swift"; sourceTree = "<group>"; };
		CV10004 /* ContentView+FolderBrowser.swift */ = {isa = PBXFileReference; lastKnownFileType = sourcecode.swift; path = "ContentView+FolderBrowser.swift"; sourceTree = "<group>"; };
		CV20002 /* MultiPreviewGrid.swift */ = {isa = PBXFileReference; lastKnownFileType = sourcecode.swift; path = MultiPreviewGrid.swift; sourceTree = "<group>"; };
		CV20004 /* DualViewerContent.swift */ = {isa = PBXFileReference; lastKnownFileType = sourcecode.swift; path = DualViewerContent.swift; sourceTree = "<group>"; };
		CV20006 /* CustomPromptView.swift */ = {isa = PBXFileReference; lastKnownFileType = sourcecode.swift; path = CustomPromptView.swift; sourceTree = "<group>"; };
		DB0149CC8D993C1D6A7E1943 /* SmartSelectService.swift */ = {isa = PBXFileReference; lastKnownFileType = sourcecode.swift; path = SmartSelectService.swift; sourceTree = "<group>"; };
		DC10001 /* DiskThumbnailCache.swift */ = {isa = PBXFileReference; lastKnownFileType = sourcecode.swift; path = DiskThumbnailCache.swift; sourceTree = "<group>"; };
		DEV10001 /* DevelopSettings.swift */ = {isa = PBXFileReference; lastKnownFileType = sourcecode.swift; path = DevelopSettings.swift; sourceTree = "<group>"; };
		DEV10003 /* DevelopStore.swift */ = {isa = PBXFileReference; lastKnownFileType = sourcecode.swift; path = DevelopStore.swift; sourceTree = "<group>"; };
		DEV10005 /* DevelopPipeline.swift */ = {isa = PBXFileReference; lastKnownFileType = sourcecode.swift; path = DevelopPipeline.swift; sourceTree = "<group>"; };
		DEV20001 /* FloatingAdjustmentPill.swift */ = {isa = PBXFileReference; lastKnownFileType = sourcecode.swift; path = FloatingAdjustmentPill.swift; sourceTree = "<group>"; };
		DEV20003 /* DoubleClickResetSlider.swift */ = {isa = PBXFileReference; lastKnownFileType = sourcecode.swift; path = DoubleClickResetSlider.swift; sourceTree = "<group>"; };
		DEV30001 /* CurveEditorView.swift */ = {isa = PBXFileReference; lastKnownFileType = sourcecode.swift; path = CurveEditorView.swift; sourceTree = "<group>"; };
		DEV40001 /* InlineCropOverlay.swift */ = {isa = PBXFileReference; lastKnownFileType = sourcecode.swift; path = InlineCropOverlay.swift; sourceTree = "<group>"; };
		DEV50001 /* PresetPanelView.swift */ = {isa = PBXFileReference; lastKnownFileType = sourcecode.swift; path = PresetPanelView.swift; sourceTree = "<group>"; };
		DEV60001 /* KeyBindingStore.swift */ = {isa = PBXFileReference; lastKnownFileType = sourcecode.swift; path = KeyBindingStore.swift; sourceTree = "<group>"; };
		DEV70001 /* AdjustmentPanelState.swift */ = {isa = PBXFileReference; lastKnownFileType = sourcecode.swift; path = AdjustmentPanelState.swift; sourceTree = "<group>"; };
		E6484FA4B4C184B8BDE53E19 /* VideoMarkerService.swift */ = {isa = PBXFileReference; lastKnownFileType = sourcecode.swift; name = VideoMarkerService.swift; path = PhotoRawManager/Services/VideoMarkerService.swift; sourceTree = SOURCE_ROOT; };
		EIX30002 /* EmbeddingIndex.swift */ = {isa = PBXFileReference; lastKnownFileType = sourcecode.swift; path = EmbeddingIndex.swift; sourceTree = "<group>"; };
		F0AD92142A284546BD2E0466 /* AISimilarityService.swift */ = {isa = PBXFileReference; lastKnownFileType = sourcecode.swift; path = AISimilarityService.swift; sourceTree = "<group>"; };
		F177AFEF49654E22BDB469B3 /* JPGReturnMatchingService.swift */ = {isa = PBXFileReference; lastKnownFileType = sourcecode.swift; path = JPGReturnMatchingService.swift; sourceTree = "<group>"; };
		FC10002 /* FaceCompareView.swift */ = {isa = PBXFileReference; lastKnownFileType = sourcecode.swift; path = FaceCompareView.swift; sourceTree = "<group>"; };
		FCR10002 /* FileConflictResolver.swift */ = {isa = PBXFileReference; lastKnownFileType = sourcecode.swift; name = FileConflictResolver.swift; path = PhotoRawManager/Services/FileConflictResolver.swift; sourceTree = SOURCE_ROOT; };
		FE4B8111B82E42D81DC67D2E /* TimelineView.swift */ = {isa = PBXFileReference; lastKnownFileType = sourcecode.swift; path = TimelineView.swift; sourceTree = "<group>"; };
		FES30002 /* FaceEmbeddingService.swift */ = {isa = PBXFileReference; lastKnownFileType = sourcecode.swift; path = FaceEmbeddingService.swift; sourceTree = "<group>"; };
		FPK10002 /* FocusPeakingOverlay.swift */ = {isa = PBXFileReference; lastKnownFileType = sourcecode.swift; path = FocusPeakingOverlay.swift; sourceTree = "<group>"; };
		HW10002 /* HWJPEGDecoder.swift */ = {isa = PBXFileReference; lastKnownFileType = sourcecode.swift; path = HWJPEGDecoder.swift; sourceTree = "<group>"; };
		HW10004 /* MetalImageProcessor.swift */ = {isa = PBXFileReference; lastKnownFileType = sourcecode.swift; path = MetalImageProcessor.swift; sourceTree = "<group>"; };
		HW10006 /* ParallelFFD8Scanner.swift */ = {isa = PBXFileReference; lastKnownFileType = sourcecode.swift; path = ParallelFFD8Scanner.swift; sourceTree = "<group>"; };
		HW10008 /* AggressiveImageCache.swift */ = {isa = PBXFileReference; lastKnownFileType = sourcecode.swift; path = AggressiveImageCache.swift; sourceTree = "<group>"; };
		IES30002 /* ImageEmbeddingService.swift */ = {isa = PBXFileReference; lastKnownFileType = sourcecode.swift; path = ImageEmbeddingService.swift; sourceTree = "<group>"; };
		KWT10002 /* KeywordTaggingService.swift */ = {isa = PBXFileReference; lastKnownFileType = sourcecode.swift; path = KeywordTaggingService.swift; sourceTree = "<group>"; };
		L10002 /* Localizable.xcstrings */ = {isa = PBXFileReference; lastKnownFileType = text.json.xcstrings; path = Localizable.xcstrings; sourceTree = "<group>"; };
		LUT10002 /* LUTService.swift */ = {isa = PBXFileReference; lastKnownFileType = sourcecode.swift; path = LUTService.swift; sourceTree = "<group>"; };
		MFXU10001 /* MetalFXUpscaler.swift */ = {isa = PBXFileReference; lastKnownFileType = sourcecode.swift; path = MetalFXUpscaler.swift; sourceTree = "<group>"; };
		MG10002 /* MemoryGuardService.swift */ = {isa = PBXFileReference; lastKnownFileType = sourcecode.swift; name = MemoryGuardService.swift; path = PhotoRawManager/Services/MemoryGuardService.swift; sourceTree = SOURCE_ROOT; };
		MLH10001 /* MemoryLeakHUD.swift */ = {isa = PBXFileReference; lastKnownFileType = sourcecode.swift; path = MemoryLeakHUD.swift; sourceTree = "<group>"; };
		MLT10001 /* MemoryLeakTracker.swift */ = {isa = PBXFileReference; lastKnownFileType = sourcecode.swift; path = MemoryLeakTracker.swift; sourceTree = "<group>"; };
		NIKONADPT10002 /* NikonCameraAdapter.swift */ = {isa = PBXFileReference; lastKnownFileType = sourcecode.swift; path = NikonCameraAdapter.swift; sourceTree = "<group>"; };
		NP10002 /* NavigationPerformanceMonitor.swift */ = {isa = PBXFileReference; lastKnownFileType = sourcecode.swift; name = NavigationPerformanceMonitor.swift; path = PhotoRawManager/Services/NavigationPerformanceMonitor.swift; sourceTree = SOURCE_ROOT; };
		NP10004 /* NavigationPerformanceHUD.swift */ = {isa = PBXFileReference; lastKnownFileType = sourcecode.swift; name = NavigationPerformanceHUD.swift; path = PhotoRawManager/Views/NavigationPerformanceHUD.swift; sourceTree = SOURCE_ROOT; };
		DH10002 /* DebugHUD.swift */ = {isa = PBXFileReference; lastKnownFileType = sourcecode.swift; name = DebugHUD.swift; path = PhotoRawManager/Views/DebugHUD.swift; sourceTree = SOURCE_ROOT; };
		NR10002 /* NASOptimizedReader.swift */ = {isa = PBXFileReference; lastKnownFileType = sourcecode.swift; path = NASOptimizedReader.swift; sourceTree = "<group>"; };
		NSCV10001 /* NSCropView.swift */ = {isa = PBXFileReference; lastKnownFileType = sourcecode.swift; path = NSCropView.swift; sourceTree = "<group>"; };
		NTLV10001 /* NativeTableListView.swift */ = {isa = PBXFileReference; lastKnownFileType = sourcecode.swift; path = NativeTableListView.swift; sourceTree = "<group>"; };
		NTLV20001 /* NativeTableListView+Coordinator.swift */ = {isa = PBXFileReference; lastKnownFileType = sourcecode.swift; path = "NativeTableListView+Coordinator.swift"; sourceTree = "<group>"; };
		PB20002 /* BackupProgressBar.swift */ = {isa = PBXFileReference; lastKnownFileType = sourcecode.swift; path = BackupProgressBar.swift; sourceTree = "<group>"; };
		PB20004 /* ExportProgressBar.swift */ = {isa = PBXFileReference; lastKnownFileType = sourcecode.swift; path = ExportProgressBar.swift; sourceTree = "<group>"; };
		PB20006 /* ClientUploadProgressBar.swift */ = {isa = PBXFileReference; lastKnownFileType = sourcecode.swift; path = ClientUploadProgressBar.swift; sourceTree = "<group>"; };
		PB20008 /* FileMoveProgressBar.swift */ = {isa = PBXFileReference; lastKnownFileType = sourcecode.swift; path = FileMoveProgressBar.swift; sourceTree = "<group>"; };
		PB20010 /* AIClassifyProgressBar.swift */ = {isa = PBXFileReference; lastKnownFileType = sourcecode.swift; path = AIClassifyProgressBar.swift; sourceTree = "<group>"; };
		PB20012 /* VisionAnalysisProgressPanel.swift */ = {isa = PBXFileReference; lastKnownFileType = sourcecode.swift; path = VisionAnalysisProgressPanel.swift; sourceTree = "<group>"; };
		PBTRV10002 /* TransferProgressView.swift */ = {isa = PBXFileReference; lastKnownFileType = sourcecode.swift; path = TransferProgressView.swift; sourceTree = "<group>"; };
		PS10002 /* PictureStyleService.swift */ = {isa = PBXFileReference; lastKnownFileType = sourcecode.swift; path = PictureStyleService.swift; sourceTree = "<group>"; };
		PS10004 /* PictureStylePreviewView.swift */ = {isa = PBXFileReference; lastKnownFileType = sourcecode.swift; path = PictureStylePreviewView.swift; sourceTree = "<group>"; };
		PSA20002 /* PhotoStore+Analysis.swift */ = {isa = PBXFileReference; lastKnownFileType = sourcecode.swift; path = "PhotoStore+Analysis.swift"; sourceTree = "<group>"; };
		PSC20002 /* PhotoStore+Collections.swift */ = {isa = PBXFileReference; lastKnownFileType = sourcecode.swift; path = "PhotoStore+Collections.swift"; sourceTree = "<group>"; };
		PSE20002 /* PhotoStore+Exif.swift */ = {isa = PBXFileReference; lastKnownFileType = sourcecode.swift; path = "PhotoStore+Exif.swift"; sourceTree = "<group>"; };
		PSF20002 /* PhotoStore+Folder.swift */ = {isa = PBXFileReference; lastKnownFileType = sourcecode.swift; path = "PhotoStore+Folder.swift"; sourceTree = "<group>"; };
		PSM20002 /* PhotoStore+Move.swift */ = {isa = PBXFileReference; lastKnownFileType = sourcecode.swift; path = "PhotoStore+Move.swift"; sourceTree = "<group>"; };
		PSR20002 /* PhotoStore+Rating.swift */ = {isa = PBXFileReference; lastKnownFileType = sourcecode.swift; path = "PhotoStore+Rating.swift"; sourceTree = "<group>"; };
		PSROT10001 /* PhotoStore+Rotation.swift */ = {isa = PBXFileReference; lastKnownFileType = sourcecode.swift; path = "PhotoStore+Rotation.swift"; sourceTree = "<group>"; };
		PSS20002 /* PhotoStore+Selection.swift */ = {isa = PBXFileReference; lastKnownFileType = sourcecode.swift; path = "PhotoStore+Selection.swift"; sourceTree = "<group>"; };
		PSU20002 /* PhotoStore+UI.swift */ = {isa = PBXFileReference; lastKnownFileType = sourcecode.swift; path = "PhotoStore+UI.swift"; sourceTree = "<group>"; };
		PTD30002 /* PreferenceTrainingDialog.swift */ = {isa = PBXFileReference; lastKnownFileType = sourcecode.swift; path = PreferenceTrainingDialog.swift; sourceTree = "<group>"; };
		ROT10001 /* RotationService.swift */ = {isa = PBXFileReference; lastKnownFileType = sourcecode.swift; path = RotationService.swift; sourceTree = "<group>"; };
		SBS10002 /* SandboxBookmarkService.swift */ = {isa = PBXFileReference; lastKnownFileType = sourcecode.swift; path = SandboxBookmarkService.swift; sourceTree = "<group>"; };
		SC10002 /* SmartCropService.swift */ = {isa = PBXFileReference; lastKnownFileType = sourcecode.swift; path = SmartCropService.swift; sourceTree = "<group>"; };
		SE20002 /* SettingsView.swift */ = {isa = PBXFileReference; lastKnownFileType = sourcecode.swift; path = SettingsView.swift; sourceTree = "<group>"; };
		SE20004 /* GeneralSettingsTab.swift */ = {isa = PBXFileReference; lastKnownFileType = sourcecode.swift; path = GeneralSettingsTab.swift; sourceTree = "<group>"; };
		SE20006 /* PreviewSettingsTab.swift */ = {isa = PBXFileReference; lastKnownFileType = sourcecode.swift; path = PreviewSettingsTab.swift; sourceTree = "<group>"; };
		SE20008 /* ExportSettingsTab.swift */ = {isa = PBXFileReference; lastKnownFileType = sourcecode.swift; path = ExportSettingsTab.swift; sourceTree = "<group>"; };
		SE20010 /* AIEngineSettingsTab.swift */ = {isa = PBXFileReference; lastKnownFileType = sourcecode.swift; path = AIEngineSettingsTab.swift; sourceTree = "<group>"; };
		SE20012 /* PerformanceSettingsTab.swift */ = {isa = PBXFileReference; lastKnownFileType = sourcecode.swift; path = PerformanceSettingsTab.swift; sourceTree = "<group>"; };
		SE20014 /* ShortcutsSettingsTab.swift */ = {isa = PBXFileReference; lastKnownFileType = sourcecode.swift; path = ShortcutsSettingsTab.swift; sourceTree = "<group>"; };
		SE20016 /* CacheSettingsTab.swift */ = {isa = PBXFileReference; lastKnownFileType = sourcecode.swift; path = CacheSettingsTab.swift; sourceTree = "<group>"; };
		SE20018 /* PerformanceOptimizeTab.swift */ = {isa = PBXFileReference; lastKnownFileType = sourcecode.swift; path = PerformanceOptimizeTab.swift; sourceTree = "<group>"; };
		SES30002 /* SelectionEventStore.swift */ = {isa = PBXFileReference; lastKnownFileType = sourcecode.swift; path = SelectionEventStore.swift; sourceTree = "<group>"; };
		SMC10002 /* SmartCullService.swift */ = {isa = PBXFileReference; lastKnownFileType = sourcecode.swift; path = SmartCullService.swift; sourceTree = "<group>"; };
		SMC10004 /* SmartCullView.swift */ = {isa = PBXFileReference; lastKnownFileType = sourcecode.swift; path = SmartCullView.swift; sourceTree = "<group>"; };
		SONYADPT10002 /* SonyCameraAdapter.swift */ = {isa = PBXFileReference; lastKnownFileType = sourcecode.swift; path = SonyCameraAdapter.swift; sourceTree = "<group>"; };
		SSP10002 /* SystemSpec.swift */ = {isa = PBXFileReference; lastKnownFileType = sourcecode.swift; path = SystemSpec.swift; sourceTree = "<group>"; };
		SSS30002 /* SemanticSearchService.swift */ = {isa = PBXFileReference; lastKnownFileType = sourcecode.swift; path = SemanticSearchService.swift; sourceTree = "<group>"; };
		STL10002 /* StyleLearner.swift */ = {isa = PBXFileReference; lastKnownFileType = sourcecode.swift; path = StyleLearner.swift; sourceTree = "<group>"; };
		SV20002 /* APIUsageViews.swift */ = {isa = PBXFileReference; lastKnownFileType = sourcecode.swift; path = APIUsageViews.swift; sourceTree = "<group>"; };
		SV20004 /* AnalysisOptionsView.swift */ = {isa = PBXFileReference; lastKnownFileType = sourcecode.swift; path = AnalysisOptionsView.swift; sourceTree = "<group>"; };
		SV20006 /* SelectionInfoBadge.swift */ = {isa = PBXFileReference; lastKnownFileType = sourcecode.swift; path = SelectionInfoBadge.swift; sourceTree = "<group>"; };
		SV20008 /* DragHandle.swift */ = {isa = PBXFileReference; lastKnownFileType = sourcecode.swift; path = DragHandle.swift; sourceTree = "<group>"; };
		SV20010 /* KeyEventHandling.swift */ = {isa = PBXFileReference; lastKnownFileType = sourcecode.swift; path = KeyEventHandling.swift; sourceTree = "<group>"; };
		SV20012 /* DisabledGuide.swift */ = {isa = PBXFileReference; lastKnownFileType = sourcecode.swift; path = DisabledGuide.swift; sourceTree = "<group>"; };
		SV20014 /* StartupView.swift */ = {isa = PBXFileReference; lastKnownFileType = sourcecode.swift; path = StartupView.swift; sourceTree = "<group>"; };
		SV20016 /* FileSyncPopupView.swift */ = {isa = PBXFileReference; lastKnownFileType = sourcecode.swift; path = FileSyncPopupView.swift; sourceTree = "<group>"; };
		SV20018 /* RawMatchResultView.swift */ = {isa = PBXFileReference; lastKnownFileType = sourcecode.swift; path = RawMatchResultView.swift; sourceTree = "<group>"; };
		SV20020 /* FullscreenView.swift */ = {isa = PBXFileReference; lastKnownFileType = sourcecode.swift; path = FullscreenView.swift; sourceTree = "<group>"; };
		SV20022 /* PickshotImportResultSheet.swift */ = {isa = PBXFileReference; lastKnownFileType = sourcecode.swift; path = PickshotImportResultSheet.swift; sourceTree = "<group>"; };
		SWP10001 /* CacheSweeper.swift */ = {isa = PBXFileReference; lastKnownFileType = sourcecode.swift; path = CacheSweeper.swift; sourceTree = "<group>"; };
		TES30002 /* TextEncoderService.swift */ = {isa = PBXFileReference; lastKnownFileType = sourcecode.swift; path = TextEncoderService.swift; sourceTree = "<group>"; };
		TET10002 /* TetherService.swift */ = {isa = PBXFileReference; lastKnownFileType = sourcecode.swift; path = TetherService.swift; sourceTree = "<group>"; };
		TETCMSN10002 /* TetherComingSoonView.swift */ = {isa = PBXFileReference; lastKnownFileType = sourcecode.swift; path = TetherComingSoonView.swift; sourceTree = "<group>"; };
		TETCOORD10002 /* TetherCoordinator.swift */ = {isa = PBXFileReference; lastKnownFileType = sourcecode.swift; path = TetherCoordinator.swift; sourceTree = "<group>"; };
		TETV10002 /* TetherView.swift */ = {isa = PBXFileReference; lastKnownFileType = sourcecode.swift; path = TetherView.swift; sourceTree = "<group>"; };
		TKS10002 /* TesterKeyService.swift */ = {isa = PBXFileReference; lastKnownFileType = sourcecode.swift; path = TesterKeyService.swift; sourceTree = "<group>"; };
		UG10002 /* UprightGuideView.swift */ = {isa = PBXFileReference; lastKnownFileType = sourcecode.swift; path = UprightGuideView.swift; sourceTree = "<group>"; };
		UPP30002 /* UserPreferenceProfile.swift */ = {isa = PBXFileReference; lastKnownFileType = sourcecode.swift; path = UserPreferenceProfile.swift; sourceTree = "<group>"; };
		VPM10002 /* VideoPlayerManager.swift */ = {isa = PBXFileReference; lastKnownFileType = sourcecode.swift; path = VideoPlayerManager.swift; sourceTree = "<group>"; };
		VPV10002 /* VideoPlayerView.swift */ = {isa = PBXFileReference; lastKnownFileType = sourcecode.swift; path = VideoPlayerView.swift; sourceTree = "<group>"; };
		VSCV30002 /* VisualSearchCropView.swift */ = {isa = PBXFileReference; lastKnownFileType = sourcecode.swift; path = VisualSearchCropView.swift; sourceTree = "<group>"; };
		VSCW30002 /* VisualSearchCropWindow.swift */ = {isa = PBXFileReference; lastKnownFileType = sourcecode.swift; path = VisualSearchCropWindow.swift; sourceTree = "<group>"; };
		VSHD30002 /* VisualSearchHUD.swift */ = {isa = PBXFileReference; lastKnownFileType = sourcecode.swift; path = VisualSearchHUD.swift; sourceTree = "<group>"; };
		VSS30002 /* VisualSearchService.swift */ = {isa = PBXFileReference; lastKnownFileType = sourcecode.swift; path = VisualSearchService.swift; sourceTree = "<group>"; };
		WMP10002 /* WatermarkPreviewView.swift */ = {isa = PBXFileReference; lastKnownFileType = sourcecode.swift; path = WatermarkPreviewView.swift; sourceTree = "<group>"; };
		XMP10002 /* XMPService.swift */ = {isa = PBXFileReference; lastKnownFileType = sourcecode.swift; path = XMPService.swift; sourceTree = "<group>"; };
		ZEB10002 /* ZebraWarningOverlay.swift */ = {isa = PBXFileReference; lastKnownFileType = sourcecode.swift; path = ZebraWarningOverlay.swift; sourceTree = "<group>"; };
/* End PBXFileReference section */

/* Begin PBXFrameworksBuildPhase section */
		C10001 /* Frameworks */ = {
			isa = PBXFrameworksBuildPhase;
			buildActionMask = 2147483647;
			files = (
			);
			runOnlyForDeploymentPostprocessing = 0;
		};
/* End PBXFrameworksBuildPhase section */

/* Begin PBXGroup section */
		105C96A788972E7E2679468B /* Bridging */ = {
			isa = PBXGroup;
			children = (
				355C7F48E6B8ADC5DE0EE0E6 /* PickShot-Bridging-Header.h */,
			);
			name = Bridging;
			path = PhotoRawManager/Bridging;
			sourceTree = SOURCE_ROOT;
		};
		6624231F2F906CCD00E689AC /* Recovered References */ = {
			isa = PBXGroup;
			children = (
				A20042 /* PerformanceMonitor.swift */,
			);
			name = "Recovered References";
			sourceTree = "<group>";
		};
		AI20000 /* AI */ = {
			isa = PBXGroup;
			children = (
				AI20002 /* APIUsageTracker.swift */,
				AI20004 /* ClaudeVisionService.swift */,
				AI20006 /* GeminiService.swift */,
				FES30002 /* FaceEmbeddingService.swift */,
				IES30002 /* ImageEmbeddingService.swift */,
				EIX30002 /* EmbeddingIndex.swift */,
				CTK30002 /* CLIPTokenizer.swift */,
				TES30002 /* TextEncoderService.swift */,
				BDS30002 /* BurstDetectionService.swift */,
				BPK30002 /* BurstPickerService.swift */,
				UPP30002 /* UserPreferenceProfile.swift */,
				SES30002 /* SelectionEventStore.swift */,
				SSS30002 /* SemanticSearchService.swift */,
				VSS30002 /* VisualSearchService.swift */,
			);
			path = AI;
			sourceTree = "<group>";
		};
		CL20000 /* Cloud */ = {
			isa = PBXGroup;
			children = (
				CL20002 /* LocalOAuthServer.swift */,
				CL20004 /* GoogleDriveService.swift */,
			);
			path = Cloud;
			sourceTree = "<group>";
		};
		D10000 = {
			isa = PBXGroup;
			children = (
				D10001 /* PhotoRawManager */,
				D10005 /* Products */,
				832E4A569DDF734271ED6268 /* UpdateService.swift */,
				94AD42C5A52672C7A1DE29F6 /* UpdateView.swift */,
				6624231F2F906CCD00E689AC /* Recovered References */,
			);
			sourceTree = "<group>";
		};
		D10001 /* PhotoRawManager */ = {
			isa = PBXGroup;
			children = (
				B10001 /* PhotoRawManagerApp.swift */,
				D10002 /* Models */,
				D10003 /* Views */,
				D10004 /* Services */,
				B10013 /* Assets.xcassets */,
				L10002 /* Localizable.xcstrings */,
				105C96A788972E7E2679468B /* Bridging */,
			);
			path = PhotoRawManager;
			sourceTree = "<group>";
		};
		D10002 /* Models */ = {
			isa = PBXGroup;
			children = (
				B10003 /* PhotoItem.swift */,
				B10004 /* PhotoStore.swift */,
				NAV10002 /* NavigationCore.swift */,
				PSC20002 /* PhotoStore+Collections.swift */,
				PSU20002 /* PhotoStore+UI.swift */,
				PSE20002 /* PhotoStore+Exif.swift */,
				PSR20002 /* PhotoStore+Rating.swift */,
				PSS20002 /* PhotoStore+Selection.swift */,
				PSF20002 /* PhotoStore+Folder.swift */,
				PSM20002 /* PhotoStore+Move.swift */,
				PSA20002 /* PhotoStore+Analysis.swift */,
				PSROT10001 /* PhotoStore+Rotation.swift */,
				CFG10002 /* AppConfig.swift */,
				81F5C27DF3F5D27545AA8F87 /* NIMAAesthetic.mlpackage */,
				4BFF8CC000002001001010A0 /* MobileCLIPImage.mlpackage */,
				4BFF8CC000002002001010A0 /* MobileCLIPText.mlpackage */,
				AF10004 /* AdaFaceR18.mlpackage */,
				DEV10001 /* DevelopSettings.swift */,
			);
			path = Models;
			sourceTree = "<group>";
		};
		D10003 /* Views */ = {
			isa = PBXGroup;
			children = (
				B10002 /* ContentView.swift */,
				CV10002 /* ContentView+Toolbar.swift */,
				CV10004 /* ContentView+FolderBrowser.swift */,
				SV20002 /* APIUsageViews.swift */,
				SV20004 /* AnalysisOptionsView.swift */,
				SV20006 /* SelectionInfoBadge.swift */,
				SV20008 /* DragHandle.swift */,
				SV20010 /* KeyEventHandling.swift */,
				SV20012 /* DisabledGuide.swift */,
				SV20014 /* StartupView.swift */,
				SV20016 /* FileSyncPopupView.swift */,
				SV20018 /* RawMatchResultView.swift */,
				SV20020 /* FullscreenView.swift */,
				SV20022 /* PickshotImportResultSheet.swift */,
				B10008 /* ThumbnailGridView.swift */,
				B10056 /* NSThumbnailCollectionView.swift */,
				B10009 /* PhotoPreviewView.swift */,
				PDS10002 /* PreviewDecodeScheduler.swift */,
				PLP10002 /* PreviewLoadingPolicy.swift */,
				PPL10002 /* PreviewPipeline.swift */,
				B10010 /* StarRatingView.swift */,
				B10011 /* ExifInfoView.swift */,
				B10012 /* ExportView.swift */,
				B10017 /* AIAnalysisView.swift */,
				B10019 /* PaywallView.swift */,
				B10020 /* ShortcutHelpView.swift */,
				B10021 /* HistogramView.swift */,
				B10022 /* CompareView.swift */,
				B10023 /* SlideshowView.swift */,
				B10024 /* TouchBarProvider.swift */,
				B10026 /* AppTheme.swift */,
				B10027 /* FilmstripView.swift */,
				B10028 /* BatchRenameView.swift */,
				B10029 /* MapView.swift */,
				B10032 /* GoogleDriveUploadView.swift */,
				B10033 /* AboutView.swift */,
				A20035 /* GSelectSetupView.swift */,
				A20036 /* GSelectQRView.swift */,
				CS10004 /* ClientSelectSetupView.swift */,
				SE20000 /* Settings */,
				PB20000 /* ProgressBars */,
				CV20002 /* MultiPreviewGrid.swift */,
				CV20004 /* DualViewerContent.swift */,
				CV20006 /* CustomPromptView.swift */,
				5997C658F4814B05A202D514 /* MatchingView.swift */,
				52C34EB4DBCFE9DC1FB1EDC3 /* SmartSelectView.swift */,
				A3CF055E61383353C2CCA322 /* StatsDashboardView.swift */,
				4E8C8DC3227F94E990E2676A /* AutoCullView.swift */,
				FE4B8111B82E42D81DC67D2E /* TimelineView.swift */,
				915A24B2FA4BE98570A5A738 /* MemoryCardBackupView.swift */,
				FC10002 /* FaceCompareView.swift */,
				UG10002 /* UprightGuideView.swift */,
				CR10002 /* CropView.swift */,
				BP10004 /* BatchProcessView.swift */,
				PS10004 /* PictureStylePreviewView.swift */,
				SMC10004 /* SmartCullView.swift */,
				ZEB10002 /* ZebraWarningOverlay.swift */,
				WMP10002 /* WatermarkPreviewView.swift */,
				FPK10002 /* FocusPeakingOverlay.swift */,
				62BB3C9EADBC4817914C49F2 /* MetadataEditorView.swift */,
				A24F2FA4B3F2468FA6426F35 /* ContactSheetView.swift */,
				VPV10002 /* VideoPlayerView.swift */,
				TETV10002 /* TetherView.swift */,
				TETCMSN10002 /* TetherComingSoonView.swift */,
				DEV20001 /* FloatingAdjustmentPill.swift */,
				DEV20003 /* DoubleClickResetSlider.swift */,
				DEV30001 /* CurveEditorView.swift */,
				DEV40001 /* InlineCropOverlay.swift */,
				DEV50001 /* PresetPanelView.swift */,
				NSCV10001 /* NSCropView.swift */,
				NTLV10001 /* NativeTableListView.swift */,
				NTLV20001 /* NativeTableListView+Coordinator.swift */,
				MLT10001 /* MemoryLeakTracker.swift */,
				MLH10001 /* MemoryLeakHUD.swift */,
				CPG10001 /* CacheProgressGauge.swift */,
				VSCV30002 /* VisualSearchCropView.swift */,
				VSHD30002 /* VisualSearchHUD.swift */,
				VSCW30002 /* VisualSearchCropWindow.swift */,
				BPD30002 /* BurstPickerDialog.swift */,
				PTD30002 /* PreferenceTrainingDialog.swift */,
			);
			path = Views;
			sourceTree = "<group>";
		};
		D10004 /* Services */ = {
			isa = PBXGroup;
			children = (
				B10005 /* FileMatchingService.swift */,
				B10006 /* ExifService.swift */,
				B10007 /* FileCopyService.swift */,
				B10014 /* ImageAnalysisService.swift */,
				B10015 /* ImageCorrectionService.swift */,
				AI20000 /* AI */,
				B10018 /* SubscriptionManager.swift */,
				TKS10002 /* TesterKeyService.swift */,
				SBS10002 /* SandboxBookmarkService.swift */,
				B10025 /* FolderWatcherService.swift */,
				B10030 /* FaceGroupingService.swift */,
				CL20000 /* Cloud */,
				A20034 /* GSelectService.swift */,
				CS10003 /* ClientSelectService.swift */,
				A20037 /* Logger.swift */,
				A20038 /* KeychainService.swift */,
				A20039 /* PickshotFileService.swift */,
				DC10001 /* DiskThumbnailCache.swift */,
				SWP10001 /* CacheSweeper.swift */,
				ROT10001 /* RotationService.swift */,
				B2A12130E1BE4A57BC7F1932 /* FilenameMatchingService.swift */,
				F177AFEF49654E22BDB469B3 /* JPGReturnMatchingService.swift */,
				F0AD92142A284546BD2E0466 /* AISimilarityService.swift */,
				C1432F55F1D147C6BD5D6B21 /* RAWConversionService.swift */,
				DB0149CC8D993C1D6A7E1943 /* SmartSelectService.swift */,
				C74A91831108ED991CD31ADE /* MemoryCardBackupService.swift */,
				18B9AD88F78788103034A9CD /* NIMAService.swift */,
				AF10002 /* AdaFaceService.swift */,
				1F28915B9DB29857371992AB /* PerspectiveCorrectionService.swift */,
				XMP10002 /* XMPService.swift */,
				KWT10002 /* KeywordTaggingService.swift */,
				BP10002 /* BatchProcessService.swift */,
				SC10002 /* SmartCropService.swift */,
				AE10002 /* AIEnhanceService.swift */,
				PS10002 /* PictureStyleService.swift */,
				SMC10002 /* SmartCullService.swift */,
				STL10002 /* StyleLearner.swift */,
				4789E07AA11E4A87B88B68F3 /* ContactSheetService.swift */,
				0F49722BE76942B09BE50E23 /* AdvancedClassificationService.swift */,
				VPM10002 /* VideoPlayerManager.swift */,
				TET10002 /* TetherService.swift */,
				TETHERGROUP /* Tether */,
				LUT10002 /* LUTService.swift */,
				SSP10002 /* SystemSpec.swift */,
				HW10000 /* Hardware */,
				E6484FA4B4C184B8BDE53E19 /* VideoMarkerService.swift */,
				FCR10002 /* FileConflictResolver.swift */,
				CSL10002 /* ClientSessionListView.swift */,
				CPS10002 /* ClientProxySetupView.swift */,
				CPO10002 /* ClientPenOverlayView.swift */,
				NP10002 /* NavigationPerformanceMonitor.swift */,
				NP10004 /* NavigationPerformanceHUD.swift */,
				DH10002 /* DebugHUD.swift */,
				MG10002 /* MemoryGuardService.swift */,
				DEV10003 /* DevelopStore.swift */,
				DEV10005 /* DevelopPipeline.swift */,
				DEV60001 /* KeyBindingStore.swift */,
				DEV70001 /* AdjustmentPanelState.swift */,
				3306606A090F08DB9738BB61 /* LibRawDecoder.swift */,
			);
			path = Services;
			sourceTree = "<group>";
		};
		D10005 /* Products */ = {
			isa = PBXGroup;
			children = (
				B10000 /* PickShot.app */,
			);
			name = Products;
			sourceTree = "<group>";
		};
		HW10000 /* Hardware */ = {
			isa = PBXGroup;
			children = (
				HW10002 /* HWJPEGDecoder.swift */,
				HW10004 /* MetalImageProcessor.swift */,
				NR10002 /* NASOptimizedReader.swift */,
				HW10006 /* ParallelFFD8Scanner.swift */,
				HW10008 /* AggressiveImageCache.swift */,
				MFXU10001 /* MetalFXUpscaler.swift */,
				CLIP10001 /* ClippingOverlayRenderer.swift */,
				CLIP10003 /* ClippingOverlayShader.metal */,
			);
			path = Hardware;
			sourceTree = "<group>";
		};
		PB20000 /* ProgressBars */ = {
			isa = PBXGroup;
			children = (
				PB20002 /* BackupProgressBar.swift */,
				PB20004 /* ExportProgressBar.swift */,
				PB20006 /* ClientUploadProgressBar.swift */,
				PB20008 /* FileMoveProgressBar.swift */,
				PBTRV10002 /* TransferProgressView.swift */,
				PB20010 /* AIClassifyProgressBar.swift */,
				PB20012 /* VisionAnalysisProgressPanel.swift */,
			);
			path = ProgressBars;
			sourceTree = "<group>";
		};
		SE20000 /* Settings */ = {
			isa = PBXGroup;
			children = (
				SE20002 /* SettingsView.swift */,
				SE20004 /* GeneralSettingsTab.swift */,
				SE20006 /* PreviewSettingsTab.swift */,
				SE20008 /* ExportSettingsTab.swift */,
				SE20010 /* AIEngineSettingsTab.swift */,
				SE20012 /* PerformanceSettingsTab.swift */,
				SE20014 /* ShortcutsSettingsTab.swift */,
				SE20016 /* CacheSettingsTab.swift */,
				SE20018 /* PerformanceOptimizeTab.swift */,
			);
			path = Settings;
			sourceTree = "<group>";
		};
		TETHERGROUP /* Tether */ = {
			isa = PBXGroup;
			children = (
				CAMCTRL10002 /* CameraController.swift */,
				SONYADPT10002 /* SonyCameraAdapter.swift */,
				CANONADPT10002 /* CanonCameraAdapter.swift */,
				NIKONADPT10002 /* NikonCameraAdapter.swift */,
				TETCOORD10002 /* TetherCoordinator.swift */,
			);
			path = Tether;
			sourceTree = "<group>";
		};
/* End PBXGroup section */

/* Begin PBXNativeTarget section */
		E10001 /* PhotoRawManager */ = {
			isa = PBXNativeTarget;
			buildConfigurationList = F10003 /* Build configuration list for PBXNativeTarget "PhotoRawManager" */;
			buildPhases = (
				C10002 /* Sources */,
				C10001 /* Frameworks */,
				C10003 /* Resources */,
			);
			buildRules = (
			);
			dependencies = (
			);
			name = PhotoRawManager;
			productName = PhotoRawManager;
			productReference = B10000 /* PickShot.app */;
			productType = "com.apple.product-type.application";
		};
/* End PBXNativeTarget section */

/* Begin PBXProject section */
		E10000 /* Project object */ = {
			isa = PBXProject;
			attributes = {
				BuildIndependentTargetsInParallel = 1;
				LastSwiftUpdateCheck = 1500;
				LastUpgradeCheck = 2630;
				TargetAttributes = {
					E10001 = {
						CreatedOnToolsVersion = 15.0;
					};
				};
			};
			buildConfigurationList = F10001 /* Build configuration list for PBXProject "PhotoRawManager" */;
			compatibilityVersion = "Xcode 14.0";
			developmentRegion = ko;
			hasScannedForEncodings = 0;
			knownRegions = (
				en,
				ko,
				Base,
			);
			mainGroup = D10000;
			productRefGroup = D10005 /* Products */;
			projectDirPath = "";
			projectRoot = "";
			targets = (
				E10001 /* PhotoRawManager */,
			);
		};
/* End PBXProject section */

/* Begin PBXResourcesBuildPhase section */
		C10003 /* Resources */ = {
			isa = PBXResourcesBuildPhase;
			buildActionMask = 2147483647;
			files = (
				A10013 /* Assets.xcassets in Resources */,
				L10001 /* Localizable.xcstrings in Resources */,
				4BFF8CBFEC087D25630A96C0 /* NIMAAesthetic.mlpackage in Resources */,
				4BFF8CC000001001001010A0 /* MobileCLIPImage.mlpackage in Resources */,
				4BFF8CC000001002001010A0 /* MobileCLIPText.mlpackage in Resources */,
				BPE30001 /* bpe_simple_vocab_16e6.txt.gz in Resources */,
				AF10003 /* AdaFaceR18.mlpackage in Resources */,
			);
			runOnlyForDeploymentPostprocessing = 0;
		};
/* End PBXResourcesBuildPhase section */

/* Begin PBXSourcesBuildPhase section */
		C10002 /* Sources */ = {
			isa = PBXSourcesBuildPhase;
			buildActionMask = 2147483647;
			files = (
				1AFAF8F0102C4E9CB0A41550 /* MetadataEditorView.swift in Sources */,
				2812FB343C1A4B86BA87ADCF /* ContactSheetView.swift in Sources */,
				069D174038784E019EFEA489 /* ContactSheetService.swift in Sources */,
				82BD916A16474BDFB1437B22 /* AdvancedClassificationService.swift in Sources */,
				80D5EC1226D34B2F86E1DDBF /* RAWConversionService.swift in Sources */,
				901A3228D9323CDAAA68F85F /* PerspectiveCorrectionService.swift in Sources */,
				F51432D703E705F9D22F165C /* NIMAService.swift in Sources */,
				AF10001 /* AdaFaceService.swift in Sources */,
				89FA514B7D900AA27EBE8B0B /* MemoryCardBackupView.swift in Sources */,
				6BB1A7FBB16933A68ECD3C22 /* MemoryCardBackupService.swift in Sources */,
				939BDC2C189B4A2F8DBCE187 /* MatchingView.swift in Sources */,
				60033346D5E04D0AA2513D40 /* AISimilarityService.swift in Sources */,
				73661F58D4124E00ACAA3CC6 /* JPGReturnMatchingService.swift in Sources */,
				49509F6E57E24C42A069B239 /* FilenameMatchingService.swift in Sources */,
				XMP10001 /* XMPService.swift in Sources */,
				VPM10001 /* VideoPlayerManager.swift in Sources */,
				LUT10001 /* LUTService.swift in Sources */,
				VPV10001 /* VideoPlayerView.swift in Sources */,
				TET10001 /* TetherService.swift in Sources */,
				TETV10001 /* TetherView.swift in Sources */,
				TETCMSN10001 /* TetherComingSoonView.swift in Sources */,
				CAMCTRL10001 /* CameraController.swift in Sources */,
				SONYADPT10001 /* SonyCameraAdapter.swift in Sources */,
				CANONADPT10001 /* CanonCameraAdapter.swift in Sources */,
				NIKONADPT10001 /* NikonCameraAdapter.swift in Sources */,
				TETCOORD10001 /* TetherCoordinator.swift in Sources */,
				A10001 /* PhotoRawManagerApp.swift in Sources */,
				A10002 /* ContentView.swift in Sources */,
				A10003 /* PhotoItem.swift in Sources */,
				A10004 /* PhotoStore.swift in Sources */,
				NAV10001 /* NavigationCore.swift in Sources */,
				PSC20001 /* PhotoStore+Collections.swift in Sources */,
				PSU20001 /* PhotoStore+UI.swift in Sources */,
				PSE20001 /* PhotoStore+Exif.swift in Sources */,
				PSR20001 /* PhotoStore+Rating.swift in Sources */,
				PSS20001 /* PhotoStore+Selection.swift in Sources */,
				PSF20001 /* PhotoStore+Folder.swift in Sources */,
				PSM20001 /* PhotoStore+Move.swift in Sources */,
				PSA20001 /* PhotoStore+Analysis.swift in Sources */,
				PSROT10002 /* PhotoStore+Rotation.swift in Sources */,
				ROT10002 /* RotationService.swift in Sources */,
				CFG10001 /* AppConfig.swift in Sources */,
				TKS10001 /* TesterKeyService.swift in Sources */,
				SBS10001 /* SandboxBookmarkService.swift in Sources */,
				A10005 /* FileMatchingService.swift in Sources */,
				A10006 /* ExifService.swift in Sources */,
				A10007 /* FileCopyService.swift in Sources */,
				A10008 /* ThumbnailGridView.swift in Sources */,
				A10009 /* PhotoPreviewView.swift in Sources */,
				PDS10001 /* PreviewDecodeScheduler.swift in Sources */,
				PLP10001 /* PreviewLoadingPolicy.swift in Sources */,
				PPL10001 /* PreviewPipeline.swift in Sources */,
				A10010 /* StarRatingView.swift in Sources */,
				A10011 /* ExifInfoView.swift in Sources */,
				A10012 /* ExportView.swift in Sources */,
				A10014 /* ImageAnalysisService.swift in Sources */,
				A10015 /* ImageCorrectionService.swift in Sources */,
				AI20001 /* APIUsageTracker.swift in Sources */,
				AI20003 /* ClaudeVisionService.swift in Sources */,
				AI20005 /* GeminiService.swift in Sources */,
				FES30001 /* FaceEmbeddingService.swift in Sources */,
				IES30001 /* ImageEmbeddingService.swift in Sources */,
				EIX30001 /* EmbeddingIndex.swift in Sources */,
				CTK30001 /* CLIPTokenizer.swift in Sources */,
				TES30001 /* TextEncoderService.swift in Sources */,
				BDS30001 /* BurstDetectionService.swift in Sources */,
				BPK30001 /* BurstPickerService.swift in Sources */,
				UPP30001 /* UserPreferenceProfile.swift in Sources */,
				SES30001 /* SelectionEventStore.swift in Sources */,
				BPD30001 /* BurstPickerDialog.swift in Sources */,
				PTD30001 /* PreferenceTrainingDialog.swift in Sources */,
				SSS30001 /* SemanticSearchService.swift in Sources */,
				VSS30001 /* VisualSearchService.swift in Sources */,
				VSCV30001 /* VisualSearchCropView.swift in Sources */,
				VSHD30001 /* VisualSearchHUD.swift in Sources */,
				VSCW30001 /* VisualSearchCropWindow.swift in Sources */,
				A10017 /* AIAnalysisView.swift in Sources */,
				A10018 /* SubscriptionManager.swift in Sources */,
				A10019 /* PaywallView.swift in Sources */,
				A10020 /* ShortcutHelpView.swift in Sources */,
				A10021 /* HistogramView.swift in Sources */,
				A10022 /* CompareView.swift in Sources */,
				A10023 /* SlideshowView.swift in Sources */,
				A10024 /* TouchBarProvider.swift in Sources */,
				A10025 /* FolderWatcherService.swift in Sources */,
				A10026 /* AppTheme.swift in Sources */,
				A10027 /* FilmstripView.swift in Sources */,
				A10028 /* BatchRenameView.swift in Sources */,
				A10029 /* MapView.swift in Sources */,
				A10030 /* FaceGroupingService.swift in Sources */,
				CL20001 /* LocalOAuthServer.swift in Sources */,
				CL20003 /* GoogleDriveService.swift in Sources */,
				B20036 /* GSelectQRView.swift in Sources */,
				B20035 /* GSelectSetupView.swift in Sources */,
				B20034 /* GSelectService.swift in Sources */,
				B20037 /* Logger.swift in Sources */,
				B20038 /* KeychainService.swift in Sources */,
				B20039 /* PickshotFileService.swift in Sources */,
				B20042 /* PerformanceMonitor.swift in Sources */,
				DC10002 /* DiskThumbnailCache.swift in Sources */,
				SWP10002 /* CacheSweeper.swift in Sources */,
				CV10001 /* ContentView+Toolbar.swift in Sources */,
				CV10003 /* ContentView+FolderBrowser.swift in Sources */,
				SV20001 /* APIUsageViews.swift in Sources */,
				SV20003 /* AnalysisOptionsView.swift in Sources */,
				SV20005 /* SelectionInfoBadge.swift in Sources */,
				SV20007 /* DragHandle.swift in Sources */,
				SV20009 /* KeyEventHandling.swift in Sources */,
				SV20011 /* DisabledGuide.swift in Sources */,
				SV20013 /* StartupView.swift in Sources */,
				SV20015 /* FileSyncPopupView.swift in Sources */,
				SV20017 /* RawMatchResultView.swift in Sources */,
				SV20019 /* FullscreenView.swift in Sources */,
				SV20021 /* PickshotImportResultSheet.swift in Sources */,
				A10032 /* GoogleDriveUploadView.swift in Sources */,
				A10033 /* AboutView.swift in Sources */,
				SE20001 /* SettingsView.swift in Sources */,
				SE20003 /* GeneralSettingsTab.swift in Sources */,
				SE20005 /* PreviewSettingsTab.swift in Sources */,
				SE20007 /* ExportSettingsTab.swift in Sources */,
				SE20009 /* AIEngineSettingsTab.swift in Sources */,
				SE20011 /* PerformanceSettingsTab.swift in Sources */,
				SE20013 /* ShortcutsSettingsTab.swift in Sources */,
				SE20015 /* CacheSettingsTab.swift in Sources */,
				SE20017 /* PerformanceOptimizeTab.swift in Sources */,
				CV20001 /* MultiPreviewGrid.swift in Sources */,
				CV20003 /* DualViewerContent.swift in Sources */,
				NSCV10002 /* NSCropView.swift in Sources */,
				NTLV10002 /* NativeTableListView.swift in Sources */,
				NTLV20002 /* NativeTableListView+Coordinator.swift in Sources */,
				MLT10002 /* MemoryLeakTracker.swift in Sources */,
				MLH10002 /* MemoryLeakHUD.swift in Sources */,
				CPG10002 /* CacheProgressGauge.swift in Sources */,
				CV20005 /* CustomPromptView.swift in Sources */,
				PB20001 /* BackupProgressBar.swift in Sources */,
				PB20003 /* ExportProgressBar.swift in Sources */,
				PB20005 /* ClientUploadProgressBar.swift in Sources */,
				PB20007 /* FileMoveProgressBar.swift in Sources */,
				PBTRV10001 /* TransferProgressView.swift in Sources */,
				PB20009 /* AIClassifyProgressBar.swift in Sources */,
				PB20011 /* VisionAnalysisProgressPanel.swift in Sources */,
				61FA4B8CA5F03745413B32EC /* UpdateService.swift in Sources */,
				1F05414884699B73642AF15D /* UpdateView.swift in Sources */,
				A10056 /* NSThumbnailCollectionView.swift in Sources */,
				F92FB64D28A4E00ABB31BAEC /* SmartSelectService.swift in Sources */,
				DFDB300628BA9BC0A84AF0E8 /* SmartSelectView.swift in Sources */,
				2AFCCDB6F3124685F4658A9E /* StatsDashboardView.swift in Sources */,
				F19D162931397BFFC34F93FC /* AutoCullView.swift in Sources */,
				3CCCEDCEF523FCF37EDF6E3A /* TimelineView.swift in Sources */,
				FC10001 /* FaceCompareView.swift in Sources */,
				UG10001 /* UprightGuideView.swift in Sources */,
				KWT10001 /* KeywordTaggingService.swift in Sources */,
				BP10001 /* BatchProcessService.swift in Sources */,
				BP10003 /* BatchProcessView.swift in Sources */,
				CR10001 /* CropView.swift in Sources */,
				SC10001 /* SmartCropService.swift in Sources */,
				AE10001 /* AIEnhanceService.swift in Sources */,
				PS10001 /* PictureStyleService.swift in Sources */,
				PS10003 /* PictureStylePreviewView.swift in Sources */,
				SMC10001 /* SmartCullService.swift in Sources */,
				SMC10003 /* SmartCullView.swift in Sources */,
				STL10001 /* StyleLearner.swift in Sources */,
				ZEB10001 /* ZebraWarningOverlay.swift in Sources */,
				WMP10001 /* WatermarkPreviewView.swift in Sources */,
				FPK10001 /* FocusPeakingOverlay.swift in Sources */,
				CS10001 /* ClientSelectService.swift in Sources */,
				CS10002 /* ClientSelectSetupView.swift in Sources */,
				SSP10001 /* SystemSpec.swift in Sources */,
				HW10001 /* HWJPEGDecoder.swift in Sources */,
				NR10001 /* NASOptimizedReader.swift in Sources */,
				HW10003 /* MetalImageProcessor.swift in Sources */,
				HW10005 /* ParallelFFD8Scanner.swift in Sources */,
				HW10007 /* AggressiveImageCache.swift in Sources */,
				MFXU10002 /* MetalFXUpscaler.swift in Sources */,
				CLIP10002 /* ClippingOverlayRenderer.swift in Sources */,
				CLIP10004 /* ClippingOverlayShader.metal in Sources */,
				AC814BFDBB2077853A9E8A48 /* VideoMarkerService.swift in Sources */,
				FCR10001 /* FileConflictResolver.swift in Sources */,
				CSL10001 /* ClientSessionListView.swift in Sources */,
				CPS10001 /* ClientProxySetupView.swift in Sources */,
				CPO10001 /* ClientPenOverlayView.swift in Sources */,
				NP10001 /* NavigationPerformanceMonitor.swift in Sources */,
				NP10003 /* NavigationPerformanceHUD.swift in Sources */,
				DH10001 /* DebugHUD.swift in Sources */,
				MG10001 /* MemoryGuardService.swift in Sources */,
				DEV10002 /* DevelopSettings.swift in Sources */,
				DEV10004 /* DevelopStore.swift in Sources */,
				DEV10006 /* DevelopPipeline.swift in Sources */,
				DEV20002 /* FloatingAdjustmentPill.swift in Sources */,
				DEV20004 /* DoubleClickResetSlider.swift in Sources */,
				DEV30002 /* CurveEditorView.swift in Sources */,
				DEV40002 /* InlineCropOverlay.swift in Sources */,
				DEV50002 /* PresetPanelView.swift in Sources */,
				DEV60002 /* KeyBindingStore.swift in Sources */,
				DEV70002 /* AdjustmentPanelState.swift in Sources */,
				16DDFAAB68A755A85E023264 /* LibRawDecoder.swift in Sources */,
			);
			runOnlyForDeploymentPostprocessing = 0;
		};
/* End PBXSourcesBuildPhase section */

/* Begin XCBuildConfiguration section */
		F10010 /* Debug */ = {
			isa = XCBuildConfiguration;
			buildSettings = {
				ALWAYS_SEARCH_USER_PATHS = NO;
				ASSETCATALOG_COMPILER_GENERATE_SWIFT_ASSET_SYMBOL_EXTENSIONS = YES;
				CLANG_ANALYZER_LOCALIZABILITY_NONLOCALIZED = YES;
				CLANG_ANALYZER_NONNULL = YES;
				CLANG_CXX_LANGUAGE_STANDARD = "gnu++20";
				CLANG_ENABLE_MODULES = YES;
				CLANG_ENABLE_OBJC_ARC = YES;
				CLANG_WARN_BLOCK_CAPTURE_AUTORELEASING = YES;
				CLANG_WARN_BOOL_CONVERSION = YES;
				CLANG_WARN_COMMA = YES;
				CLANG_WARN_CONSTANT_CONVERSION = YES;
				CLANG_WARN_DEPRECATED_OBJC_IMPLEMENTATIONS = YES;
				CLANG_WARN_EMPTY_BODY = YES;
				CLANG_WARN_ENUM_CONVERSION = YES;
				CLANG_WARN_INFINITE_RECURSION = YES;
				CLANG_WARN_INT_CONVERSION = YES;
				CLANG_WARN_NON_LITERAL_NULL_CONVERSION = YES;
				CLANG_WARN_OBJC_IMPLICIT_RETAIN_SELF = YES;
				CLANG_WARN_OBJC_LITERAL_CONVERSION = YES;
				CLANG_WARN_QUOTED_INCLUDE_IN_FRAMEWORK_HEADER = YES;
				CLANG_WARN_RANGE_LOOP_ANALYSIS = YES;
				CLANG_WARN_STRICT_PROTOTYPES = YES;
				CLANG_WARN_SUSPICIOUS_MOVE = YES;
				CLANG_WARN_UNREACHABLE_CODE = YES;
				CLANG_WARN__DUPLICATE_METHOD_MATCH = YES;
				COPY_PHASE_STRIP = NO;
				DEAD_CODE_STRIPPING = YES;
				DEBUG_INFORMATION_FORMAT = dwarf;
				ENABLE_STRICT_OBJC_MSGSEND = YES;
				ENABLE_TESTABILITY = YES;
				ENABLE_USER_SCRIPT_SANDBOXING = YES;
				GCC_C_LANGUAGE_STANDARD = gnu17;
				GCC_DYNAMIC_NO_PIC = NO;
				GCC_NO_COMMON_BLOCKS = YES;
				GCC_OPTIMIZATION_LEVEL = 0;
				GCC_WARN_64_TO_32_BIT_CONVERSION = YES;
				GCC_WARN_ABOUT_RETURN_TYPE = YES_ERROR;
				GCC_WARN_UNDECLARED_SELECTOR = YES;
				GCC_WARN_UNINITIALIZED_AUTOS = YES_AGGRESSIVE;
				GCC_WARN_UNUSED_FUNCTION = YES;
				GCC_WARN_UNUSED_VARIABLE = YES;
				MACOSX_DEPLOYMENT_TARGET = 14.0;
				MTL_ENABLE_DEBUG_INFO = INCLUDE_SOURCE;
				ONLY_ACTIVE_ARCH = YES;
				SDKROOT = macosx;
				STRING_CATALOG_GENERATE_SYMBOLS = NO;
				SWIFT_ACTIVE_COMPILATION_CONDITIONS = "DEBUG $(inherited)";
				SWIFT_OPTIMIZATION_LEVEL = "-Onone";
			};
			name = Debug;
		};
		F10011 /* Release */ = {
			isa = XCBuildConfiguration;
			buildSettings = {
				ALWAYS_SEARCH_USER_PATHS = NO;
				ASSETCATALOG_COMPILER_GENERATE_SWIFT_ASSET_SYMBOL_EXTENSIONS = YES;
				CLANG_ANALYZER_LOCALIZABILITY_NONLOCALIZED = YES;
				CLANG_ANALYZER_NONNULL = YES;
				CLANG_CXX_LANGUAGE_STANDARD = "gnu++20";
				CLANG_ENABLE_MODULES = YES;
				CLANG_ENABLE_OBJC_ARC = YES;
				CLANG_WARN_BLOCK_CAPTURE_AUTORELEASING = YES;
				CLANG_WARN_BOOL_CONVERSION = YES;
				CLANG_WARN_COMMA = YES;
				CLANG_WARN_CONSTANT_CONVERSION = YES;
				CLANG_WARN_DEPRECATED_OBJC_IMPLEMENTATIONS = YES;
				CLANG_WARN_EMPTY_BODY = YES;
				CLANG_WARN_ENUM_CONVERSION = YES;
				CLANG_WARN_INFINITE_RECURSION = YES;
				CLANG_WARN_INT_CONVERSION = YES;
				CLANG_WARN_NON_LITERAL_NULL_CONVERSION = YES;
				CLANG_WARN_OBJC_IMPLICIT_RETAIN_SELF = YES;
				CLANG_WARN_OBJC_LITERAL_CONVERSION = YES;
				CLANG_WARN_QUOTED_INCLUDE_IN_FRAMEWORK_HEADER = YES;
				CLANG_WARN_RANGE_LOOP_ANALYSIS = YES;
				CLANG_WARN_STRICT_PROTOTYPES = YES;
				CLANG_WARN_SUSPICIOUS_MOVE = YES;
				CLANG_WARN_UNREACHABLE_CODE = YES;
				CLANG_WARN__DUPLICATE_METHOD_MATCH = YES;
				COPY_PHASE_STRIP = NO;
				DEAD_CODE_STRIPPING = YES;
				DEBUG_INFORMATION_FORMAT = "dwarf-with-dsym";
				ENABLE_NS_ASSERTIONS = NO;
				ENABLE_STRICT_OBJC_MSGSEND = YES;
				ENABLE_USER_SCRIPT_SANDBOXING = YES;
				GCC_C_LANGUAGE_STANDARD = gnu17;
				GCC_NO_COMMON_BLOCKS = YES;
				GCC_OPTIMIZATION_LEVEL = s;
				GCC_WARN_64_TO_32_BIT_CONVERSION = YES;
				GCC_WARN_ABOUT_RETURN_TYPE = YES_ERROR;
				GCC_WARN_UNDECLARED_SELECTOR = YES;
				GCC_WARN_UNINITIALIZED_AUTOS = YES_AGGRESSIVE;
				GCC_WARN_UNUSED_FUNCTION = YES;
				GCC_WARN_UNUSED_VARIABLE = YES;
				LLVM_LTO = YES;
				MACOSX_DEPLOYMENT_TARGET = 14.0;
				MTL_ENABLE_DEBUG_INFO = NO;
				SDKROOT = macosx;
				STRING_CATALOG_GENERATE_SYMBOLS = NO;
				SWIFT_COMPILATION_MODE = wholemodule;
				SWIFT_OPTIMIZATION_LEVEL = "-O";
			};
			name = Release;
		};
		F10020 /* Debug */ = {
			isa = XCBuildConfiguration;
			buildSettings = {
				ASSETCATALOG_COMPILER_APPICON_NAME = AppIcon;
				ASSETCATALOG_COMPILER_GLOBAL_ACCENT_COLOR_NAME = AccentColor;
				CODE_SIGN_ENTITLEMENTS = PhotoRawManager/PhotoRawManager.entitlements;
				"CODE_SIGN_IDENTITY[sdk=macosx*]" = "Apple Development";
				CODE_SIGN_STYLE = Automatic;
				COMBINE_HIDPI_IMAGES = YES;
				CURRENT_PROJECT_VERSION = 39;
				DEAD_CODE_STRIPPING = YES;
				DEVELOPMENT_TEAM = 322DLHS5T8;
				ENABLE_APP_SANDBOX = YES;
				GENERATE_INFOPLIST_FILE = YES;
				HEADER_SEARCH_PATHS = /opt/homebrew/include;
				INFOPLIST_KEY_CFBundleDisplayName = PickShot;
				INFOPLIST_KEY_LSApplicationCategoryType = "public.app-category.photography";
				INFOPLIST_KEY_NSDesktopFolderUsageDescription = "사진 폴더를 열고 미리보기하기 위해 데스크탑 접근이 필요합니다.";
				INFOPLIST_KEY_NSDocumentsFolderUsageDescription = "사진 폴더를 열고 미리보기하기 위해 문서 폴더 접근이 필요합니다.";
				INFOPLIST_KEY_NSDownloadsFolderUsageDescription = "사진 폴더를 열고 미리보기하기 위해 다운로드 폴더 접근이 필요합니다.";
				INFOPLIST_KEY_NSHumanReadableCopyright = "Copyright 2026. All rights reserved.";
				INFOPLIST_KEY_NSRemovableVolumesUsageDescription = "외장 하드디스크나 메모리 카드의 사진을 불러오기 위해 접근이 필요합니다.";
				LIBRARY_SEARCH_PATHS = (
					"$(SRCROOT)/PhotoRawManager/Services",
					/opt/homebrew/lib,
				);
				MARKETING_VERSION = 9.0.2;
				OTHER_LDFLAGS = "-lraw";
				PRODUCT_BUNDLE_IDENTIFIER = com.pickshot.app;
				PRODUCT_NAME = PickShot;
				STRING_CATALOG_GENERATE_SYMBOLS = NO;
				SWIFT_EMIT_LOC_STRINGS = YES;
				SWIFT_OBJC_BRIDGING_HEADER = "PhotoRawManager/Bridging/PickShot-Bridging-Header.h";
				SWIFT_VERSION = 5.0;
			};
			name = Debug;
		};
		F10021 /* Release */ = {
			isa = XCBuildConfiguration;
			buildSettings = {
				ASSETCATALOG_COMPILER_APPICON_NAME = AppIcon;
				ASSETCATALOG_COMPILER_GLOBAL_ACCENT_COLOR_NAME = AccentColor;
				CODE_SIGN_ENTITLEMENTS = PhotoRawManager/PhotoRawManager.entitlements;
				"CODE_SIGN_IDENTITY[sdk=macosx*]" = "Apple Development";
				CODE_SIGN_STYLE = Automatic;
				COMBINE_HIDPI_IMAGES = YES;
				CURRENT_PROJECT_VERSION = 39;
				DEAD_CODE_STRIPPING = YES;
				DEVELOPMENT_TEAM = 322DLHS5T8;
				ENABLE_APP_SANDBOX = YES;
				GENERATE_INFOPLIST_FILE = YES;
				HEADER_SEARCH_PATHS = /opt/homebrew/include;
				INFOPLIST_KEY_CFBundleDisplayName = PickShot;
				INFOPLIST_KEY_LSApplicationCategoryType = "public.app-category.photography";
				INFOPLIST_KEY_NSDesktopFolderUsageDescription = "사진 폴더를 열고 미리보기하기 위해 데스크탑 접근이 필요합니다.";
				INFOPLIST_KEY_NSDocumentsFolderUsageDescription = "사진 폴더를 열고 미리보기하기 위해 문서 폴더 접근이 필요합니다.";
				INFOPLIST_KEY_NSDownloadsFolderUsageDescription = "사진 폴더를 열고 미리보기하기 위해 다운로드 폴더 접근이 필요합니다.";
				INFOPLIST_KEY_NSHumanReadableCopyright = "Copyright 2026. All rights reserved.";
				INFOPLIST_KEY_NSRemovableVolumesUsageDescription = "외장 하드디스크나 메모리 카드의 사진을 불러오기 위해 접근이 필요합니다.";
				LIBRARY_SEARCH_PATHS = (
					"$(SRCROOT)/PhotoRawManager/Services",
					/opt/homebrew/lib,
				);
				MARKETING_VERSION = 9.0.2;
				OTHER_LDFLAGS = "-lraw";
				PRODUCT_BUNDLE_IDENTIFIER = com.pickshot.app;
				PRODUCT_NAME = PickShot;
				STRING_CATALOG_GENERATE_SYMBOLS = NO;
				SWIFT_EMIT_LOC_STRINGS = YES;
				SWIFT_OBJC_BRIDGING_HEADER = "PhotoRawManager/Bridging/PickShot-Bridging-Header.h";
				SWIFT_VERSION = 5.0;
			};
			name = Release;
		};
/* End XCBuildConfiguration section */

/* Begin XCConfigurationList section */
		F10001 /* Build configuration list for PBXProject "PhotoRawManager" */ = {
			isa = XCConfigurationList;
			buildConfigurations = (
				F10010 /* Debug */,
				F10011 /* Release */,
			);
			defaultConfigurationIsVisible = 0;
			defaultConfigurationName = Release;
		};
		F10003 /* Build configuration list for PBXNativeTarget "PhotoRawManager" */ = {
			isa = XCConfigurationList;
			buildConfigurations = (
				F10020 /* Debug */,
				F10021 /* Release */,
			);
			defaultConfigurationIsVisible = 0;
			defaultConfigurationName = Release;
		};
/* End XCConfigurationList section */
	};
	rootObject = E10000 /* Project object */;
}
