// !$*UTF8*$!
{
	archiveVersion = 1;
	classes = {
	};
	objectVersion = 56;
	objects = {

/* Begin PBXBuildFile section */
		069D174038784E019EFEA489 /* ContactSheetService.swift in Sources */ = {isa = PBXBuildFile; fileRef = 4789E07AA11E4A87B88B68F3 /* ContactSheetService.swift */; };
		16DDFAAB68A755A85E023264 /* LibRawDecoder.swift in Sources */ = {isa = PBXBuildFile; fileRef = 3306606A090F08DB9738BB61 /* LibRawDecoder.swift */; };
		1AFAF8F0102C4E9CB0A41550 /* MetadataEditorView.swift in Sources */ = {isa = PBXBuildFile; fileRef = 62BB3C9EADBC4817914C49F2 /* MetadataEditorView.swift */; };
		1F05414884699B73642AF15D /* UpdateView.swift in Sources */ = {isa = PBXBuildFile; fileRef = 94AD42C5A52672C7A1DE29F6 /* UpdateView.swift */; };
		2812FB343C1A4B86BA87ADCF /* ContactSheetView.swift in Sources */ = {isa = PBXBuildFile; fileRef = A24F2FA4B3F2468FA6426F35 /* ContactSheetView.swift */; };
		2AFCCDB6F3124685F4658A9E /* StatsDashboardView.swift in Sources */ = {isa = PBXBuildFile; fileRef = A3CF055E61383353C2CCA322 /* StatsDashboardView.swift */; };
		3CCCEDCEF523FCF37EDF6E3A /* TimelineView.swift in Sources */ = {isa = PBXBuildFile; fileRef = FE4B8111B82E42D81DC67D2E /* TimelineView.swift */; };
		3D4849339C1FA00A46DA6B52 /* ProLockModal.swift in Sources */ = {isa = PBXBuildFile; fileRef = 4DF545F59E82C4C07F0A93A7 /* ProLockModal.swift */; };
		49509F6E57E24C42A069B239 /* FilenameMatchingService.swift in Sources */ = {isa = PBXBuildFile; fileRef = B2A12130E1BE4A57BC7F1932 /* FilenameMatchingService.swift */; };
		4BFF8CBFEC087D25630A96C0 /* NIMAAesthetic.mlpackage in Resources */ = {isa = PBXBuildFile; fileRef = 81F5C27DF3F5D27545AA8F87 /* NIMAAesthetic.mlpackage */; };
		4BFF8CC000001001001010A0 /* MobileCLIPImage.mlpackage in Resources */ = {isa = PBXBuildFile; fileRef = 4BFF8CC000002001001010A0 /* MobileCLIPImage.mlpackage */; };
		4BFF8CC000001002001010A0 /* MobileCLIPText.mlpackage in Resources */ = {isa = PBXBuildFile; fileRef = 4BFF8CC000002002001010A0 /* MobileCLIPText.mlpackage */; };
		60033346D5E04D0AA2513D40 /* AISimilarityService.swift in Sources */ = {isa = PBXBuildFile; fileRef = F0AD92142A284546BD2E0466 /* AISimilarityService.swift */; };
		61FA4B8CA5F03745413B32EC /* UpdateService.swift in Sources */ = {isa = PBXBuildFile; fileRef = 832E4A569DDF734271ED6268 /* UpdateService.swift */; };
		6BB1A7FBB16933A68ECD3C22 /* MemoryCardBackupService.swift in Sources */ = {isa = PBXBuildFile; fileRef = C74A91831108ED991CD31ADE /* MemoryCardBackupService.swift */; };
		73661F58D4124E00ACAA3CC6 /* JPGReturnMatchingService.swift in Sources */ = {isa = PBXBuildFile; fileRef = F177AFEF49654E22BDB469B3 /* JPGReturnMatchingService.swift */; };
		80D5EC1226D34B2F86E1DDBF /* RAWConversionService.swift in Sources */ = {isa = PBXBuildFile; fileRef = C1432F55F1D147C6BD5D6B21 /* RAWConversionService.swift */; };
		82BD916A16474BDFB1437B22 /* AdvancedClassificationService.swift in Sources */ = {isa = PBXBuildFile; fileRef = 0F49722BE76942B09BE50E23 /* AdvancedClassificationService.swift */; };
		89FA514B7D900AA27EBE8B0B /* MemoryCardBackupView.swift in Sources */ = {isa = PBXBuildFile; fileRef = 915A24B2FA4BE98570A5A738 /* MemoryCardBackupView.swift */; };
		901A3228D9323CDAAA68F85F /* PerspectiveCorrectionService.swift in Sources */ = {isa = PBXBuildFile; fileRef = 1F28915B9DB29857371992AB /* PerspectiveCorrectionService.swift */; };
		939BDC2C189B4A2F8DBCE187 /* MatchingView.swift in Sources */ = {isa = PBXBuildFile; fileRef = 5997C658F4814B05A202D514 /* MatchingView.swift */; };
		'A10001' = {isa = PBXBuildFile; fileRef = B10001; };
		'A10002' = {isa = PBXBuildFile; fileRef = B10002; };
		'A10003' = {isa = PBXBuildFile; fileRef = B10003; };
		'A10004' = {isa = PBXBuildFile; fileRef = B10004; };
		'A10005' = {isa = PBXBuildFile; fileRef = B10005; };
		'A10006' = {isa = PBXBuildFile; fileRef = B10006; };
		'A10007' = {isa = PBXBuildFile; fileRef = B10007; };
		'A10008' = {isa = PBXBuildFile; fileRef = B10008; };
		'A10009' = {isa = PBXBuildFile; fileRef = B10009; };
		'A10010' = {isa = PBXBuildFile; fileRef = B10010; };
		'A10011' = {isa = PBXBuildFile; fileRef = B10011; };
		'A10012' = {isa = PBXBuildFile; fileRef = B10012; };
		'A10013' = {isa = PBXBuildFile; fileRef = B10013; };
		'A10014' = {isa = PBXBuildFile; fileRef = B10014; };
		'A10015' = {isa = PBXBuildFile; fileRef = B10015; };
		'A10017' = {isa = PBXBuildFile; fileRef = B10017; };
		'A10018' = {isa = PBXBuildFile; fileRef = B10018; };
		'A10019' = {isa = PBXBuildFile; fileRef = B10019; };
		'A10020' = {isa = PBXBuildFile; fileRef = B10020; };
		'A10021' = {isa = PBXBuildFile; fileRef = B10021; };
		'A10022' = {isa = PBXBuildFile; fileRef = B10022; };
		'A10023' = {isa = PBXBuildFile; fileRef = B10023; };
		'A10024' = {isa = PBXBuildFile; fileRef = B10024; };
		'A10025' = {isa = PBXBuildFile; fileRef = B10025; };
		'A10026' = {isa = PBXBuildFile; fileRef = B10026; };
		'A10027' = {isa = PBXBuildFile; fileRef = B10027; };
		'A10028' = {isa = PBXBuildFile; fileRef = B10028; };
		'A10029' = {isa = PBXBuildFile; fileRef = B10029; };
		'A10030' = {isa = PBXBuildFile; fileRef = B10030; };
		'A10032' = {isa = PBXBuildFile; fileRef = B10032; };
		'A10033' = {isa = PBXBuildFile; fileRef = B10033; };
		'A10056' = {isa = PBXBuildFile; fileRef = B10056; };
		AC814BFDBB2077853A9E8A48 /* VideoMarkerService.swift in Sources */ = {isa = PBXBuildFile; fileRef = E6484FA4B4C184B8BDE53E19 /* VideoMarkerService.swift */; };
		'AE10001' = {isa = PBXBuildFile; fileRef = AE10002; };
		'AF10001' = {isa = PBXBuildFile; fileRef = AF10002; };
		'AF10003' = {isa = PBXBuildFile; fileRef = AF10004; };
		'AI20001' = {isa = PBXBuildFile; fileRef = AI20002; };
		'AI20003' = {isa = PBXBuildFile; fileRef = AI20004; };
		'AI20005' = {isa = PBXBuildFile; fileRef = AI20006; };
		'B20034' = {isa = PBXBuildFile; fileRef = A20034; };
		'B20035' = {isa = PBXBuildFile; fileRef = A20035; };
		'B20036' = {isa = PBXBuildFile; fileRef = A20036; };
		'B20037' = {isa = PBXBuildFile; fileRef = A20037; };
		'B20038' = {isa = PBXBuildFile; fileRef = A20038; };
		'B20039' = {isa = PBXBuildFile; fileRef = A20039; };
		'B20042' = {isa = PBXBuildFile; fileRef = A20042; };
		BBB7444388D8D9D77764F8A9 /* FeatureGate.swift in Sources */ = {isa = PBXBuildFile; fileRef = C7EC4578BE740398D02CF9E7 /* FeatureGate.swift */; };
		'BDS30001' = {isa = PBXBuildFile; fileRef = BDS30002; };
		'BP10001' = {isa = PBXBuildFile; fileRef = BP10002; };
		'BP10003' = {isa = PBXBuildFile; fileRef = BP10004; };
		'BPD30001' = {isa = PBXBuildFile; fileRef = BPD30002; };
		'BPE30001' = {isa = PBXBuildFile; fileRef = BPE30002; };
		'BPK30001' = {isa = PBXBuildFile; fileRef = BPK30002; };
		'CAMCTRL10001' = {isa = PBXBuildFile; fileRef = CAMCTRL10002; };
		'CANONADPT10001' = {isa = PBXBuildFile; fileRef = CANONADPT10002; };
		'CFG10001' = {isa = PBXBuildFile; fileRef = CFG10002; };
		'CL20001' = {isa = PBXBuildFile; fileRef = CL20002; };
		'CL20003' = {isa = PBXBuildFile; fileRef = CL20004; };
		'CLIP10002' = {isa = PBXBuildFile; fileRef = CLIP10001; };
		'CLIP10004' = {isa = PBXBuildFile; fileRef = CLIP10003; };
		'CPG10002' = {isa = PBXBuildFile; fileRef = CPG10001; };
		'CPO10001' = {isa = PBXBuildFile; fileRef = CPO10002; };
		'CPS10001' = {isa = PBXBuildFile; fileRef = CPS10002; };
		'CR10001' = {isa = PBXBuildFile; fileRef = CR10002; };
		'CS10001' = {isa = PBXBuildFile; fileRef = CS10003; };
		'CS10002' = {isa = PBXBuildFile; fileRef = CS10004; };
		'CSL10001' = {isa = PBXBuildFile; fileRef = CSL10002; };
		'CTK30001' = {isa = PBXBuildFile; fileRef = CTK30002; };
		'CV10001' = {isa = PBXBuildFile; fileRef = CV10002; };
		'CV10003' = {isa = PBXBuildFile; fileRef = CV10004; };
		'CV20001' = {isa = PBXBuildFile; fileRef = CV20002; };
		'CV20003' = {isa = PBXBuildFile; fileRef = CV20004; };
		'CV20005' = {isa = PBXBuildFile; fileRef = CV20006; };
		'DC10002' = {isa = PBXBuildFile; fileRef = DC10001; };
		'DEV10002' = {isa = PBXBuildFile; fileRef = DEV10001; };
		'DEV10004' = {isa = PBXBuildFile; fileRef = DEV10003; };
		'DEV10006' = {isa = PBXBuildFile; fileRef = DEV10005; };
		'DEV20002' = {isa = PBXBuildFile; fileRef = DEV20001; };
		'DEV20004' = {isa = PBXBuildFile; fileRef = DEV20003; };
		'DEV30002' = {isa = PBXBuildFile; fileRef = DEV30001; };
		'DEV40002' = {isa = PBXBuildFile; fileRef = DEV40001; };
		'DEV50002' = {isa = PBXBuildFile; fileRef = DEV50001; };
		'DEV60002' = {isa = PBXBuildFile; fileRef = DEV60001; };
		'DEV70002' = {isa = PBXBuildFile; fileRef = DEV70001; };
		DF99447AAE1A372ECB576E66 /* TierManager.swift in Sources */ = {isa = PBXBuildFile; fileRef = 08E14C428BAFD2D3415B7133 /* TierManager.swift */; };
		DFDB300628BA9BC0A84AF0E8 /* SmartSelectView.swift in Sources */ = {isa = PBXBuildFile; fileRef = 52C34EB4DBCFE9DC1FB1EDC3 /* SmartSelectView.swift */; };
		'DH10001' = {isa = PBXBuildFile; fileRef = DH10002; };
		'EIX30001' = {isa = PBXBuildFile; fileRef = EIX30002; };
		F19D162931397BFFC34F93FC /* AutoCullView.swift in Sources */ = {isa = PBXBuildFile; fileRef = 4E8C8DC3227F94E990E2676A /* AutoCullView.swift */; };
		F51432D703E705F9D22F165C /* NIMAService.swift in Sources */ = {isa = PBXBuildFile; fileRef = 18B9AD88F78788103034A9CD /* NIMAService.swift */; };
		F92FB64D28A4E00ABB31BAEC /* SmartSelectService.swift in Sources */ = {isa = PBXBuildFile; fileRef = DB0149CC8D993C1D6A7E1943 /* SmartSelectService.swift */; };
		'FC10001' = {isa = PBXBuildFile; fileRef = FC10002; };
		'FCR10001' = {isa = PBXBuildFile; fileRef = FCR10002; };
		'FES30001' = {isa = PBXBuildFile; fileRef = FES30002; };
		'FPK10001' = {isa = PBXBuildFile; fileRef = FPK10002; };
		'HW10001' = {isa = PBXBuildFile; fileRef = HW10002; };
		'HW10003' = {isa = PBXBuildFile; fileRef = HW10004; };
		'HW10005' = {isa = PBXBuildFile; fileRef = HW10006; };
		'HW10007' = {isa = PBXBuildFile; fileRef = HW10008; };
		'IES30001' = {isa = PBXBuildFile; fileRef = IES30002; };
		'KWT10001' = {isa = PBXBuildFile; fileRef = KWT10002; };
		'L10001' = {isa = PBXBuildFile; fileRef = L10002; };
		'LUT10001' = {isa = PBXBuildFile; fileRef = LUT10002; };
		'MFXU10002' = {isa = PBXBuildFile; fileRef = MFXU10001; };
		'MG10001' = {isa = PBXBuildFile; fileRef = MG10002; };
		'MLH10002' = {isa = PBXBuildFile; fileRef = MLH10001; };
		'MLT10002' = {isa = PBXBuildFile; fileRef = MLT10001; };
		'NAV10001' = {isa = PBXBuildFile; fileRef = NAV10002; };
		'NIKONADPT10001' = {isa = PBXBuildFile; fileRef = NIKONADPT10002; };
		'NP10001' = {isa = PBXBuildFile; fileRef = NP10002; };
		'NP10003' = {isa = PBXBuildFile; fileRef = NP10004; };
		'NR10001' = {isa = PBXBuildFile; fileRef = NR10002; };
		'NSCV10002' = {isa = PBXBuildFile; fileRef = NSCV10001; };
		'NTLV10002' = {isa = PBXBuildFile; fileRef = NTLV10001; };
		'NTLV20002' = {isa = PBXBuildFile; fileRef = NTLV20001; };
		'PB20001' = {isa = PBXBuildFile; fileRef = PB20002; };
		'PB20003' = {isa = PBXBuildFile; fileRef = PB20004; };
		'PB20005' = {isa = PBXBuildFile; fileRef = PB20006; };
		'PB20007' = {isa = PBXBuildFile; fileRef = PB20008; };
		'PB20009' = {isa = PBXBuildFile; fileRef = PB20010; };
		'PB20011' = {isa = PBXBuildFile; fileRef = PB20012; };
		'PBTRV10001' = {isa = PBXBuildFile; fileRef = PBTRV10002; };
		'PDS10001' = {isa = PBXBuildFile; fileRef = PDS10002; };
		'PLP10001' = {isa = PBXBuildFile; fileRef = PLP10002; };
		'PPL10001' = {isa = PBXBuildFile; fileRef = PPL10002; };
		'PS10001' = {isa = PBXBuildFile; fileRef = PS10002; };
		'PS10003' = {isa = PBXBuildFile; fileRef = PS10004; };
		'PSA20001' = {isa = PBXBuildFile; fileRef = PSA20002; };
		'PSC20001' = {isa = PBXBuildFile; fileRef = PSC20002; };
		'PSE20001' = {isa = PBXBuildFile; fileRef = PSE20002; };
		'PSF20001' = {isa = PBXBuildFile; fileRef = PSF20002; };
		'PSM20001' = {isa = PBXBuildFile; fileRef = PSM20002; };
		'PSR20001' = {isa = PBXBuildFile; fileRef = PSR20002; };
		'PSROT10002' = {isa = PBXBuildFile; fileRef = PSROT10001; };
		'PSS20001' = {isa = PBXBuildFile; fileRef = PSS20002; };
		'PSU20001' = {isa = PBXBuildFile; fileRef = PSU20002; };
		'PTD30001' = {isa = PBXBuildFile; fileRef = PTD30002; };
		'ROT10002' = {isa = PBXBuildFile; fileRef = ROT10001; };
		'SBS10001' = {isa = PBXBuildFile; fileRef = SBS10002; };
		'SC10001' = {isa = PBXBuildFile; fileRef = SC10002; };
		'SE20001' = {isa = PBXBuildFile; fileRef = SE20002; };
		'SE20003' = {isa = PBXBuildFile; fileRef = SE20004; };
		'SE20005' = {isa = PBXBuildFile; fileRef = SE20006; };
		'SE20007' = {isa = PBXBuildFile; fileRef = SE20008; };
		'SE20009' = {isa = PBXBuildFile; fileRef = SE20010; };
		'SE20011' = {isa = PBXBuildFile; fileRef = SE20012; };
		'SE20013' = {isa = PBXBuildFile; fileRef = SE20014; };
		'SE20015' = {isa = PBXBuildFile; fileRef = SE20016; };
		'SE20017' = {isa = PBXBuildFile; fileRef = SE20018; };
		'SE20019' = {isa = PBXBuildFile; fileRef = SE20020; };
		'SES30001' = {isa = PBXBuildFile; fileRef = SES30002; };
		'SMC10001' = {isa = PBXBuildFile; fileRef = SMC10002; };
		'SMC10003' = {isa = PBXBuildFile; fileRef = SMC10004; };
		'SONYADPT10001' = {isa = PBXBuildFile; fileRef = SONYADPT10002; };
		'SSP10001' = {isa = PBXBuildFile; fileRef = SSP10002; };
		'SSS30001' = {isa = PBXBuildFile; fileRef = SSS30002; };
		'STL10001' = {isa = PBXBuildFile; fileRef = STL10002; };
		'SV20001' = {isa = PBXBuildFile; fileRef = SV20002; };
		'SV20003' = {isa = PBXBuildFile; fileRef = SV20004; };
		'SV20005' = {isa = PBXBuildFile; fileRef = SV20006; };
		'SV20007' = {isa = PBXBuildFile; fileRef = SV20008; };
		'SV20009' = {isa = PBXBuildFile; fileRef = SV20010; };
		'SV20011' = {isa = PBXBuildFile; fileRef = SV20012; };
		'SV20013' = {isa = PBXBuildFile; fileRef = SV20014; };
		'SV20015' = {isa = PBXBuildFile; fileRef = SV20016; };
		'SV20017' = {isa = PBXBuildFile; fileRef = SV20018; };
		'SV20019' = {isa = PBXBuildFile; fileRef = SV20020; };
		'SV20021' = {isa = PBXBuildFile; fileRef = SV20022; };
		'SWP10002' = {isa = PBXBuildFile; fileRef = SWP10001; };
		'TES30001' = {isa = PBXBuildFile; fileRef = TES30002; };
		'TET10001' = {isa = PBXBuildFile; fileRef = TET10002; };
		'TETCMSN10001' = {isa = PBXBuildFile; fileRef = TETCMSN10002; };
		'TETCOORD10001' = {isa = PBXBuildFile; fileRef = TETCOORD10002; };
		'TETV10001' = {isa = PBXBuildFile; fileRef = TETV10002; };
		'TKS10001' = {isa = PBXBuildFile; fileRef = TKS10002; };
		'UG10001' = {isa = PBXBuildFile; fileRef = UG10002; };
		'UPP30001' = {isa = PBXBuildFile; fileRef = UPP30002; };
		'VPM10001' = {isa = PBXBuildFile; fileRef = VPM10002; };
		'VPV10001' = {isa = PBXBuildFile; fileRef = VPV10002; };
		'VSCV30001' = {isa = PBXBuildFile; fileRef = VSCV30002; };
		'VSCW30001' = {isa = PBXBuildFile; fileRef = VSCW30002; };
		'VSHD30001' = {isa = PBXBuildFile; fileRef = VSHD30002; };
		'VSS30001' = {isa = PBXBuildFile; fileRef = VSS30002; };
		'WMP10001' = {isa = PBXBuildFile; fileRef = WMP10002; };
		'XMP10001' = {isa = PBXBuildFile; fileRef = XMP10002; };
		'ZEB10001' = {isa = PBXBuildFile; fileRef = ZEB10002; };
/* End PBXBuildFile section */

/* Begin PBXFileReference section */
		08E14C428BAFD2D3415B7133 /* TierManager.swift */ = {isa = PBXFileReference; lastKnownFileType = sourcecode.swift; name = TierManager.swift; path = PhotoRawManager/Services/TierManager.swift; sourceTree = SOURCE_ROOT; };
		0F49722BE76942B09BE50E23 /* AdvancedClassificationService.swift */ = {isa = PBXFileReference; lastKnownFileType = sourcecode.swift; path = AdvancedClassificationService.swift; sourceTree = "<group>"; };
		18B9AD88F78788103034A9CD /* NIMAService.swift */ = {isa = PBXFileReference; lastKnownFileType = sourcecode.swift; path = NIMAService.swift; sourceTree = "<group>"; };
		1F28915B9DB29857371992AB /* PerspectiveCorrectionService.swift */ = {isa = PBXFileReference; lastKnownFileType = sourcecode.swift; path = PerspectiveCorrectionService.swift; sourceTree = "<group>"; };
		3306606A090F08DB9738BB61 /* LibRawDecoder.swift */ = {isa = PBXFileReference; includeInIndex = 1; lastKnownFileType = sourcecode.swift; path = LibRawDecoder.swift; sourceTree = "<group>"; };
		355C7F48E6B8ADC5DE0EE0E6 /* PickShot-Bridging-Header.h */ = {isa = PBXFileReference; includeInIndex = 1; lastKnownFileType = sourcecode.c.h; path = "PickShot-Bridging-Header.h"; sourceTree = "<group>"; };
		4789E07AA11E4A87B88B68F3 /* ContactSheetService.swift */ = {isa = PBXFileReference; lastKnownFileType = sourcecode.swift; path = ContactSheetService.swift; sourceTree = "<group>"; };
		4BFF8CC000002001001010A0 /* MobileCLIPImage.mlpackage */ = {isa = PBXFileReference; lastKnownFileType = folder.mlpackage; path = MobileCLIPImage.mlpackage; sourceTree = "<group>"; };
		4BFF8CC000002002001010A0 /* MobileCLIPText.mlpackage */ = {isa = PBXFileReference; lastKnownFileType = folder.mlpackage; path = MobileCLIPText.mlpackage; sourceTree = "<group>"; };
		4DF545F59E82C4C07F0A93A7 /* ProLockModal.swift */ = {isa = PBXFileReference; lastKnownFileType = sourcecode.swift; name = ProLockModal.swift; path = PhotoRawManager/Views/ProLockModal.swift; sourceTree = SOURCE_ROOT; };
		4E8C8DC3227F94E990E2676A /* AutoCullView.swift */ = {isa = PBXFileReference; lastKnownFileType = sourcecode.swift; path = AutoCullView.swift; sourceTree = "<group>"; };
		52C34EB4DBCFE9DC1FB1EDC3 /* SmartSelectView.swift */ = {isa = PBXFileReference; lastKnownFileType = sourcecode.swift; path = SmartSelectView.swift; sourceTree = "<group>"; };
		5997C658F4814B05A202D514 /* MatchingView.swift */ = {isa = PBXFileReference; lastKnownFileType = sourcecode.swift; path = MatchingView.swift; sourceTree = "<group>"; };
		62BB3C9EADBC4817914C49F2 /* MetadataEditorView.swift */ = {isa = PBXFileReference; lastKnownFileType = sourcecode.swift; path = MetadataEditorView.swift; sourceTree = "<group>"; };
		81F5C27DF3F5D27545AA8F87 /* NIMAAesthetic.mlpackage */ = {isa = PBXFileReference; lastKnownFileType = folder.mlpackage; path = NIMAAesthetic.mlpackage; sourceTree = "<group>"; };
		832E4A569DDF734271ED6268 /* UpdateService.swift */ = {isa = PBXFileReference; lastKnownFileType = sourcecode.swift; name = UpdateService.swift; path = PhotoRawManager/Services/UpdateService.swift; sourceTree = SOURCE_ROOT; };
		915A24B2FA4BE98570A5A738 /* MemoryCardBackupView.swift */ = {isa = PBXFileReference; lastKnownFileType = sourcecode.swift; path = MemoryCardBackupView.swift; sourceTree = "<group>"; };
		94AD42C5A52672C7A1DE29F6 /* UpdateView.swift */ = {isa = PBXFileReference; lastKnownFileType = sourcecode.swift; name = UpdateView.swift; path = PhotoRawManager/Views/UpdateView.swift; sourceTree = SOURCE_ROOT; };
		'A20034' = {isa = PBXFileReference; lastKnownFileType = sourcecode.swift; path = GSelectService.swift; sourceTree = "<group>"; };
		'A20035' = {isa = PBXFileReference; lastKnownFileType = sourcecode.swift; path = GSelectSetupView.swift; sourceTree = "<group>"; };
		'A20036' = {isa = PBXFileReference; lastKnownFileType = sourcecode.swift; path = GSelectQRView.swift; sourceTree = "<group>"; };
		'A20037' = {isa = PBXFileReference; lastKnownFileType = sourcecode.swift; path = Logger.swift; sourceTree = "<group>"; };
		'A20038' = {isa = PBXFileReference; lastKnownFileType = sourcecode.swift; path = KeychainService.swift; sourceTree = "<group>"; };
		'A20039' = {isa = PBXFileReference; lastKnownFileType = sourcecode.swift; path = PickshotFileService.swift; sourceTree = "<group>"; };
		'A20042' = {isa = PBXFileReference; lastKnownFileType = sourcecode.swift; name = PerformanceMonitor.swift; path = PhotoRawManager/Services/PerformanceMonitor.swift; sourceTree = SOURCE_ROOT; };
		A24F2FA4B3F2468FA6426F35 /* ContactSheetView.swift */ = {isa = PBXFileReference; lastKnownFileType = sourcecode.swift; path = ContactSheetView.swift; sourceTree = "<group>"; };
		A3CF055E61383353C2CCA322 /* StatsDashboardView.swift */ = {isa = PBXFileReference; lastKnownFileType = sourcecode.swift; path = StatsDashboardView.swift; sourceTree = "<group>"; };
		'AE10002' = {isa = PBXFileReference; lastKnownFileType = sourcecode.swift; path = AIEnhanceService.swift; sourceTree = "<group>"; };
		'AF10002' = {isa = PBXFileReference; lastKnownFileType = sourcecode.swift; path = AdaFaceService.swift; sourceTree = "<group>"; };
		'AF10004' = {isa = PBXFileReference; lastKnownFileType = folder.mlpackage; path = AdaFaceR18.mlpackage; sourceTree = "<group>"; };
		'AI20002' = {isa = PBXFileReference; lastKnownFileType = sourcecode.swift; path = APIUsageTracker.swift; sourceTree = "<group>"; };
		'AI20004' = {isa = PBXFileReference; lastKnownFileType = sourcecode.swift; path = ClaudeVisionService.swift; sourceTree = "<group>"; };
		'AI20006' = {isa = PBXFileReference; lastKnownFileType = sourcecode.swift; path = GeminiService.swift; sourceTree = "<group>"; };
		'B10000' = {isa = PBXFileReference; explicitFileType = wrapper.application; includeInIndex = 0; path = PickShot.app; sourceTree = BUILT_PRODUCTS_DIR; };
		'B10001' = {isa = PBXFileReference; lastKnownFileType = sourcecode.swift; path = PhotoRawManagerApp.swift; sourceTree = "<group>"; };
		'B10002' = {isa = PBXFileReference; lastKnownFileType = sourcecode.swift; path = ContentView.swift; sourceTree = "<group>"; };
		'B10003' = {isa = PBXFileReference; lastKnownFileType = sourcecode.swift; path = PhotoItem.swift; sourceTree = "<group>"; };
		'B10004' = {isa = PBXFileReference; lastKnownFileType = sourcecode.swift; path = PhotoStore.swift; sourceTree = "<group>"; };
		'B10005' = {isa = PBXFileReference; lastKnownFileType = sourcecode.swift; path = FileMatchingService.swift; sourceTree = "<group>"; };
		'B10006' = {isa = PBXFileReference; lastKnownFileType = sourcecode.swift; path = ExifService.swift; sourceTree = "<group>"; };
		'B10007' = {isa = PBXFileReference; lastKnownFileType = sourcecode.swift; path = FileCopyService.swift; sourceTree = "<group>"; };
		'B10008' = {isa = PBXFileReference; lastKnownFileType = sourcecode.swift; path = ThumbnailGridView.swift; sourceTree = "<group>"; };
		'B10009' = {isa = PBXFileReference; lastKnownFileType = sourcecode.swift; path = PhotoPreviewView.swift; sourceTree = "<group>"; };
		'B10010' = {isa = PBXFileReference; lastKnownFileType = sourcecode.swift; path = StarRatingView.swift; sourceTree = "<group>"; };
		'B10011' = {isa = PBXFileReference; lastKnownFileType = sourcecode.swift; path = ExifInfoView.swift; sourceTree = "<group>"; };
		'B10012' = {isa = PBXFileReference; lastKnownFileType = sourcecode.swift; path = ExportView.swift; sourceTree = "<group>"; };
		'B10013' = {isa = PBXFileReference; lastKnownFileType = folder.assetcatalog; path = Assets.xcassets; sourceTree = "<group>"; };
		'B10014' = {isa = PBXFileReference; lastKnownFileType = sourcecode.swift; path = ImageAnalysisService.swift; sourceTree = "<group>"; };
		'B10015' = {isa = PBXFileReference; lastKnownFileType = sourcecode.swift; path = ImageCorrectionService.swift; sourceTree = "<group>"; };
		'B10017' = {isa = PBXFileReference; lastKnownFileType = sourcecode.swift; path = AIAnalysisView.swift; sourceTree = "<group>"; };
		'B10018' = {isa = PBXFileReference; lastKnownFileType = sourcecode.swift; path = SubscriptionManager.swift; sourceTree = "<group>"; };
		'B10019' = {isa = PBXFileReference; lastKnownFileType = sourcecode.swift; path = PaywallView.swift; sourceTree = "<group>"; };
		'B10020' = {isa = PBXFileReference; lastKnownFileType = sourcecode.swift; path = ShortcutHelpView.swift; sourceTree = "<group>"; };
		'B10021' = {isa = PBXFileReference; lastKnownFileType = sourcecode.swift; path = HistogramView.swift; sourceTree = "<group>"; };
		'B10022' = {isa = PBXFileReference; lastKnownFileType = sourcecode.swift; path = CompareView.swift; sourceTree = "<group>"; };
		'B10023' = {isa = PBXFileReference; lastKnownFileType = sourcecode.swift; path = SlideshowView.swift; sourceTree = "<group>"; };
		'B10024' = {isa = PBXFileReference; lastKnownFileType = sourcecode.swift; path = TouchBarProvider.swift; sourceTree = "<group>"; };
		'B10025' = {isa = PBXFileReference; lastKnownFileType = sourcecode.swift; path = FolderWatcherService.swift; sourceTree = "<group>"; };
		'B10026' = {isa = PBXFileReference; lastKnownFileType = sourcecode.swift; path = AppTheme.swift; sourceTree = "<group>"; };
		'B10027' = {isa = PBXFileReference; lastKnownFileType = sourcecode.swift; path = FilmstripView.swift; sourceTree = "<group>"; };
		'B10028' = {isa = PBXFileReference; lastKnownFileType = sourcecode.swift; path = BatchRenameView.swift; sourceTree = "<group>"; };
		'B10029' = {isa = PBXFileReference; lastKnownFileType = sourcecode.swift; path = MapView.swift; sourceTree = "<group>"; };
		'B10030' = {isa = PBXFileReference; lastKnownFileType = sourcecode.swift; path = FaceGroupingService.swift; sourceTree = "<group>"; };
		'B10032' = {isa = PBXFileReference; lastKnownFileType = sourcecode.swift; path = GoogleDriveUploadView.swift; sourceTree = "<group>"; };
		'B10033' = {isa = PBXFileReference; lastKnownFileType = sourcecode.swift; path = AboutView.swift; sourceTree = "<group>"; };
		'B10056' = {isa = PBXFileReference; lastKnownFileType = sourcecode.swift; path = NSThumbnailCollectionView.swift; sourceTree = "<group>"; };
		B2A12130E1BE4A57BC7F1932 /* FilenameMatchingService.swift */ = {isa = PBXFileReference; lastKnownFileType = sourcecode.swift; path = FilenameMatchingService.swift; sourceTree = "<group>"; };
		'BDS30002' = {isa = PBXFileReference; lastKnownFileType = sourcecode.swift; path = BurstDetectionService.swift; sourceTree = "<group>"; };
		'BP10002' = {isa = PBXFileReference; lastKnownFileType = sourcecode.swift; path = BatchProcessService.swift; sourceTree = "<group>"; };
		'BP10004' = {isa = PBXFileReference; lastKnownFileType = sourcecode.swift; path = BatchProcessView.swift; sourceTree = "<group>"; };
		'BPD30002' = {isa = PBXFileReference; lastKnownFileType = sourcecode.swift; path = BurstPickerDialog.swift; sourceTree = "<group>"; };
		'BPE30002' = {isa = PBXFileReference; lastKnownFileType = file.txt.gz; name = bpe_simple_vocab_16e6.txt.gz; path = PhotoRawManager/Resources/bpe_simple_vocab_16e6.txt.gz; sourceTree = "<group>"; };
		'BPK30002' = {isa = PBXFileReference; lastKnownFileType = sourcecode.swift; path = BurstPickerService.swift; sourceTree = "<group>"; };
		C1432F55F1D147C6BD5D6B21 /* RAWConversionService.swift */ = {isa = PBXFileReference; lastKnownFileType = sourcecode.swift; path = RAWConversionService.swift; sourceTree = "<group>"; };
		C74A91831108ED991CD31ADE /* MemoryCardBackupService.swift */ = {isa = PBXFileReference; lastKnownFileType = sourcecode.swift; path = MemoryCardBackupService.swift; sourceTree = "<group>"; };
		C7EC4578BE740398D02CF9E7 /* FeatureGate.swift */ = {isa = PBXFileReference; lastKnownFileType = sourcecode.swift; name = FeatureGate.swift; path = PhotoRawManager/Services/FeatureGate.swift; sourceTree = SOURCE_ROOT; };
		'CAMCTRL10002' = {isa = PBXFileReference; lastKnownFileType = sourcecode.swift; path = CameraController.swift; sourceTree = "<group>"; };
		'CANONADPT10002' = {isa = PBXFileReference; lastKnownFileType = sourcecode.swift; path = CanonCameraAdapter.swift; sourceTree = "<group>"; };
		'CFG10002' = {isa = PBXFileReference; lastKnownFileType = sourcecode.swift; path = AppConfig.swift; sourceTree = "<group>"; };
		'CL20002' = {isa = PBXFileReference; lastKnownFileType = sourcecode.swift; path = LocalOAuthServer.swift; sourceTree = "<group>"; };
		'CL20004' = {isa = PBXFileReference; lastKnownFileType = sourcecode.swift; path = GoogleDriveService.swift; sourceTree = "<group>"; };
		'CLIP10001' = {isa = PBXFileReference; lastKnownFileType = sourcecode.swift; path = ClippingOverlayRenderer.swift; sourceTree = "<group>"; };
		'CLIP10003' = {isa = PBXFileReference; lastKnownFileType = sourcecode.metal; path = ClippingOverlayShader.metal; sourceTree = "<group>"; };
		'CPG10001' = {isa = PBXFileReference; lastKnownFileType = sourcecode.swift; path = CacheProgressGauge.swift; sourceTree = "<group>"; };
		'CPO10002' = {isa = PBXFileReference; lastKnownFileType = sourcecode.swift; name = ClientPenOverlayView.swift; path = PhotoRawManager/Views/ClientPenOverlayView.swift; sourceTree = SOURCE_ROOT; };
		'CPS10002' = {isa = PBXFileReference; lastKnownFileType = sourcecode.swift; name = ClientProxySetupView.swift; path = PhotoRawManager/Views/ClientProxySetupView.swift; sourceTree = SOURCE_ROOT; };
		'CR10002' = {isa = PBXFileReference; lastKnownFileType = sourcecode.swift; path = CropView.swift; sourceTree = "<group>"; };
		'CS10003' = {isa = PBXFileReference; lastKnownFileType = sourcecode.swift; path = ClientSelectService.swift; sourceTree = "<group>"; };
		'CS10004' = {isa = PBXFileReference; lastKnownFileType = sourcecode.swift; path = ClientSelectSetupView.swift; sourceTree = "<group>"; };
		'CSL10002' = {isa = PBXFileReference; lastKnownFileType = sourcecode.swift; name = ClientSessionListView.swift; path = PhotoRawManager/Views/ClientSessionListView.swift; sourceTree = SOURCE_ROOT; };
		'CTK30002' = {isa = PBXFileReference; lastKnownFileType = sourcecode.swift; path = CLIPTokenizer.swift; sourceTree = "<group>"; };
		'CV10002' = {isa = PBXFileReference; lastKnownFileType = sourcecode.swift; path = "ContentView+Toolbar.swift"; sourceTree = "<group>"; };
		'CV10004' = {isa = PBXFileReference; lastKnownFileType = sourcecode.swift; path = "ContentView+FolderBrowser.swift"; sourceTree = "<group>"; };
		'CV20002' = {isa = PBXFileReference; lastKnownFileType = sourcecode.swift; path = MultiPreviewGrid.swift; sourceTree = "<group>"; };
		'CV20004' = {isa = PBXFileReference; lastKnownFileType = sourcecode.swift; path = DualViewerContent.swift; sourceTree = "<group>"; };
		'CV20006' = {isa = PBXFileReference; lastKnownFileType = sourcecode.swift; path = CustomPromptView.swift; sourceTree = "<group>"; };
		DB0149CC8D993C1D6A7E1943 /* SmartSelectService.swift */ = {isa = PBXFileReference; lastKnownFileType = sourcecode.swift; path = SmartSelectService.swift; sourceTree = "<group>"; };
		'DC10001' = {isa = PBXFileReference; lastKnownFileType = sourcecode.swift; path = DiskThumbnailCache.swift; sourceTree = "<group>"; };
		'DEV10001' = {isa = PBXFileReference; lastKnownFileType = sourcecode.swift; path = DevelopSettings.swift; sourceTree = "<group>"; };
		'DEV10003' = {isa = PBXFileReference; lastKnownFileType = sourcecode.swift; path = DevelopStore.swift; sourceTree = "<group>"; };
		'DEV10005' = {isa = PBXFileReference; lastKnownFileType = sourcecode.swift; path = DevelopPipeline.swift; sourceTree = "<group>"; };
		'DEV20001' = {isa = PBXFileReference; lastKnownFileType = sourcecode.swift; path = FloatingAdjustmentPill.swift; sourceTree = "<group>"; };
		'DEV20003' = {isa = PBXFileReference; lastKnownFileType = sourcecode.swift; path = DoubleClickResetSlider.swift; sourceTree = "<group>"; };
		'DEV30001' = {isa = PBXFileReference; lastKnownFileType = sourcecode.swift; path = CurveEditorView.swift; sourceTree = "<group>"; };
		'DEV40001' = {isa = PBXFileReference; lastKnownFileType = sourcecode.swift; path = InlineCropOverlay.swift; sourceTree = "<group>"; };
		'DEV50001' = {isa = PBXFileReference; lastKnownFileType = sourcecode.swift; path = PresetPanelView.swift; sourceTree = "<group>"; };
		'DEV60001' = {isa = PBXFileReference; lastKnownFileType = sourcecode.swift; path = KeyBindingStore.swift; sourceTree = "<group>"; };
		'DEV70001' = {isa = PBXFileReference; lastKnownFileType = sourcecode.swift; path = AdjustmentPanelState.swift; sourceTree = "<group>"; };
		'DH10002' = {isa = PBXFileReference; lastKnownFileType = sourcecode.swift; name = DebugHUD.swift; path = PhotoRawManager/Views/DebugHUD.swift; sourceTree = SOURCE_ROOT; };
		E6484FA4B4C184B8BDE53E19 /* VideoMarkerService.swift */ = {isa = PBXFileReference; lastKnownFileType = sourcecode.swift; name = VideoMarkerService.swift; path = PhotoRawManager/Services/VideoMarkerService.swift; sourceTree = SOURCE_ROOT; };
		'EIX30002' = {isa = PBXFileReference; lastKnownFileType = sourcecode.swift; path = EmbeddingIndex.swift; sourceTree = "<group>"; };
		F0AD92142A284546BD2E0466 /* AISimilarityService.swift */ = {isa = PBXFileReference; lastKnownFileType = sourcecode.swift; path = AISimilarityService.swift; sourceTree = "<group>"; };
		F177AFEF49654E22BDB469B3 /* JPGReturnMatchingService.swift */ = {isa = PBXFileReference; lastKnownFileType = sourcecode.swift; path = JPGReturnMatchingService.swift; sourceTree = "<group>"; };
		'FC10002' = {isa = PBXFileReference; lastKnownFileType = sourcecode.swift; path = FaceCompareView.swift; sourceTree = "<group>"; };
		'FCR10002' = {isa = PBXFileReference; lastKnownFileType = sourcecode.swift; name = FileConflictResolver.swift; path = PhotoRawManager/Services/FileConflictResolver.swift; sourceTree = SOURCE_ROOT; };
		FE4B8111B82E42D81DC67D2E /* TimelineView.swift */ = {isa = PBXFileReference; lastKnownFileType = sourcecode.swift; path = TimelineView.swift; sourceTree = "<group>"; };
		'FES30002' = {isa = PBXFileReference; lastKnownFileType = sourcecode.swift; path = FaceEmbeddingService.swift; sourceTree = "<group>"; };
		'FPK10002' = {isa = PBXFileReference; lastKnownFileType = sourcecode.swift; path = FocusPeakingOverlay.swift; sourceTree = "<group>"; };
		'HW10002' = {isa = PBXFileReference; lastKnownFileType = sourcecode.swift; path = HWJPEGDecoder.swift; sourceTree = "<group>"; };
		'HW10004' = {isa = PBXFileReference; lastKnownFileType = sourcecode.swift; path = MetalImageProcessor.swift; sourceTree = "<group>"; };
		'HW10006' = {isa = PBXFileReference; lastKnownFileType = sourcecode.swift; path = ParallelFFD8Scanner.swift; sourceTree = "<group>"; };
		'HW10008' = {isa = PBXFileReference; lastKnownFileType = sourcecode.swift; path = AggressiveImageCache.swift; sourceTree = "<group>"; };
		'IES30002' = {isa = PBXFileReference; lastKnownFileType = sourcecode.swift; path = ImageEmbeddingService.swift; sourceTree = "<group>"; };
		'KWT10002' = {isa = PBXFileReference; lastKnownFileType = sourcecode.swift; path = KeywordTaggingService.swift; sourceTree = "<group>"; };
		'L10002' = {isa = PBXFileReference; lastKnownFileType = text.json.xcstrings; path = Localizable.xcstrings; sourceTree = "<group>"; };
		'LUT10002' = {isa = PBXFileReference; lastKnownFileType = sourcecode.swift; path = LUTService.swift; sourceTree = "<group>"; };
		'MFXU10001' = {isa = PBXFileReference; lastKnownFileType = sourcecode.swift; path = MetalFXUpscaler.swift; sourceTree = "<group>"; };
		'MG10002' = {isa = PBXFileReference; lastKnownFileType = sourcecode.swift; name = MemoryGuardService.swift; path = PhotoRawManager/Services/MemoryGuardService.swift; sourceTree = SOURCE_ROOT; };
		'MLH10001' = {isa = PBXFileReference; lastKnownFileType = sourcecode.swift; path = MemoryLeakHUD.swift; sourceTree = "<group>"; };
		'MLT10001' = {isa = PBXFileReference; lastKnownFileType = sourcecode.swift; path = MemoryLeakTracker.swift; sourceTree = "<group>"; };
		'NAV10002' = {isa = PBXFileReference; lastKnownFileType = sourcecode.swift; path = NavigationCore.swift; sourceTree = "<group>"; };
		'NIKONADPT10002' = {isa = PBXFileReference; lastKnownFileType = sourcecode.swift; path = NikonCameraAdapter.swift; sourceTree = "<group>"; };
		'NP10002' = {isa = PBXFileReference; lastKnownFileType = sourcecode.swift; name = NavigationPerformanceMonitor.swift; path = PhotoRawManager/Services/NavigationPerformanceMonitor.swift; sourceTree = SOURCE_ROOT; };
		'NP10004' = {isa = PBXFileReference; lastKnownFileType = sourcecode.swift; name = NavigationPerformanceHUD.swift; path = PhotoRawManager/Views/NavigationPerformanceHUD.swift; sourceTree = SOURCE_ROOT; };
		'NR10002' = {isa = PBXFileReference; lastKnownFileType = sourcecode.swift; path = NASOptimizedReader.swift; sourceTree = "<group>"; };
		'NSCV10001' = {isa = PBXFileReference; lastKnownFileType = sourcecode.swift; path = NSCropView.swift; sourceTree = "<group>"; };
		'NTLV10001' = {isa = PBXFileReference; lastKnownFileType = sourcecode.swift; path = NativeTableListView.swift; sourceTree = "<group>"; };
		'NTLV20001' = {isa = PBXFileReference; lastKnownFileType = sourcecode.swift; path = "NativeTableListView+Coordinator.swift"; sourceTree = "<group>"; };
		'PB20002' = {isa = PBXFileReference; lastKnownFileType = sourcecode.swift; path = BackupProgressBar.swift; sourceTree = "<group>"; };
		'PB20004' = {isa = PBXFileReference; lastKnownFileType = sourcecode.swift; path = ExportProgressBar.swift; sourceTree = "<group>"; };
		'PB20006' = {isa = PBXFileReference; lastKnownFileType = sourcecode.swift; path = ClientUploadProgressBar.swift; sourceTree = "<group>"; };
		'PB20008' = {isa = PBXFileReference; lastKnownFileType = sourcecode.swift; path = FileMoveProgressBar.swift; sourceTree = "<group>"; };
		'PB20010' = {isa = PBXFileReference; lastKnownFileType = sourcecode.swift; path = AIClassifyProgressBar.swift; sourceTree = "<group>"; };
		'PB20012' = {isa = PBXFileReference; lastKnownFileType = sourcecode.swift; path = VisionAnalysisProgressPanel.swift; sourceTree = "<group>"; };
		'PBTRV10002' = {isa = PBXFileReference; lastKnownFileType = sourcecode.swift; path = TransferProgressView.swift; sourceTree = "<group>"; };
		'PDS10002' = {isa = PBXFileReference; lastKnownFileType = sourcecode.swift; path = PreviewDecodeScheduler.swift; sourceTree = "<group>"; };
		'PLP10002' = {isa = PBXFileReference; lastKnownFileType = sourcecode.swift; path = PreviewLoadingPolicy.swift; sourceTree = "<group>"; };
		'PPL10002' = {isa = PBXFileReference; lastKnownFileType = sourcecode.swift; path = PreviewPipeline.swift; sourceTree = "<group>"; };
		'PS10002' = {isa = PBXFileReference; lastKnownFileType = sourcecode.swift; path = PictureStyleService.swift; sourceTree = "<group>"; };
		'PS10004' = {isa = PBXFileReference; lastKnownFileType = sourcecode.swift; path = PictureStylePreviewView.swift; sourceTree = "<group>"; };
		'PSA20002' = {isa = PBXFileReference; lastKnownFileType = sourcecode.swift; path = "PhotoStore+Analysis.swift"; sourceTree = "<group>"; };
		'PSC20002' = {isa = PBXFileReference; lastKnownFileType = sourcecode.swift; path = "PhotoStore+Collections.swift"; sourceTree = "<group>"; };
		'PSE20002' = {isa = PBXFileReference; lastKnownFileType = sourcecode.swift; path = "PhotoStore+Exif.swift"; sourceTree = "<group>"; };
		'PSF20002' = {isa = PBXFileReference; lastKnownFileType = sourcecode.swift; path = "PhotoStore+Folder.swift"; sourceTree = "<group>"; };
		'PSM20002' = {isa = PBXFileReference; lastKnownFileType = sourcecode.swift; path = "PhotoStore+Move.swift"; sourceTree = "<group>"; };
		'PSR20002' = {isa = PBXFileReference; lastKnownFileType = sourcecode.swift; path = "PhotoStore+Rating.swift"; sourceTree = "<group>"; };
		'PSROT10001' = {isa = PBXFileReference; lastKnownFileType = sourcecode.swift; path = "PhotoStore+Rotation.swift"; sourceTree = "<group>"; };
		'PSS20002' = {isa = PBXFileReference; lastKnownFileType = sourcecode.swift; path = "PhotoStore+Selection.swift"; sourceTree = "<group>"; };
		'PSU20002' = {isa = PBXFileReference; lastKnownFileType = sourcecode.swift; path = "PhotoStore+UI.swift"; sourceTree = "<group>"; };
		'PTD30002' = {isa = PBXFileReference; lastKnownFileType = sourcecode.swift; path = PreferenceTrainingDialog.swift; sourceTree = "<group>"; };
		'ROT10001' = {isa = PBXFileReference; lastKnownFileType = sourcecode.swift; path = RotationService.swift; sourceTree = "<group>"; };
		'SBS10002' = {isa = PBXFileReference; lastKnownFileType = sourcecode.swift; path = SandboxBookmarkService.swift; sourceTree = "<group>"; };
		'SC10002' = {isa = PBXFileReference; lastKnownFileType = sourcecode.swift; path = SmartCropService.swift; sourceTree = "<group>"; };
		'SE20002' = {isa = PBXFileReference; lastKnownFileType = sourcecode.swift; path = SettingsView.swift; sourceTree = "<group>"; };
		'SE20004' = {isa = PBXFileReference; lastKnownFileType = sourcecode.swift; path = GeneralSettingsTab.swift; sourceTree = "<group>"; };
		'SE20006' = {isa = PBXFileReference; lastKnownFileType = sourcecode.swift; path = PreviewSettingsTab.swift; sourceTree = "<group>"; };
		'SE20008' = {isa = PBXFileReference; lastKnownFileType = sourcecode.swift; path = ExportSettingsTab.swift; sourceTree = "<group>"; };
		'SE20010' = {isa = PBXFileReference; lastKnownFileType = sourcecode.swift; path = AIEngineSettingsTab.swift; sourceTree = "<group>"; };
		'SE20012' = {isa = PBXFileReference; lastKnownFileType = sourcecode.swift; path = PerformanceSettingsTab.swift; sourceTree = "<group>"; };
		'SE20014' = {isa = PBXFileReference; lastKnownFileType = sourcecode.swift; path = ShortcutsSettingsTab.swift; sourceTree = "<group>"; };
		'SE20016' = {isa = PBXFileReference; lastKnownFileType = sourcecode.swift; path = CacheSettingsTab.swift; sourceTree = "<group>"; };
		'SE20018' = {isa = PBXFileReference; lastKnownFileType = sourcecode.swift; path = PerformanceOptimizeTab.swift; sourceTree = "<group>"; };
		'SE20020' = {isa = PBXFileReference; lastKnownFileType = sourcecode.swift; path = SubscriptionSettingsTab.swift; sourceTree = "<group>"; };
		'SES30002' = {isa = PBXFileReference; lastKnownFileType = sourcecode.swift; path = SelectionEventStore.swift; sourceTree = "<group>"; };
		'SMC10002' = {isa = PBXFileReference; lastKnownFileType = sourcecode.swift; path = SmartCullService.swift; sourceTree = "<group>"; };
		'SMC10004' = {isa = PBXFileReference; lastKnownFileType = sourcecode.swift; path = SmartCullView.swift; sourceTree = "<group>"; };
		'SONYADPT10002' = {isa = PBXFileReference; lastKnownFileType = sourcecode.swift; path = SonyCameraAdapter.swift; sourceTree = "<group>"; };
		'SSP10002' = {isa = PBXFileReference; lastKnownFileType = sourcecode.swift; path = SystemSpec.swift; sourceTree = "<group>"; };
		'SSS30002' = {isa = PBXFileReference; lastKnownFileType = sourcecode.swift; path = SemanticSearchService.swift; sourceTree = "<group>"; };
		'STL10002' = {isa = PBXFileReference; lastKnownFileType = sourcecode.swift; path = StyleLearner.swift; sourceTree = "<group>"; };
		'SV20002' = {isa = PBXFileReference; lastKnownFileType = sourcecode.swift; path = APIUsageViews.swift; sourceTree = "<group>"; };
		'SV20004' = {isa = PBXFileReference; lastKnownFileType = sourcecode.swift; path = AnalysisOptionsView.swift; sourceTree = "<group>"; };
		'SV20006' = {isa = PBXFileReference; lastKnownFileType = sourcecode.swift; path = SelectionInfoBadge.swift; sourceTree = "<group>"; };
		'SV20008' = {isa = PBXFileReference; lastKnownFileType = sourcecode.swift; path = DragHandle.swift; sourceTree = "<group>"; };
		'SV20010' = {isa = PBXFileReference; lastKnownFileType = sourcecode.swift; path = KeyEventHandling.swift; sourceTree = "<group>"; };
		'SV20012' = {isa = PBXFileReference; lastKnownFileType = sourcecode.swift; path = DisabledGuide.swift; sourceTree = "<group>"; };
		'SV20014' = {isa = PBXFileReference; lastKnownFileType = sourcecode.swift; path = StartupView.swift; sourceTree = "<group>"; };
		'SV20016' = {isa = PBXFileReference; lastKnownFileType = sourcecode.swift; path = FileSyncPopupView.swift; sourceTree = "<group>"; };
		'SV20018' = {isa = PBXFileReference; lastKnownFileType = sourcecode.swift; path = RawMatchResultView.swift; sourceTree = "<group>"; };
		'SV20020' = {isa = PBXFileReference; lastKnownFileType = sourcecode.swift; path = FullscreenView.swift; sourceTree = "<group>"; };
		'SV20022' = {isa = PBXFileReference; lastKnownFileType = sourcecode.swift; path = PickshotImportResultSheet.swift; sourceTree = "<group>"; };
		'SWP10001' = {isa = PBXFileReference; lastKnownFileType = sourcecode.swift; path = CacheSweeper.swift; sourceTree = "<group>"; };
		'TES30002' = {isa = PBXFileReference; lastKnownFileType = sourcecode.swift; path = TextEncoderService.swift; sourceTree = "<group>"; };
		'TET10002' = {isa = PBXFileReference; lastKnownFileType = sourcecode.swift; path = TetherService.swift; sourceTree = "<group>"; };
		'TETCMSN10002' = {isa = PBXFileReference; lastKnownFileType = sourcecode.swift; path = TetherComingSoonView.swift; sourceTree = "<group>"; };
		'TETCOORD10002' = {isa = PBXFileReference; lastKnownFileType = sourcecode.swift; path = TetherCoordinator.swift; sourceTree = "<group>"; };
		'TETV10002' = {isa = PBXFileReference; lastKnownFileType = sourcecode.swift; path = TetherView.swift; sourceTree = "<group>"; };
		'TKS10002' = {isa = PBXFileReference; lastKnownFileType = sourcecode.swift; path = TesterKeyService.swift; sourceTree = "<group>"; };
		'UG10002' = {isa = PBXFileReference; lastKnownFileType = sourcecode.swift; path = UprightGuideView.swift; sourceTree = "<group>"; };
		'UPP30002' = {isa = PBXFileReference; lastKnownFileType = sourcecode.swift; path = UserPreferenceProfile.swift; sourceTree = "<group>"; };
		'VPM10002' = {isa = PBXFileReference; lastKnownFileType = sourcecode.swift; path = VideoPlayerManager.swift; sourceTree = "<group>"; };
		'VPV10002' = {isa = PBXFileReference; lastKnownFileType = sourcecode.swift; path = VideoPlayerView.swift; sourceTree = "<group>"; };
		'VSCV30002' = {isa = PBXFileReference; lastKnownFileType = sourcecode.swift; path = VisualSearchCropView.swift; sourceTree = "<group>"; };
		'VSCW30002' = {isa = PBXFileReference; lastKnownFileType = sourcecode.swift; path = VisualSearchCropWindow.swift; sourceTree = "<group>"; };
		'VSHD30002' = {isa = PBXFileReference; lastKnownFileType = sourcecode.swift; path = VisualSearchHUD.swift; sourceTree = "<group>"; };
		'VSS30002' = {isa = PBXFileReference; lastKnownFileType = sourcecode.swift; path = VisualSearchService.swift; sourceTree = "<group>"; };
		'WMP10002' = {isa = PBXFileReference; lastKnownFileType = sourcecode.swift; path = WatermarkPreviewView.swift; sourceTree = "<group>"; };
		'XMP10002' = {isa = PBXFileReference; lastKnownFileType = sourcecode.swift; path = XMPService.swift; sourceTree = "<group>"; };
		'ZEB10002' = {isa = PBXFileReference; lastKnownFileType = sourcecode.swift; path = ZebraWarningOverlay.swift; sourceTree = "<group>"; };
/* End PBXFileReference section */

/* Begin PBXFrameworksBuildPhase section */
		'C10001' = {
			isa = PBXFrameworksBuildPhase;
			buildActionMask = 2147483647;
			files = (
			);
			runOnlyForDeploymentPostprocessing = 0;
		};
/* End PBXFrameworksBuildPhase section */

/* Begin PBXGroup section */
		105C96A788972E7E2679468B /* Bridging */ = {
			isa = PBXGroup;
			children = (
				355C7F48E6B8ADC5DE0EE0E6 /* PickShot-Bridging-Header.h */,
			);
			name = Bridging;
			path = PhotoRawManager/Bridging;
			sourceTree = SOURCE_ROOT;
		};
		6624231F2F906CCD00E689AC /* Recovered References */ = {
			isa = PBXGroup;
			children = (
				A20042,
			);
			name = "Recovered References";
			sourceTree = "<group>";
		};
		'AI20000' = {
			isa = PBXGroup;
			children = (
				AI20002,
				AI20004,
				AI20006,
				FES30002,
				IES30002,
				EIX30002,
				CTK30002,
				TES30002,
				BDS30002,
				BPK30002,
				UPP30002,
				SES30002,
				SSS30002,
				VSS30002,
			);
			path = AI;
			sourceTree = "<group>";
		};
		'CL20000' = {
			isa = PBXGroup;
			children = (
				CL20002,
				CL20004,
			);
			path = Cloud;
			sourceTree = "<group>";
		};
		'D10000' = {
			isa = PBXGroup;
			children = (
				D10001,
				D10005,
				832E4A569DDF734271ED6268 /* UpdateService.swift */,
				94AD42C5A52672C7A1DE29F6 /* UpdateView.swift */,
				6624231F2F906CCD00E689AC /* Recovered References */,
			);
			sourceTree = "<group>";
		};
		'D10001' = {
			isa = PBXGroup;
			children = (
				B10001,
				D10002,
				D10003,
				D10004,
				B10013,
				L10002,
				105C96A788972E7E2679468B /* Bridging */,
			);
			path = PhotoRawManager;
			sourceTree = "<group>";
		};
		'D10002' = {
			isa = PBXGroup;
			children = (
				B10003,
				B10004,
				NAV10002,
				PSC20002,
				PSU20002,
				PSE20002,
				PSR20002,
				PSS20002,
				PSF20002,
				PSM20002,
				PSA20002,
				PSROT10001,
				CFG10002,
				81F5C27DF3F5D27545AA8F87 /* NIMAAesthetic.mlpackage */,
				4BFF8CC000002001001010A0 /* MobileCLIPImage.mlpackage */,
				4BFF8CC000002002001010A0 /* MobileCLIPText.mlpackage */,
				AF10004,
				DEV10001,
			);
			path = Models;
			sourceTree = "<group>";
		};
		'D10003' = {
			isa = PBXGroup;
			children = (
				B10002,
				CV10002,
				CV10004,
				SV20002,
				SV20004,
				SV20006,
				SV20008,
				SV20010,
				SV20012,
				SV20014,
				SV20016,
				SV20018,
				SV20020,
				SV20022,
				B10008,
				B10056,
				B10009,
				PDS10002,
				PLP10002,
				PPL10002,
				B10010,
				B10011,
				B10012,
				B10017,
				B10019,
				B10020,
				B10021,
				B10022,
				B10023,
				B10024,
				B10026,
				B10027,
				B10028,
				B10029,
				B10032,
				B10033,
				A20035,
				A20036,
				CS10004,
				SE20000,
				PB20000,
				CV20002,
				CV20004,
				CV20006,
				5997C658F4814B05A202D514 /* MatchingView.swift */,
				52C34EB4DBCFE9DC1FB1EDC3 /* SmartSelectView.swift */,
				A3CF055E61383353C2CCA322 /* StatsDashboardView.swift */,
				4E8C8DC3227F94E990E2676A /* AutoCullView.swift */,
				FE4B8111B82E42D81DC67D2E /* TimelineView.swift */,
				915A24B2FA4BE98570A5A738 /* MemoryCardBackupView.swift */,
				FC10002,
				UG10002,
				CR10002,
				BP10004,
				PS10004,
				SMC10004,
				ZEB10002,
				WMP10002,
				FPK10002,
				62BB3C9EADBC4817914C49F2 /* MetadataEditorView.swift */,
				A24F2FA4B3F2468FA6426F35 /* ContactSheetView.swift */,
				VPV10002,
				TETV10002,
				TETCMSN10002,
				DEV20001,
				DEV20003,
				DEV30001,
				DEV40001,
				DEV50001,
				NSCV10001,
				NTLV10001,
				NTLV20001,
				MLT10001,
				MLH10001,
				CPG10001,
				VSCV30002,
				VSHD30002,
				VSCW30002,
				BPD30002,
				PTD30002,
				4DF545F59E82C4C07F0A93A7 /* ProLockModal.swift */,
			);
			path = Views;
			sourceTree = "<group>";
		};
		'D10004' = {
			isa = PBXGroup;
			children = (
				B10005,
				B10006,
				B10007,
				B10014,
				B10015,
				AI20000,
				B10018,
				TKS10002,
				SBS10002,
				B10025,
				B10030,
				CL20000,
				A20034,
				CS10003,
				A20037,
				A20038,
				A20039,
				DC10001,
				SWP10001,
				ROT10001,
				B2A12130E1BE4A57BC7F1932 /* FilenameMatchingService.swift */,
				F177AFEF49654E22BDB469B3 /* JPGReturnMatchingService.swift */,
				F0AD92142A284546BD2E0466 /* AISimilarityService.swift */,
				C1432F55F1D147C6BD5D6B21 /* RAWConversionService.swift */,
				DB0149CC8D993C1D6A7E1943 /* SmartSelectService.swift */,
				C74A91831108ED991CD31ADE /* MemoryCardBackupService.swift */,
				18B9AD88F78788103034A9CD /* NIMAService.swift */,
				AF10002,
				1F28915B9DB29857371992AB /* PerspectiveCorrectionService.swift */,
				XMP10002,
				KWT10002,
				BP10002,
				SC10002,
				AE10002,
				PS10002,
				SMC10002,
				STL10002,
				4789E07AA11E4A87B88B68F3 /* ContactSheetService.swift */,
				0F49722BE76942B09BE50E23 /* AdvancedClassificationService.swift */,
				VPM10002,
				TET10002,
				TETHERGROUP,
				LUT10002,
				SSP10002,
				HW10000,
				E6484FA4B4C184B8BDE53E19 /* VideoMarkerService.swift */,
				FCR10002,
				CSL10002,
				CPS10002,
				CPO10002,
				NP10002,
				NP10004,
				DH10002,
				MG10002,
				DEV10003,
				DEV10005,
				DEV60001,
				DEV70001,
				3306606A090F08DB9738BB61 /* LibRawDecoder.swift */,
				08E14C428BAFD2D3415B7133 /* TierManager.swift */,
				C7EC4578BE740398D02CF9E7 /* FeatureGate.swift */,
			);
			path = Services;
			sourceTree = "<group>";
		};
		'D10005' = {
			isa = PBXGroup;
			children = (
				B10000,
			);
			name = Products;
			sourceTree = "<group>";
		};
		'HW10000' = {
			isa = PBXGroup;
			children = (
				HW10002,
				HW10004,
				NR10002,
				HW10006,
				HW10008,
				MFXU10001,
				CLIP10001,
				CLIP10003,
			);
			path = Hardware;
			sourceTree = "<group>";
		};
		'PB20000' = {
			isa = PBXGroup;
			children = (
				PB20002,
				PB20004,
				PB20006,
				PB20008,
				PBTRV10002,
				PB20010,
				PB20012,
			);
			path = ProgressBars;
			sourceTree = "<group>";
		};
		'SE20000' = {
			isa = PBXGroup;
			children = (
				SE20002,
				SE20004,
				SE20006,
				SE20008,
				SE20010,
				SE20012,
				SE20014,
				SE20016,
				SE20018,
				SE20020,
			);
			path = Settings;
			sourceTree = "<group>";
		};
		'TETHERGROUP' = {
			isa = PBXGroup;
			children = (
				CAMCTRL10002,
				SONYADPT10002,
				CANONADPT10002,
				NIKONADPT10002,
				TETCOORD10002,
			);
			path = Tether;
			sourceTree = "<group>";
		};
/* End PBXGroup section */

/* Begin PBXNativeTarget section */
		'E10001' = {
			isa = PBXNativeTarget;
			buildConfigurationList = F10003;
			buildPhases = (
				C10002,
				C10001,
				C10003,
			);
			buildRules = (
			);
			dependencies = (
			);
			name = PhotoRawManager;
			productName = PhotoRawManager;
			productReference = B10000;
			productType = "com.apple.product-type.application";
		};
/* End PBXNativeTarget section */

/* Begin PBXProject section */
		'E10000' = {
			isa = PBXProject;
			attributes = {
				BuildIndependentTargetsInParallel = 1;
				LastSwiftUpdateCheck = 1500;
				LastUpgradeCheck = 2630;
				TargetAttributes = {
					E10001 = {
						CreatedOnToolsVersion = 15.0;
					};
				};
			};
			buildConfigurationList = F10001;
			compatibilityVersion = "Xcode 14.0";
			developmentRegion = ko;
			hasScannedForEncodings = 0;
			knownRegions = (
				en,
				ko,
				Base,
			);
			mainGroup = D10000;
			productRefGroup = D10005;
			projectDirPath = "";
			projectRoot = "";
			targets = (
				E10001,
			);
		};
/* End PBXProject section */

/* Begin PBXResourcesBuildPhase section */
		'C10003' = {
			isa = PBXResourcesBuildPhase;
			buildActionMask = 2147483647;
			files = (
				A10013,
				L10001,
				4BFF8CBFEC087D25630A96C0 /* NIMAAesthetic.mlpackage in Resources */,
				4BFF8CC000001001001010A0 /* MobileCLIPImage.mlpackage in Resources */,
				4BFF8CC000001002001010A0 /* MobileCLIPText.mlpackage in Resources */,
				BPE30001,
				AF10003,
			);
			runOnlyForDeploymentPostprocessing = 0;
		};
/* End PBXResourcesBuildPhase section */

/* Begin PBXSourcesBuildPhase section */
		'C10002' = {
			isa = PBXSourcesBuildPhase;
			buildActionMask = 2147483647;
			files = (
				1AFAF8F0102C4E9CB0A41550 /* MetadataEditorView.swift in Sources */,
				2812FB343C1A4B86BA87ADCF /* ContactSheetView.swift in Sources */,
				069D174038784E019EFEA489 /* ContactSheetService.swift in Sources */,
				82BD916A16474BDFB1437B22 /* AdvancedClassificationService.swift in Sources */,
				80D5EC1226D34B2F86E1DDBF /* RAWConversionService.swift in Sources */,
				901A3228D9323CDAAA68F85F /* PerspectiveCorrectionService.swift in Sources */,
				F51432D703E705F9D22F165C /* NIMAService.swift in Sources */,
				AF10001,
				89FA514B7D900AA27EBE8B0B /* MemoryCardBackupView.swift in Sources */,
				6BB1A7FBB16933A68ECD3C22 /* MemoryCardBackupService.swift in Sources */,
				939BDC2C189B4A2F8DBCE187 /* MatchingView.swift in Sources */,
				60033346D5E04D0AA2513D40 /* AISimilarityService.swift in Sources */,
				73661F58D4124E00ACAA3CC6 /* JPGReturnMatchingService.swift in Sources */,
				49509F6E57E24C42A069B239 /* FilenameMatchingService.swift in Sources */,
				XMP10001,
				VPM10001,
				LUT10001,
				VPV10001,
				TET10001,
				TETV10001,
				TETCMSN10001,
				CAMCTRL10001,
				SONYADPT10001,
				CANONADPT10001,
				NIKONADPT10001,
				TETCOORD10001,
				A10001,
				A10002,
				A10003,
				A10004,
				NAV10001,
				PSC20001,
				PSU20001,
				PSE20001,
				PSR20001,
				PSS20001,
				PSF20001,
				PSM20001,
				PSA20001,
				PSROT10002,
				ROT10002,
				CFG10001,
				TKS10001,
				SBS10001,
				A10005,
				A10006,
				A10007,
				A10008,
				A10009,
				PDS10001,
				PLP10001,
				PPL10001,
				A10010,
				A10011,
				A10012,
				A10014,
				A10015,
				AI20001,
				AI20003,
				AI20005,
				FES30001,
				IES30001,
				EIX30001,
				CTK30001,
				TES30001,
				BDS30001,
				BPK30001,
				UPP30001,
				SES30001,
				BPD30001,
				PTD30001,
				SSS30001,
				VSS30001,
				VSCV30001,
				VSHD30001,
				VSCW30001,
				A10017,
				A10018,
				A10019,
				A10020,
				A10021,
				A10022,
				A10023,
				A10024,
				A10025,
				A10026,
				A10027,
				A10028,
				A10029,
				A10030,
				CL20001,
				CL20003,
				B20036,
				B20035,
				B20034,
				B20037,
				B20038,
				B20039,
				B20042,
				DC10002,
				SWP10002,
				CV10001,
				CV10003,
				SV20001,
				SV20003,
				SV20005,
				SV20007,
				SV20009,
				SV20011,
				SV20013,
				SV20015,
				SV20017,
				SV20019,
				SV20021,
				A10032,
				A10033,
				SE20001,
				SE20003,
				SE20005,
				SE20007,
				SE20009,
				SE20011,
				SE20013,
				SE20015,
				SE20017,
				SE20019,
				CV20001,
				CV20003,
				NSCV10002,
				NTLV10002,
				NTLV20002,
				MLT10002,
				MLH10002,
				CPG10002,
				CV20005,
				PB20001,
				PB20003,
				PB20005,
				PB20007,
				PBTRV10001,
				PB20009,
				PB20011,
				61FA4B8CA5F03745413B32EC /* UpdateService.swift in Sources */,
				1F05414884699B73642AF15D /* UpdateView.swift in Sources */,
				A10056,
				F92FB64D28A4E00ABB31BAEC /* SmartSelectService.swift in Sources */,
				DFDB300628BA9BC0A84AF0E8 /* SmartSelectView.swift in Sources */,
				2AFCCDB6F3124685F4658A9E /* StatsDashboardView.swift in Sources */,
				F19D162931397BFFC34F93FC /* AutoCullView.swift in Sources */,
				3CCCEDCEF523FCF37EDF6E3A /* TimelineView.swift in Sources */,
				FC10001,
				UG10001,
				KWT10001,
				BP10001,
				BP10003,
				CR10001,
				SC10001,
				AE10001,
				PS10001,
				PS10003,
				SMC10001,
				SMC10003,
				STL10001,
				ZEB10001,
				WMP10001,
				FPK10001,
				CS10001,
				CS10002,
				SSP10001,
				HW10001,
				NR10001,
				HW10003,
				HW10005,
				HW10007,
				MFXU10002,
				CLIP10002,
				CLIP10004,
				AC814BFDBB2077853A9E8A48 /* VideoMarkerService.swift in Sources */,
				FCR10001,
				CSL10001,
				CPS10001,
				CPO10001,
				NP10001,
				NP10003,
				DH10001,
				MG10001,
				DEV10002,
				DEV10004,
				DEV10006,
				DEV20002,
				DEV20004,
				DEV30002,
				DEV40002,
				DEV50002,
				DEV60002,
				DEV70002,
				16DDFAAB68A755A85E023264 /* LibRawDecoder.swift in Sources */,
				DF99447AAE1A372ECB576E66 /* TierManager.swift in Sources */,
				BBB7444388D8D9D77764F8A9 /* FeatureGate.swift in Sources */,
				3D4849339C1FA00A46DA6B52 /* ProLockModal.swift in Sources */,
			);
			runOnlyForDeploymentPostprocessing = 0;
		};
/* End PBXSourcesBuildPhase section */

/* Begin XCBuildConfiguration section */
		'F10010' = {
			isa = XCBuildConfiguration;
			buildSettings = {
				ALWAYS_SEARCH_USER_PATHS = NO;
				ASSETCATALOG_COMPILER_GENERATE_SWIFT_ASSET_SYMBOL_EXTENSIONS = YES;
				CLANG_ANALYZER_LOCALIZABILITY_NONLOCALIZED = YES;
				CLANG_ANALYZER_NONNULL = YES;
				CLANG_CXX_LANGUAGE_STANDARD = "gnu++20";
				CLANG_ENABLE_MODULES = YES;
				CLANG_ENABLE_OBJC_ARC = YES;
				CLANG_WARN_BLOCK_CAPTURE_AUTORELEASING = YES;
				CLANG_WARN_BOOL_CONVERSION = YES;
				CLANG_WARN_COMMA = YES;
				CLANG_WARN_CONSTANT_CONVERSION = YES;
				CLANG_WARN_DEPRECATED_OBJC_IMPLEMENTATIONS = YES;
				CLANG_WARN_EMPTY_BODY = YES;
				CLANG_WARN_ENUM_CONVERSION = YES;
				CLANG_WARN_INFINITE_RECURSION = YES;
				CLANG_WARN_INT_CONVERSION = YES;
				CLANG_WARN_NON_LITERAL_NULL_CONVERSION = YES;
				CLANG_WARN_OBJC_IMPLICIT_RETAIN_SELF = YES;
				CLANG_WARN_OBJC_LITERAL_CONVERSION = YES;
				CLANG_WARN_QUOTED_INCLUDE_IN_FRAMEWORK_HEADER = YES;
				CLANG_WARN_RANGE_LOOP_ANALYSIS = YES;
				CLANG_WARN_STRICT_PROTOTYPES = YES;
				CLANG_WARN_SUSPICIOUS_MOVE = YES;
				CLANG_WARN_UNREACHABLE_CODE = YES;
				CLANG_WARN__DUPLICATE_METHOD_MATCH = YES;
				COPY_PHASE_STRIP = NO;
				DEAD_CODE_STRIPPING = YES;
				DEBUG_INFORMATION_FORMAT = dwarf;
				ENABLE_STRICT_OBJC_MSGSEND = YES;
				ENABLE_TESTABILITY = YES;
				ENABLE_USER_SCRIPT_SANDBOXING = YES;
				GCC_C_LANGUAGE_STANDARD = gnu17;
				GCC_DYNAMIC_NO_PIC = NO;
				GCC_NO_COMMON_BLOCKS = YES;
				GCC_OPTIMIZATION_LEVEL = 0;
				GCC_WARN_64_TO_32_BIT_CONVERSION = YES;
				GCC_WARN_ABOUT_RETURN_TYPE = YES_ERROR;
				GCC_WARN_UNDECLARED_SELECTOR = YES;
				GCC_WARN_UNINITIALIZED_AUTOS = YES_AGGRESSIVE;
				GCC_WARN_UNUSED_FUNCTION = YES;
				GCC_WARN_UNUSED_VARIABLE = YES;
				MACOSX_DEPLOYMENT_TARGET = 14.0;
				MTL_ENABLE_DEBUG_INFO = INCLUDE_SOURCE;
				ONLY_ACTIVE_ARCH = YES;
				SDKROOT = macosx;
				STRING_CATALOG_GENERATE_SYMBOLS = NO;
				SWIFT_ACTIVE_COMPILATION_CONDITIONS = "DEBUG $(inherited)";
				SWIFT_OPTIMIZATION_LEVEL = "-Onone";
			};
			name = Debug;
		};
		'F10011' = {
			isa = XCBuildConfiguration;
			buildSettings = {
				ALWAYS_SEARCH_USER_PATHS = NO;
				ASSETCATALOG_COMPILER_GENERATE_SWIFT_ASSET_SYMBOL_EXTENSIONS = YES;
				CLANG_ANALYZER_LOCALIZABILITY_NONLOCALIZED = YES;
				CLANG_ANALYZER_NONNULL = YES;
				CLANG_CXX_LANGUAGE_STANDARD = "gnu++20";
				CLANG_ENABLE_MODULES = YES;
				CLANG_ENABLE_OBJC_ARC = YES;
				CLANG_WARN_BLOCK_CAPTURE_AUTORELEASING = YES;
				CLANG_WARN_BOOL_CONVERSION = YES;
				CLANG_WARN_COMMA = YES;
				CLANG_WARN_CONSTANT_CONVERSION = YES;
				CLANG_WARN_DEPRECATED_OBJC_IMPLEMENTATIONS = YES;
				CLANG_WARN_EMPTY_BODY = YES;
				CLANG_WARN_ENUM_CONVERSION = YES;
				CLANG_WARN_INFINITE_RECURSION = YES;
				CLANG_WARN_INT_CONVERSION = YES;
				CLANG_WARN_NON_LITERAL_NULL_CONVERSION = YES;
				CLANG_WARN_OBJC_IMPLICIT_RETAIN_SELF = YES;
				CLANG_WARN_OBJC_LITERAL_CONVERSION = YES;
				CLANG_WARN_QUOTED_INCLUDE_IN_FRAMEWORK_HEADER = YES;
				CLANG_WARN_RANGE_LOOP_ANALYSIS = YES;
				CLANG_WARN_STRICT_PROTOTYPES = YES;
				CLANG_WARN_SUSPICIOUS_MOVE = YES;
				CLANG_WARN_UNREACHABLE_CODE = YES;
				CLANG_WARN__DUPLICATE_METHOD_MATCH = YES;
				COPY_PHASE_STRIP = NO;
				DEAD_CODE_STRIPPING = YES;
				DEBUG_INFORMATION_FORMAT = "dwarf-with-dsym";
				ENABLE_NS_ASSERTIONS = NO;
				ENABLE_STRICT_OBJC_MSGSEND = YES;
				ENABLE_USER_SCRIPT_SANDBOXING = YES;
				GCC_C_LANGUAGE_STANDARD = gnu17;
				GCC_NO_COMMON_BLOCKS = YES;
				GCC_OPTIMIZATION_LEVEL = s;
				GCC_WARN_64_TO_32_BIT_CONVERSION = YES;
				GCC_WARN_ABOUT_RETURN_TYPE = YES_ERROR;
				GCC_WARN_UNDECLARED_SELECTOR = YES;
				GCC_WARN_UNINITIALIZED_AUTOS = YES_AGGRESSIVE;
				GCC_WARN_UNUSED_FUNCTION = YES;
				GCC_WARN_UNUSED_VARIABLE = YES;
				LLVM_LTO = YES;
				MACOSX_DEPLOYMENT_TARGET = 14.0;
				MTL_ENABLE_DEBUG_INFO = NO;
				SDKROOT = macosx;
				STRING_CATALOG_GENERATE_SYMBOLS = NO;
				SWIFT_COMPILATION_MODE = wholemodule;
				SWIFT_OPTIMIZATION_LEVEL = "-O";
			};
			name = Release;
		};
		'F10020' = {
			isa = XCBuildConfiguration;
			buildSettings = {
				ASSETCATALOG_COMPILER_APPICON_NAME = AppIcon;
				ASSETCATALOG_COMPILER_GLOBAL_ACCENT_COLOR_NAME = AccentColor;
				CODE_SIGN_ENTITLEMENTS = PhotoRawManager/PhotoRawManager.entitlements;
				"CODE_SIGN_IDENTITY[sdk=macosx*]" = "Apple Development";
				CODE_SIGN_STYLE = Automatic;
				COMBINE_HIDPI_IMAGES = YES;
				CURRENT_PROJECT_VERSION = 40;
				DEAD_CODE_STRIPPING = YES;
				DEVELOPMENT_TEAM = 322DLHS5T8;
				ENABLE_APP_SANDBOX = YES;
				GENERATE_INFOPLIST_FILE = YES;
				HEADER_SEARCH_PATHS = /opt/homebrew/include;
				INFOPLIST_KEY_CFBundleDisplayName = PickShot;
				INFOPLIST_KEY_LSApplicationCategoryType = "public.app-category.photography";
				INFOPLIST_KEY_NSDesktopFolderUsageDescription = "사진 폴더를 열고 미리보기하기 위해 데스크탑 접근이 필요합니다.";
				INFOPLIST_KEY_NSDocumentsFolderUsageDescription = "사진 폴더를 열고 미리보기하기 위해 문서 폴더 접근이 필요합니다.";
				INFOPLIST_KEY_NSDownloadsFolderUsageDescription = "사진 폴더를 열고 미리보기하기 위해 다운로드 폴더 접근이 필요합니다.";
				INFOPLIST_KEY_NSHumanReadableCopyright = "Copyright 2026. All rights reserved.";
				INFOPLIST_KEY_NSRemovableVolumesUsageDescription = "외장 하드디스크나 메모리 카드의 사진을 불러오기 위해 접근이 필요합니다.";
				LIBRARY_SEARCH_PATHS = (
					"$(SRCROOT)/PhotoRawManager/Services",
					/opt/homebrew/lib,
					"$(SRCROOT)/PhotoRawManager/Views",
				);
				MARKETING_VERSION = 9.0.2;
				OTHER_LDFLAGS = "-lraw";
				PRODUCT_BUNDLE_IDENTIFIER = com.pickshot.app;
				PRODUCT_NAME = PickShot;
				STRING_CATALOG_GENERATE_SYMBOLS = NO;
				SWIFT_EMIT_LOC_STRINGS = YES;
				SWIFT_OBJC_BRIDGING_HEADER = "PhotoRawManager/Bridging/PickShot-Bridging-Header.h";
				SWIFT_VERSION = 5.0;
			};
			name = Debug;
		};
		'F10021' = {
			isa = XCBuildConfiguration;
			buildSettings = {
				ASSETCATALOG_COMPILER_APPICON_NAME = AppIcon;
				ASSETCATALOG_COMPILER_GLOBAL_ACCENT_COLOR_NAME = AccentColor;
				CODE_SIGN_ENTITLEMENTS = PhotoRawManager/PhotoRawManager.entitlements;
				"CODE_SIGN_IDENTITY[sdk=macosx*]" = "Apple Development";
				CODE_SIGN_STYLE = Automatic;
				COMBINE_HIDPI_IMAGES = YES;
				CURRENT_PROJECT_VERSION = 40;
				DEAD_CODE_STRIPPING = YES;
				DEVELOPMENT_TEAM = 322DLHS5T8;
				ENABLE_APP_SANDBOX = YES;
				GENERATE_INFOPLIST_FILE = YES;
				HEADER_SEARCH_PATHS = /opt/homebrew/include;
				INFOPLIST_KEY_CFBundleDisplayName = PickShot;
				INFOPLIST_KEY_LSApplicationCategoryType = "public.app-category.photography";
				INFOPLIST_KEY_NSDesktopFolderUsageDescription = "사진 폴더를 열고 미리보기하기 위해 데스크탑 접근이 필요합니다.";
				INFOPLIST_KEY_NSDocumentsFolderUsageDescription = "사진 폴더를 열고 미리보기하기 위해 문서 폴더 접근이 필요합니다.";
				INFOPLIST_KEY_NSDownloadsFolderUsageDescription = "사진 폴더를 열고 미리보기하기 위해 다운로드 폴더 접근이 필요합니다.";
				INFOPLIST_KEY_NSHumanReadableCopyright = "Copyright 2026. All rights reserved.";
				INFOPLIST_KEY_NSRemovableVolumesUsageDescription = "외장 하드디스크나 메모리 카드의 사진을 불러오기 위해 접근이 필요합니다.";
				LIBRARY_SEARCH_PATHS = (
					"$(SRCROOT)/PhotoRawManager/Services",
					/opt/homebrew/lib,
					"$(SRCROOT)/PhotoRawManager/Views",
				);
				MARKETING_VERSION = 9.0.2;
				OTHER_LDFLAGS = "-lraw";
				PRODUCT_BUNDLE_IDENTIFIER = com.pickshot.app;
				PRODUCT_NAME = PickShot;
				STRING_CATALOG_GENERATE_SYMBOLS = NO;
				SWIFT_EMIT_LOC_STRINGS = YES;
				SWIFT_OBJC_BRIDGING_HEADER = "PhotoRawManager/Bridging/PickShot-Bridging-Header.h";
				SWIFT_VERSION = 5.0;
			};
			name = Release;
		};
/* End XCBuildConfiguration section */

/* Begin XCConfigurationList section */
		'F10001' = {
			isa = XCConfigurationList;
			buildConfigurations = (
				F10010,
				F10011,
			);
			defaultConfigurationIsVisible = 0;
			defaultConfigurationName = Release;
		};
		'F10003' = {
			isa = XCConfigurationList;
			buildConfigurations = (
				F10020,
				F10021,
			);
			defaultConfigurationIsVisible = 0;
			defaultConfigurationName = Release;
		};
/* End XCConfigurationList section */
	};
	rootObject = E10000;
}
